{archiveVersion = 1; rootObject = 4883CBF3F1436263D7B0E078; classes = {}; objectVersion = 45; objects = {ED4ED795CD7CF9B2986E2A7C = {isa = PBXBuildFile; fileRef = 2EAA1DDB62EB98650BE4FA4A; settings = {ATTRIBUTES = (Public);};};
752CA6E291531B46CBC0D79D = {isa = PBXFileReference; lastKnownFileType = sourcecode.c.objc; sourceTree = "<group>"; fileEncoding = 4; path = "XTrampoline.m";};
3AEA6429DF374867048A187A = {isa = PBXFileReference; lastKnownFileType = sourcecode.c.objc; sourceTree = "<group>"; fileEncoding = 4; path = "XMethod.m";};
8F6C643F9CBA290F0D9C95DE = {isa = PBXFileReference; lastKnownFileType = sourcecode.c.objc; sourceTree = "<group>"; fileEncoding = 4; path = "XFile.m";};
169CB428D4E3DF092B4BD39F = {isa = PBXFileReference; lastKnownFileType = sourcecode.c.h; sourceTree = "<group>"; fileEncoding = 4; path = "FrameworkX.h";};
E0AF550A37C9457F3E25F599 = {isa = PBXBuildFile; fileRef = 81EB3E7C1D853A15CBAF9E3F; settings = {ATTRIBUTES = (Public);};};
0569AA17B7C5A17D2063BFD5 = {runOnlyForDeploymentPostprocesssing = 0; files = (C588C9AA02B8CEBB27E2633E, FBF1DE15906EB0B4A1B0B777, F333D79DBCA4323A2EC9F711, B1BD97DD4B4CE53CA2F584A2, 81AF463B11D31094B570083B, CC13630586229C70DE6B8866, 37E3F0D285B8745354A95DD2, 5B7D6852490F852B54524C03, A562281A39A57317982778A9, E0AF550A37C9457F3E25F599, F8841B3A13D48D905568DF58, CAB6B7E96CE683D4FFD8C9BE, F635C69E8CC9F34BD76DFA98, 3AA29FAF8622E019B9445D91, E240A8E05BCEE67AA67BF83B, 87DA753F1138F7AAF22242DE, 45B212F6F19FB661BAA75F51, 3EEFA79A4238E99FB4A69CE6, 9A63D224A7F50B426192E0F9, C8C60B5FBF744A1AFD183025, EC6F6D878C9549412D618CFC, 62D72CB3E3B8A3BBC8C0BCAD, 85873ECE866B7D6FFD449AAA, 3587E554D2E5890065041935, 90B18C011DAA3A3FE1EB1E42, C13DEB52D021719C89BF2669, CE569B1496B2DE7C16C9CC12, 92E9CA36C6F7637F303383F7, 0782CE14E26D7D5A0BAD7AA2, 2F2A3596ACBE0FC302313A1C, 2C7DFFDB8441CA7BBC6637F9, 2066DAB50E9AFB19A6753BBE, CF7FBB93956B17DCB3F26339); isa = PBXHeadersBuildPhase; buildActionMask = 2147483647;};
73ED83B38AE7E97D89064F6B = {name = libicucore.dylib; isa = PBXFileReference; lastKnownFileType = wrapper.dylib; sourceTree = SDKROOT; path = "usr/lib/libicucore.dylib";};
8FB0B5E0589B072738791038 = {isa = PBXFileReference; lastKnownFileType = text.plist.xml; sourceTree = "<group>"; fileEncoding = 4; path = "TestFile.plist";};
E73C5634147B2313492090F1 = {isa = PBXGroup; sourceTree = "<group>"; children = (DB2EF928CAF69D02FFD89F50); path = infrastructure;};
F915B06A20B869936FB4CD19 = {isa = PBXFileReference; lastKnownFileType = file; sourceTree = "<group>"; path = "XTriplet.d";};
D5BA2EF13762D32E6347F25C = {isa = PBXFileReference; lastKnownFileType = sourcecode.c.h; sourceTree = "<group>"; fileEncoding = 4; path = "OCMock+Extension.h";};
1BCEA01D046F3EFD4901623D = {isa = PBXBuildFile; fileRef = 6FA4084CCA534C512CFEC3F4; settings = {ATTRIBUTES = (Public);};};
7D34341E9D8CC8E863F1A75E = {isa = PBXBuildFile; fileRef = C729FF66BD090963F8C51514; settings = {ATTRIBUTES = (Public);};};
59AD65CFEEC0D5343317738B = {isa = PBXBuildFile; fileRef = 551B5985548507CD8CFDE777; settings = {ATTRIBUTES = (Public);};};
1A8485F930F9532376A3D7D5 = {name = FrameworkXCore; isa = PBXNativeTarget; productType = "com.apple.product-type.framework"; productReference = 513095C96B2AFC43EE5726C2; buildConfigurationList = 918737E18458658A53F2F079; productName = FrameworkXCore; buildRules = (); dependencies = (); buildPhases = (9CEA1BA5C3C88629A28521E7, AEF8206226892580EC85523B, 2451AC86F5B4D3C4EF5DA91C, 0569AA17B7C5A17D2063BFD5);};
2C7DFFDB8441CA7BBC6637F9 = {isa = PBXBuildFile; fileRef = 6B95FD5D9119282E4606268A; settings = {ATTRIBUTES = (Public);};};
04F7BF07E1A9C30AEFA6544E = {isa = PBXBuildFile; fileRef = C966C402DF3EC7562E2D2453; settings = {ATTRIBUTES = (Public);};};
AEF8206226892580EC85523B = {runOnlyForDeploymentPostprocesssing = 0; files = (); isa = PBXResourcesBuildPhase; buildActionMask = 2147483647;};
4883CBF3F1436263D7B0E078 = {isa = PBXProject; targets = (1A8485F930F9532376A3D7D5, B498C42955F439E7282E486E); buildConfigurationList = A80DCC5BA26007B19EBC6EA9; projectDirPath = ""; compatibilityVersion = "Xcode 3.1"; projectRoot = ""; mainGroup = 284A0CCB350826DA8BAE184F;};
207AF500A0A089933F14FBE0 = {isa = PBXFileReference; lastKnownFileType = sourcecode.c.objc; sourceTree = "<group>"; fileEncoding = 4; path = "XAsyncTestHelper.m";};
62F8A29EF5D6CA067BD2C502 = {isa = PBXFileReference; lastKnownFileType = text.plist.xml; sourceTree = "<group>"; fileEncoding = 4; path = "TestFile.plist";};
81EB3E7C1D853A15CBAF9E3F = {isa = PBXFileReference; lastKnownFileType = sourcecode.c.h; sourceTree = "<group>"; fileEncoding = 4; path = "NSDictionary+X.h";};
D5A994AE7D56C320DC29D35F = {isa = PBXFileReference; lastKnownFileType = file; sourceTree = "<group>"; path = "NSDateFormatter+X.d";};
2ADF8CFE300980D752211C67 = {isa = PBXGroup; sourceTree = "<group>"; children = (52CACA380D6BA31455546854, 2BD8A65F7C6E20082A2E1105, E73C5634147B2313492090F1, EEFBFF2C74E608673D85A6DA, 8CADE8B7E3F1C05CDD38F89E, 130B94BE6134CA6801220758, 385428AB6DA92C97FC3196D5, 28A65FEDA0168DC99915FED3); path = test;};
04C37C9A4AB4DE3C9C2523B5 = {isa = PBXFileReference; lastKnownFileType = sourcecode.c.h; sourceTree = "<group>"; fileEncoding = 4; path = "XTrampoline.h";};
A40AB0EDC65CC8F439A3D561 = {buildConfigurations = (F9171267B57B8B7B267E2101, 786E789D980881AB896F34B7); defaultConfigurationIsVisible = 0; isa = XCConfigurationList; defaultConfigurationName = Release;};
7AE432A71DA1A248097715B3 = {isa = PBXBuildFile; fileRef = DA1D4A5DEE31934E0EAA3220; settings = {ATTRIBUTES = (Public);};};
918737E18458658A53F2F079 = {buildConfigurations = (361DF0A861678DF7276037D8, B780D2868810611C78576591); defaultConfigurationIsVisible = 0; isa = XCConfigurationList; defaultConfigurationName = Release;};
95CABE856C0A982C588B3273 = {isa = PBXFileReference; lastKnownFileType = sourcecode.c.objc; sourceTree = "<group>"; fileEncoding = 4; path = "NSXMLDocument+Test.m";};
BC2CE82C994B280EF9AE7BA4 = {isa = PBXFileReference; lastKnownFileType = file; sourceTree = "<group>"; path = "XDoublet.d";};
F8CFB55DE235DC8EFF921479 = {isa = PBXBuildFile; fileRef = 0E6FE21686F15F8D14FD8934; settings = {ATTRIBUTES = (Public);};};
EF7C3DA9E069021D8D2BC39C = {isa = PBXFileReference; lastKnownFileType = sourcecode.c.h; sourceTree = "<group>"; fileEncoding = 4; path = "XCollections.h";};
EC6F6D878C9549412D618CFC = {isa = PBXBuildFile; fileRef = 169CB428D4E3DF092B4BD39F; settings = {ATTRIBUTES = (Public);};};
9F0A50C9C4F14375FC9E0AC2 = {isa = PBXBuildFile; fileRef = F4A77C8EC30A113BE68BD5ED; settings = {ATTRIBUTES = (Public);};};
A4AB3294D756AAA1FF82C553 = {isa = PBXBuildFile; fileRef = 38D8CB1B76B9472A25B8EFA8; settings = {ATTRIBUTES = (Public);};};
1A7A993ACDDB84725ECAA4AE = {isa = PBXFileReference; lastKnownFileType = sourcecode.c.h; sourceTree = "<group>"; fileEncoding = 4; path = "NSInvocation+X.h";};
5B7B90517394A2F2FBEDF758 = {isa = PBXBuildFile; fileRef = 594FFB9BE2C979A6C0A21316; settings = {ATTRIBUTES = (Public);};};
2066DAB50E9AFB19A6753BBE = {isa = PBXBuildFile; fileRef = 04C37C9A4AB4DE3C9C2523B5; settings = {ATTRIBUTES = (Public);};};
C3C2DE210D08FC21EEF43F01 = {isa = PBXFileReference; lastKnownFileType = sourcecode.c.objc; sourceTree = "<group>"; fileEncoding = 4; path = "NSObject+XTest.m";};
9D56B793D88FF50F6585985F = {isa = PBXGroup; sourceTree = "<group>"; children = (B344656AF99F4A3DF8C388AA, 70CE12697B6752B9AFE1374D, 169CB428D4E3DF092B4BD39F, 56BB247E7EF160C4ECC2E78D, AFA6C7872319DF50E58B0C0E, 5FDDCFD8AA29EFE5E8C21829, A8ABC83654EB6B3B7B17997A, DE20B7BE4798B56BDF507F59, BC2CE82C994B280EF9AE7BA4, 79B867C1A1BF497676B515F5, DFEC85CBFC3C43F32EA65D47, 716DC92BF0AC304D06DABAE2, 2F92AA3A5E44CFEBF159BE39, 3AEA6429DF374867048A187A, 933F48C183C38FF863921A12, DA3478CEA19779C1C0A6259A, 1610080A866B09A2462D072E, 89C4DB45936DB27CD661633D, BBA26DA8253BC207FAAEE4F0, C03C35BF1E83EAC4A0AC4E9A, 2E25DAF2539E0841BBEC74B7, 6B95FD5D9119282E4606268A, EFF5D24F359AEAA801EE6450, 17D05DA33AFFD6EDF1317F4B, 04C37C9A4AB4DE3C9C2523B5, 752CA6E291531B46CBC0D79D, F915B06A20B869936FB4CD19, C57B63FDC8E5B52264B80757, A20535CD765EB90FDD7CCA3E); path = source;};
3C49C64ADE385DCE5DC62BD9 = {isa = PBXBuildFile; fileRef = 8983C1F1E24787E2993535EF; settings = {ATTRIBUTES = (Public);};};
DB55B3A2EBD21CC14184DD3B = {isa = PBXFileReference; lastKnownFileType = sourcecode.c.h; sourceTree = "<group>"; fileEncoding = 4; path = "NSObject+Test.h";};
181659F132975ED7416AA37D = {isa = PBXFileReference; lastKnownFileType = sourcecode.c.h; sourceTree = "<group>"; fileEncoding = 4; path = "NSNumber+X.h";};
923C554B31A1E44E27D87E09 = {isa = PBXFileReference; lastKnownFileType = file; sourceTree = "<group>"; path = "NSMutableString+X.d";};
F3B3C6CA7B1851ADC94FDA4A = {isa = PBXBuildFile; fileRef = 15ABFC96FB765FB9497E1E49; settings = {ATTRIBUTES = (Public);};};
F3E953220572BEB1E3ABD11C = {isa = PBXFileReference; lastKnownFileType = file; sourceTree = "<group>"; path = "NSData+X.d";};
405FA0A36A261BC00D184C80 = {isa = PBXFileReference; lastKnownFileType = sourcecode.c.objc; sourceTree = "<group>"; fileEncoding = 4; path = "SampleTest.m";};
0782CE14E26D7D5A0BAD7AA2 = {isa = PBXBuildFile; fileRef = DA3478CEA19779C1C0A6259A; settings = {ATTRIBUTES = (Public);};};
2F92AA3A5E44CFEBF159BE39 = {isa = PBXFileReference; lastKnownFileType = sourcecode.c.h; sourceTree = "<group>"; fileEncoding = 4; path = "XMethod.h";};
B84B2CC15D04146AD2143261 = {name = libsqlite3.0.dylib; isa = PBXFileReference; lastKnownFileType = wrapper.dylib; sourceTree = SDKROOT; path = "/usr/lib/libsqlite3.0.dylib";};
284A0CCB350826DA8BAE184F = {name = CustomTemplate; isa = PBXGroup; sourceTree = "<group>"; children = (8CF53CC8FF77FF96E3E732C1, 6EE6F5BE98D28C391D750401, 9D56B793D88FF50F6585985F, 2ADF8CFE300980D752211C67);};
90A73E119A61AB979F08C405 = {isa = PBXFileReference; lastKnownFileType = sourcecode.c.h; sourceTree = "<group>"; fileEncoding = 4; path = "NSArray+X.h";};
78B60CA19255B80D32275B26 = {isa = PBXFileReference; lastKnownFileType = sourcecode.c.h; sourceTree = "<group>"; fileEncoding = 4; path = "Io.h";};
0D6F744F838A7A22B034575E = {isa = PBXBuildFile; fileRef = E223DCA661B181AB5A95DDEB; settings = {ATTRIBUTES = (Public);};};
9D2EE12FFACDECABE23079A7 = {isa = PBXBuildFile; fileRef = 130B94BE6134CA6801220758; settings = {ATTRIBUTES = (Public);};};
C8C60B5FBF744A1AFD183025 = {isa = PBXBuildFile; fileRef = F832A10042BE6CE686E0BC75; settings = {ATTRIBUTES = (Public);};};
46C3DEF06503D06C677911A6 = {isa = PBXFileReference; lastKnownFileType = file; sourceTree = "<group>"; path = "NSNumber+X.d";};
3F3B64ED7CC939A771D55AA6 = {isa = PBXBuildFile; fileRef = A20535CD765EB90FDD7CCA3E; settings = {ATTRIBUTES = (Public);};};
9E6784524EEFB3C69F58D9A9 = {isa = PBXBuildFile; fileRef = 9BFAB17477BADE39551F371A; settings = {ATTRIBUTES = (Public);};};
2A90B8FC61FF812E522FCBEA = {isa = PBXBuildFile; fileRef = 207AF500A0A089933F14FBE0; settings = {ATTRIBUTES = (Public);};};
F9171267B57B8B7B267E2101 = {name = Debug; isa = XCBuildConfiguration; buildSettings = {GCC_ENABLE_FIX_AND_CONTINUE = NO; OTHER_LDFLAGS = (-framework, Cocoa, -framework, SenTestingKit); ALWAYS_SEARCH_USER_PATHS = NO; WRAPPER_EXTENSION = octest; GCC_PREFIX_HEADER = "$(SYSTEM_LIBRARY_DIR)/Frameworks/Cocoa.framework/Headers/Cocoa.h"; COPY_PHASE_STRIP = NO; GCC_OPTIMIZATION_LEVEL = 0; FRAMEWORK_SEARCH_PATHS = "$(DEVELOPER_LIBRARY_DIR)/Frameworks"; PREBINDING = NO; GCC_MODEL_TUNING = G5; GCC_PRECOMPILE_PREFIX_HEADER = YES; GCC_DYNAMIC_NO_PIC = NO; GCC_ENABLE_OBJC_EXCEPTIONS = YES; INFOPLIST_FILE = Untitled-Info.plist; INSTALL_PATH = "$(USER_LIBRARY_DIR)/Bundles"; HEADER_SEARCH_PATHS = /usr/include/libxml2; PRODUCT_NAME = UnitTests;};};
EEFBFF2C74E608673D85A6DA = {isa = PBXGroup; sourceTree = "<group>"; children = (653C6DEDF5B335237E263325, C729FF66BD090963F8C51514, 12A11B2C65554769F88B5067); path = io;};
FE19D07FD4CE1F489949CBA9 = {isa = PBXFileReference; lastKnownFileType = sourcecode.c.objc; sourceTree = "<group>"; fileEncoding = 4; path = "NSDateFormatter+X.m";};
C57B63FDC8E5B52264B80757 = {isa = PBXFileReference; lastKnownFileType = sourcecode.c.h; sourceTree = "<group>"; fileEncoding = 4; path = "XTriplet.h";};
7D8537213B67EA8E3A56DF88 = {isa = PBXBuildFile; fileRef = 9D750FA82C6AC5641CC5B46F; settings = {ATTRIBUTES = (Public);};};
8983C1F1E24787E2993535EF = {isa = PBXFileReference; lastKnownFileType = sourcecode.c.objc; sourceTree = "<group>"; fileEncoding = 4; path = "StubbedMethodMemento.m";};
38D8CB1B76B9472A25B8EFA8 = {isa = PBXFileReference; lastKnownFileType = sourcecode.c.objc; sourceTree = "<group>"; fileEncoding = 4; path = "XTestCaseTest.m";};
3B5DBB30A2642EDB04206508 = {isa = PBXFileReference; lastKnownFileType = file; sourceTree = "<group>"; path = "NSInvocation+X.d";};
B498C42955F439E7282E486E = {name = UnitTests; isa = PBXNativeTarget; productType = "com.apple.product-type.bundle"; productReference = B8EA36D46EAFCBD0C67135F3; buildConfigurationList = A40AB0EDC65CC8F439A3D561; productName = UnitTests; buildRules = (); dependencies = (); buildPhases = (59005A3D94FE0122F981876B, DA6EB883E13935730B4577F2);};
87DA753F1138F7AAF22242DE = {isa = PBXBuildFile; fileRef = F6913E933E1CC6DFD60BE64E; settings = {ATTRIBUTES = (Public);};};
A3C53A25DAE7A628A520B1AF = {isa = PBXFileReference; lastKnownFileType = file; sourceTree = "<group>"; path = "NSFileManager+X.d";};
A10B1CD4547B2CCA70C1047E = {isa = PBXBuildFile; fileRef = E5B708F5C16BD6C87DE042AE; settings = {ATTRIBUTES = (Public);};};
AFA6C7872319DF50E58B0C0E = {isa = PBXFileReference; lastKnownFileType = sourcecode.c.h; sourceTree = "<group>"; fileEncoding = 4; path = "Macros.h";};
F7DBAC380329DF2DD7D22CA1 = {isa = PBXGroup; sourceTree = "<group>"; children = (2EAA1DDB62EB98650BE4FA4A, CEB1724A044E378C3B190731); path = extensions;};
EE9B26014B586EEE9B5A2B55 = {isa = PBXFileReference; lastKnownFileType = sourcecode.c.objc; sourceTree = "<group>"; fileEncoding = 4; path = "NSFileManager+X.m";};
78F94739474BB36B848F5460 = {isa = PBXBuildFile; fileRef = 8F6C643F9CBA290F0D9C95DE; settings = {ATTRIBUTES = (Public);};};
2BD8A65F7C6E20082A2E1105 = {isa = PBXGroup; sourceTree = "<group>"; children = (08C56B3EFFF118F408A640E4, 0E6FE21686F15F8D14FD8934, 594FFB9BE2C979A6C0A21316, 399A28825F34FB0D02CB6002, BF1EFDDB6ACCFC342C3087C1, 15ABFC96FB765FB9497E1E49, E7AEC97CF2962940F8B71B49, 0EA7838E80D65CAAEEF6FDEA, 2FBD2632ABD112441405DF2B, 754DCD176DAAE10C349D10AF, D6AA001C16A83E0A889BCDB8, C3C2DE210D08FC21EEF43F01, E77C97723095249D42EA8CA1, 8FB0B5E0589B072738791038); path = extensions;};
5DE8F3DCEC5479B57FC4F0F0 = {isa = PBXBuildFile; fileRef = 752CA6E291531B46CBC0D79D; settings = {ATTRIBUTES = (Public);};};
A624390A1B12B15664520F8D = {isa = PBXFileReference; lastKnownFileType = sourcecode.c.objc; sourceTree = "<group>"; fileEncoding = 4; path = "XHash.m";};
2368B98E9296547A73688DAF = {isa = PBXBuildFile; fileRef = F736FDE51035C867E708632C; settings = {ATTRIBUTES = (Public);};};
CEB1724A044E378C3B190731 = {isa = PBXFileReference; lastKnownFileType = sourcecode.c.objc; sourceTree = "<group>"; fileEncoding = 4; path = "NSXMLDocument+TestTest.m";};
DFEC85CBFC3C43F32EA65D47 = {isa = PBXFileReference; lastKnownFileType = sourcecode.c.objc; sourceTree = "<group>"; fileEncoding = 4; path = "XDoublet.m";};
FF200703C838D4DF6E011A83 = {isa = PBXFileReference; lastKnownFileType = file; sourceTree = "<group>"; path = "NSMutableDictionary+X.d";};
B6DA2B962A9AA287BA7D457D = {isa = PBXFileReference; lastKnownFileType = sourcecode.c.h; sourceTree = "<group>"; fileEncoding = 4; path = "NSInvocation+Additions.h";};
623E6989651EFF14543F1CD8 = {isa = PBXBuildFile; fileRef = 513095C96B2AFC43EE5726C2; settings = {ATTRIBUTES = (Public);};};
A8ABC83654EB6B3B7B17997A = {isa = PBXFileReference; lastKnownFileType = sourcecode.c.h; sourceTree = "<group>"; fileEncoding = 4; path = "XCore.h";};
8CADE8B7E3F1C05CDD38F89E = {isa = PBXFileReference; lastKnownFileType = file; sourceTree = "<group>"; path = "test_file.txt";};
37E3F0D285B8745354A95DD2 = {isa = PBXBuildFile; fileRef = 43069F11E26D36521A790EE7; settings = {ATTRIBUTES = (Public);};};
AD5094EB6BDFEC54D7160B6E = {isa = PBXBuildFile; fileRef = E7AEC97CF2962940F8B71B49; settings = {ATTRIBUTES = (Public);};};
E13E8CAC89A9C9D0BF020131 = {isa = PBXBuildFile; fileRef = B47491DEB946BCFFCBB4E0E2; settings = {ATTRIBUTES = (Public);};};
F8841B3A13D48D905568DF58 = {isa = PBXBuildFile; fileRef = 129B480C85436E5B200A61C5; settings = {ATTRIBUTES = (Public);};};
2EAA1DDB62EB98650BE4FA4A = {isa = PBXFileReference; lastKnownFileType = sourcecode.c.objc; sourceTree = "<group>"; fileEncoding = 4; path = "NSObject+TestTest.m";};
5FDDCFD8AA29EFE5E8C21829 = {isa = PBXGroup; sourceTree = "<group>"; children = (0CF47A6745114A0176A8ED2F, 288ED6A4799F27DE41108C54); path = reg_ex;};
3AA29FAF8622E019B9445D91 = {isa = PBXBuildFile; fileRef = C9A28DCF6A30A923F3795757; settings = {ATTRIBUTES = (Public);};};
5440C5457F1EFA37F334137D = {isa = PBXBuildFile; fileRef = FE19D07FD4CE1F489949CBA9; settings = {ATTRIBUTES = (Public);};};
4D61AFAF4B0932BD572813C3 = {isa = PBXBuildFile; fileRef = C75DEFC1BF9A47ADA06C6F91; settings = {ATTRIBUTES = (Public);};};
08C56B3EFFF118F408A640E4 = {isa = PBXFileReference; lastKnownFileType = sourcecode.c.objc; sourceTree = "<group>"; fileEncoding = 4; path = "NSArray+XTest.m";};
F4A77C8EC30A113BE68BD5ED = {isa = PBXFileReference; lastKnownFileType = sourcecode.c.objc; sourceTree = "<group>"; fileEncoding = 4; path = "TestHelper.m";};
95100DF608B8823FF3E54927 = {isa = PBXBuildFile; fileRef = EE9B26014B586EEE9B5A2B55; settings = {ATTRIBUTES = (Public);};};
BF1EFDDB6ACCFC342C3087C1 = {isa = PBXFileReference; lastKnownFileType = sourcecode.c.objc; sourceTree = "<group>"; fileEncoding = 4; path = "NSException+XTest.m";};
A953B9139540302327919794 = {isa = PBXBuildFile; fileRef = BEE7D37EC5D890A2D5650E81; settings = {ATTRIBUTES = (Public);};};
361DF0A861678DF7276037D8 = {name = Debug; isa = XCBuildConfiguration; buildSettings = {GCC_ENABLE_FIX_AND_CONTINUE = YES; ALWAYS_SEARCH_USER_PATHS = NO; FRAMEWORK_VERSION = A; WRAPPER_EXTENSION = framework; GCC_PREFIX_HEADER = FrameworkXCore_Prefix.pch; COPY_PHASE_STRIP = NO; GCC_OPTIMIZATION_LEVEL = 0; DYLIB_CURRENT_VERSION = 1; GCC_MODEL_TUNING = G5; GCC_PRECOMPILE_PREFIX_HEADER = YES; DYLIB_COMPATIBILITY_VERSION = 1; GCC_DYNAMIC_NO_PIC = NO; INFOPLIST_FILE = Info.plist; PRODUCT_NAME = FrameworkXCore; HEADER_SEARCH_PATHS = /usr/include/libxml2;};};
9CEA1BA5C3C88629A28521E7 = {runOnlyForDeploymentPostprocesssing = 0; files = (542A12EA3C41C08A13827693, CBD10C6A5A40EFB804C60843, 7D8537213B67EA8E3A56DF88, 0D6F744F838A7A22B034575E, 9E6784524EEFB3C69F58D9A9, E13E8CAC89A9C9D0BF020131, 5440C5457F1EFA37F334137D, B8F537A6BBBF5D783F1A311B, 21833BD8CEFFE9579CF26763, 95100DF608B8823FF3E54927, D574E7F9DA5E9DDC67D9FA95, 1BCEA01D046F3EFD4901623D, 8D46D11FAAA2FB9957159DDA, 04F7BF07E1A9C30AEFA6544E, B5474E740BF6BCE50AF977D4, 58F665F658481377253C8393, 3ECE2C5FD129A4935A7ED778, 78F94739474BB36B848F5460, F963F9F4F7EF6D427F43A28C, F795ABB51E148DBD0F940847, 91DC05A42E96A7A12C5EAE6A, 9987E406AD8766901AE73AC8, BCC27BB3838DB0447EE63D8E, 763AD89A23FACBA66D4F3537, F582438DA5051341DF772EBF, 5DE8F3DCEC5479B57FC4F0F0, 3F3B64ED7CC939A771D55AA6); isa = PBXSourcesBuildPhase; buildActionMask = 2147483647;};
57F3EF18EA12BF16AA8BE407 = {isa = PBXFileReference; lastKnownFileType = sourcecode.c.h; sourceTree = "<group>"; fileEncoding = 4; path = "TestHelper.h";};
34F2F2415F44DF4F8AF5FCEE = {isa = PBXFileReference; lastKnownFileType = sourcecode.c.objc; sourceTree = "<group>"; fileEncoding = 4; path = "NSObject+Test.m";};
CFBFBC6F4D11C2D281CF09BD = {isa = PBXFileReference; lastKnownFileType = sourcecode.c.objc; sourceTree = "<group>"; fileEncoding = 4; path = "NSNumber+X.m";};
94DF929E192A2998DC3B1CDD = {isa = PBXFileReference; lastKnownFileType = file; sourceTree = "<group>"; path = "XFile.d";};
03D1E4268C60178AA0E9DDC8 = {isa = PBXBuildFile; fileRef = B84B2CC15D04146AD2143261; settings = {ATTRIBUTES = (Public);};};
9987E406AD8766901AE73AC8 = {isa = PBXBuildFile; fileRef = 3AEA6429DF374867048A187A; settings = {ATTRIBUTES = (Public);};};
933A7BD422FABD6AD31AD2E1 = {isa = PBXFileReference; lastKnownFileType = sourcecode.c.objc; sourceTree = "<group>"; fileEncoding = 4; path = "XHashTest.m";};
542A12EA3C41C08A13827693 = {isa = PBXBuildFile; fileRef = 28341599EB2DFD3940EAFC28; settings = {ATTRIBUTES = (Public);};};
B344656AF99F4A3DF8C388AA = {isa = PBXGroup; sourceTree = "<group>"; children = (6353A8D07AC20DB05FD2A9EF, 1E0285A26963CD0F6B738A34, 28341599EB2DFD3940EAFC28, EF7C3DA9E069021D8D2BC39C, E18159059C09DF7B50095E0E, 2EF41519E6BE28BF58715C1B, A624390A1B12B15664520F8D); path = collections;};
EFF5D24F359AEAA801EE6450 = {isa = PBXFileReference; lastKnownFileType = sourcecode.c.objc; sourceTree = "<group>"; fileEncoding = 4; path = "XString.m";};
8A1A732A3F826AF8E6CEF73B = {isa = PBXFileReference; lastKnownFileType = sourcecode.c.objc; sourceTree = "<group>"; fileEncoding = 4; path = "NSDictionary+X.m";};
F635C69E8CC9F34BD76DFA98 = {isa = PBXBuildFile; fileRef = 1A7A993ACDDB84725ECAA4AE; settings = {ATTRIBUTES = (Public);};};
736DD44D55593E8B23DA1C47 = {isa = PBXFileReference; lastKnownFileType = file; sourceTree = "<group>"; path = "NSDate+X.d";};
513095C96B2AFC43EE5726C2 = {isa = PBXFileReference; explicitFileType = wrapper.framework; includeInIndex = 0; sourceTree = BUILT_PRODUCTS_DIR; path = "FrameworkXCore.framework";};
C9A28DCF6A30A923F3795757 = {isa = PBXFileReference; lastKnownFileType = sourcecode.c.h; sourceTree = "<group>"; fileEncoding = 4; path = "NSMutableArray+X.h";};
9A63D224A7F50B426192E0F9 = {isa = PBXBuildFile; fileRef = B47B40B445F4D13D31DFD2AA; settings = {ATTRIBUTES = (Public);};};
8FDEC447E56D29F5AEA5D19A = {isa = PBXFileReference; lastKnownFileType = file; sourceTree = "<group>"; path = "NSString+X.d";};
2451AC86F5B4D3C4EF5DA91C = {runOnlyForDeploymentPostprocesssing = 0; files = (2368B98E9296547A73688DAF, 03D1E4268C60178AA0E9DDC8, 3332D7017B6697D852924603, 79F5D8C49D78B347CBAC1B44, 4D61AFAF4B0932BD572813C3); isa = PBXFrameworksBuildPhase; buildActionMask = 2147483647;};
DA6EB883E13935730B4577F2 = {runOnlyForDeploymentPostprocesssing = 0; files = (623E6989651EFF14543F1CD8); isa = PBXFrameworksBuildPhase; buildActionMask = 2147483647;};
1610080A866B09A2462D072E = {isa = PBXFileReference; lastKnownFileType = sourcecode.c.objc; sourceTree = "<group>"; fileEncoding = 4; path = "XObject.m";};
9BFAB17477BADE39551F371A = {isa = PBXFileReference; lastKnownFileType = sourcecode.c.objc; sourceTree = "<group>"; fileEncoding = 4; path = "NSData+X.m";};
C03C35BF1E83EAC4A0AC4E9A = {isa = PBXFileReference; lastKnownFileType = sourcecode.c.objc; sourceTree = "<group>"; fileEncoding = 4; path = "XQuadruplet.m";};
59005A3D94FE0122F981876B = {runOnlyForDeploymentPostprocesssing = 0; files = (07029AF6E94FE24C877EBB7C, BB3EA12E8C479B6BFE0C4A34, DD6C837B53FD4D1EB49B51A0, F8CFB55DE235DC8EFF921479, 5B7B90517394A2F2FBEDF758, 6DF8E491DA49180B877A6315, 1E365AB7D1B6DF10E7AAA37C, F3B3C6CA7B1851ADC94FDA4A, AD5094EB6BDFEC54D7160B6E, FFDEE33B529D895DF00AD953, 7ACB91D5D2CA7386E06740C4, 625625D1E32CC75D5F38F716, 7D661A883764BF7B2E1A2212, 284184D29F16965BBF323232, 97AD0C7E607B5ECCE900E932, A953B9139540302327919794, B69E75FAB63C82ED01AFF85A, 6B48CF84A191DBC617EBC110, 5A23C3F27071EB6B1F6AF8F6, 3C49C64ADE385DCE5DC62BD9, 7AE432A71DA1A248097715B3, ED4ED795CD7CF9B2986E2A7C, DD8AD458B65D9E1EA30F9981, 59AD65CFEEC0D5343317738B, A10B1CD4547B2CCA70C1047E, A4AB3294D756AAA1FF82C553, 9F0A50C9C4F14375FC9E0AC2, 1BF02B6995B9ED0E588F4452, 2A90B8FC61FF812E522FCBEA, 751ECB42DD15B957C28076B8, 7D34341E9D8CC8E863F1A75E, 9D2EE12FFACDECABE23079A7, D7153D3D2290632D7DE455B4, 244389287269128F8E7FE505); isa = PBXSourcesBuildPhase; buildActionMask = 2147483647;};
DD6C837B53FD4D1EB49B51A0 = {isa = PBXBuildFile; fileRef = 08C56B3EFFF118F408A640E4; settings = {ATTRIBUTES = (Public);};};
F963F9F4F7EF6D427F43A28C = {isa = PBXBuildFile; fileRef = 288ED6A4799F27DE41108C54; settings = {ATTRIBUTES = (Public);};};
E223DCA661B181AB5A95DDEB = {isa = PBXFileReference; lastKnownFileType = sourcecode.c.objc; sourceTree = "<group>"; fileEncoding = 4; path = "NSArray+X.m";};
625625D1E32CC75D5F38F716 = {isa = PBXBuildFile; fileRef = 754DCD176DAAE10C349D10AF; settings = {ATTRIBUTES = (Public);};};
8D46D11FAAA2FB9957159DDA = {isa = PBXBuildFile; fileRef = 2BE81892C0586DAC76E3BADD; settings = {ATTRIBUTES = (Public);};};
2174012FADF7FFBBB7EFF444 = {isa = PBXFileReference; lastKnownFileType = sourcecode.c.h; sourceTree = "<group>"; fileEncoding = 4; path = "NSMutableDictionary+X.h";};
22DE85F487512659CE42F350 = {isa = PBXFileReference; lastKnownFileType = sourcecode.c.objc; sourceTree = "<group>"; fileEncoding = 4; path = "XTestCase.m";};
D6AA001C16A83E0A889BCDB8 = {isa = PBXFileReference; lastKnownFileType = sourcecode.c.objc; sourceTree = "<group>"; fileEncoding = 4; path = "NSNumber+XTest.m";};
3C62B511565E3EA877DFF9D9 = {isa = PBXFileReference; lastKnownFileType = sourcecode.c.h; sourceTree = "<group>"; fileEncoding = 4; path = "Infrastructure.h";};
E240A8E05BCEE67AA67BF83B = {isa = PBXBuildFile; fileRef = 2174012FADF7FFBBB7EFF444; settings = {ATTRIBUTES = (Public);};};
716DC92BF0AC304D06DABAE2 = {isa = PBXFileReference; lastKnownFileType = file; sourceTree = "<group>"; path = "XMethod.d";};
751ECB42DD15B957C28076B8 = {isa = PBXBuildFile; fileRef = 22DE85F487512659CE42F350; settings = {ATTRIBUTES = (Public);};};
2F2A3596ACBE0FC302313A1C = {isa = PBXBuildFile; fileRef = BBA26DA8253BC207FAAEE4F0; settings = {ATTRIBUTES = (Public);};};
BCC27BB3838DB0447EE63D8E = {isa = PBXBuildFile; fileRef = 1610080A866B09A2462D072E; settings = {ATTRIBUTES = (Public);};};
28341599EB2DFD3940EAFC28 = {isa = PBXFileReference; lastKnownFileType = sourcecode.c.objc; sourceTree = "<group>"; fileEncoding = 4; path = "XArray.m";};
A80DCC5BA26007B19EBC6EA9 = {buildConfigurations = (D464A6A7754E63410FA8D329, 2E7BAA5002B28E429A51538F); defaultConfigurationIsVisible = 0; isa = XCConfigurationList; defaultConfigurationName = Release;};
E0AF129B1B8ADF7E6821B0A2 = {isa = PBXFileReference; lastKnownFileType = sourcecode.c.objc; sourceTree = "<group>"; fileEncoding = 4; path = "NSObject+X.m";};
C13DEB52D021719C89BF2669 = {isa = PBXBuildFile; fileRef = A8ABC83654EB6B3B7B17997A; settings = {ATTRIBUTES = (Public);};};
F333D79DBCA4323A2EC9F711 = {isa = PBXBuildFile; fileRef = 2EF41519E6BE28BF58715C1B; settings = {ATTRIBUTES = (Public);};};
6B95FD5D9119282E4606268A = {isa = PBXFileReference; lastKnownFileType = sourcecode.c.h; sourceTree = "<group>"; fileEncoding = 4; path = "XString.h";};
CC13630586229C70DE6B8866 = {isa = PBXBuildFile; fileRef = 90A73E119A61AB979F08C405; settings = {ATTRIBUTES = (Public);};};
3332D7017B6697D852924603 = {isa = PBXBuildFile; fileRef = 73ED83B38AE7E97D89064F6B; settings = {ATTRIBUTES = (Public);};};
86CFA4F59A79424044C62C5F = {isa = PBXFileReference; lastKnownFileType = sourcecode.c.h; sourceTree = "<group>"; fileEncoding = 4; path = "NSNull+X.h";};
2E7BAA5002B28E429A51538F = {name = Release; isa = XCBuildConfiguration; buildSettings = {GCC_WARN_ABOUT_RETURN_TYPE = YES; SDKROOT = macosx10.5; PREBINDING = NO; ARCHS = "$(ARCHS_STANDARD_32_BIT)"; GCC_WARN_UNUSED_VARIABLE = YES; HEADER_SEARCH_PATHS = /usr/include/libxml2; GCC_C_LANGUAGE_STANDARD = c99;};};
1BF02B6995B9ED0E588F4452 = {isa = PBXBuildFile; fileRef = 35949EDF3E683F83FF7428ED; settings = {ATTRIBUTES = (Public);};};
CF7FBB93956B17DCB3F26339 = {isa = PBXBuildFile; fileRef = C57B63FDC8E5B52264B80757; settings = {ATTRIBUTES = (Public);};};
CE569B1496B2DE7C16C9CC12 = {isa = PBXBuildFile; fileRef = 79B867C1A1BF497676B515F5; settings = {ATTRIBUTES = (Public);};};
91DC05A42E96A7A12C5EAE6A = {isa = PBXBuildFile; fileRef = DFEC85CBFC3C43F32EA65D47; settings = {ATTRIBUTES = (Public);};};
45B212F6F19FB661BAA75F51 = {isa = PBXBuildFile; fileRef = 86CFA4F59A79424044C62C5F; settings = {ATTRIBUTES = (Public);};};
2FBD2632ABD112441405DF2B = {isa = PBXFileReference; lastKnownFileType = sourcecode.c.objc; sourceTree = "<group>"; fileEncoding = 4; path = "NSMutableString+XTest.m";};
B69E75FAB63C82ED01AFF85A = {isa = PBXBuildFile; fileRef = 34F2F2415F44DF4F8AF5FCEE; settings = {ATTRIBUTES = (Public);};};
BA9D6FE7E81B99E2F6861F4F = {isa = PBXFileReference; lastKnownFileType = file; sourceTree = "<group>"; path = "NSDictionary+X.d";};
F582438DA5051341DF772EBF = {isa = PBXBuildFile; fileRef = EFF5D24F359AEAA801EE6450; settings = {ATTRIBUTES = (Public);};};
62D72CB3E3B8A3BBC8C0BCAD = {isa = PBXBuildFile; fileRef = 78B60CA19255B80D32275B26; settings = {ATTRIBUTES = (Public);};};
90B18C011DAA3A3FE1EB1E42 = {isa = PBXBuildFile; fileRef = 0CF47A6745114A0176A8ED2F; settings = {ATTRIBUTES = (Public);};};
3B5B9BB40EC81EF2B23B514C = {isa = PBXGroup; sourceTree = "<group>"; children = (D5BA2EF13762D32E6347F25C); path = frameworks;};
385428AB6DA92C97FC3196D5 = {isa = PBXFileReference; lastKnownFileType = sourcecode.c.objc; sourceTree = "<group>"; fileEncoding = 4; path = "XObjectTest.m";};
43069F11E26D36521A790EE7 = {isa = PBXFileReference; lastKnownFileType = sourcecode.c.h; sourceTree = "<group>"; fileEncoding = 4; path = "NSData+X.h";};
288ED6A4799F27DE41108C54 = {isa = PBXFileReference; lastKnownFileType = sourcecode.c.objc; sourceTree = "<group>"; fileEncoding = 4; path = "RegexKitLite.m";};
DA1D4A5DEE31934E0EAA3220 = {isa = PBXFileReference; lastKnownFileType = sourcecode.c.objc; sourceTree = "<group>"; fileEncoding = 4; path = "StubbedMethodMementoCollection.m";};
A6D8204D27757949503A01CD = {isa = PBXGroup; sourceTree = "<group>"; children = (3B5B9BB40EC81EF2B23B514C, B6DA2B962A9AA287BA7D457D, BEE7D37EC5D890A2D5650E81, DB55B3A2EBD21CC14184DD3B, 34F2F2415F44DF4F8AF5FCEE, EFDBFB7C01C256305F2EE569, 95CABE856C0A982C588B3273); path = extensions;};
B5474E740BF6BCE50AF977D4 = {isa = PBXBuildFile; fileRef = CFBFBC6F4D11C2D281CF09BD; settings = {ATTRIBUTES = (Public);};};
B1BD97DD4B4CE53CA2F584A2 = {isa = PBXBuildFile; fileRef = E591EFA80BEEF8CB97552F39; settings = {ATTRIBUTES = (Public);};};
1E365AB7D1B6DF10E7AAA37C = {isa = PBXBuildFile; fileRef = BF1EFDDB6ACCFC342C3087C1; settings = {ATTRIBUTES = (Public);};};
6FA4084CCA534C512CFEC3F4 = {isa = PBXFileReference; lastKnownFileType = sourcecode.c.objc; sourceTree = "<group>"; fileEncoding = 4; path = "NSMutableArray+X.m";};
D574E7F9DA5E9DDC67D9FA95 = {isa = PBXBuildFile; fileRef = 696B168D1D04C596CD353DF4; settings = {ATTRIBUTES = (Public);};};
CBD10C6A5A40EFB804C60843 = {isa = PBXBuildFile; fileRef = A624390A1B12B15664520F8D; settings = {ATTRIBUTES = (Public);};};
BBA26DA8253BC207FAAEE4F0 = {isa = PBXFileReference; lastKnownFileType = sourcecode.c.h; sourceTree = "<group>"; fileEncoding = 4; path = "XQuadruplet.h";};
97AD0C7E607B5ECCE900E932 = {isa = PBXBuildFile; fileRef = E77C97723095249D42EA8CA1; settings = {ATTRIBUTES = (Public);};};
BB3EA12E8C479B6BFE0C4A34 = {isa = PBXBuildFile; fileRef = 933A7BD422FABD6AD31AD2E1; settings = {ATTRIBUTES = (Public);};};
1ACC8BB3167FAA07A77093A5 = {isa = PBXFileReference; lastKnownFileType = sourcecode.c.objc; sourceTree = "<group>"; fileEncoding = 4; path = "NSException+X.m";};
2BE81892C0586DAC76E3BADD = {isa = PBXFileReference; lastKnownFileType = sourcecode.c.objc; sourceTree = "<group>"; fileEncoding = 4; path = "NSMutableDictionary+X.m";};
AA7F7F619CE71E5C1A0636CF = {isa = PBXFileReference; lastKnownFileType = file; sourceTree = "<group>"; path = "NSArray+X.d";};
3EEFA79A4238E99FB4A69CE6 = {isa = PBXBuildFile; fileRef = 181659F132975ED7416AA37D; settings = {ATTRIBUTES = (Public);};};
7D661A883764BF7B2E1A2212 = {isa = PBXBuildFile; fileRef = D6AA001C16A83E0A889BCDB8; settings = {ATTRIBUTES = (Public);};};
B780D2868810611C78576591 = {name = Release; isa = XCBuildConfiguration; buildSettings = {ALWAYS_SEARCH_USER_PATHS = NO; FRAMEWORK_VERSION = A; WRAPPER_EXTENSION = framework; GCC_PREFIX_HEADER = FrameworkXCore_Prefix.pch; DEBUG_INFORMATION_FORMAT = dwarf-with-dsym; DYLIB_CURRENT_VERSION = 1; GCC_MODEL_TUNING = G5; GCC_PRECOMPILE_PREFIX_HEADER = YES; DYLIB_COMPATIBILITY_VERSION = 1; INFOPLIST_FILE = Info.plist; HEADER_SEARCH_PATHS = /usr/include/libxml2; PRODUCT_NAME = FrameworkXCore;};};
C588C9AA02B8CEBB27E2633E = {isa = PBXBuildFile; fileRef = 1E0285A26963CD0F6B738A34; settings = {ATTRIBUTES = (Public);};};
52CACA380D6BA31455546854 = {isa = PBXGroup; sourceTree = "<group>"; children = (62F8A29EF5D6CA067BD2C502, 3D106FEF638730278515E957, 933A7BD422FABD6AD31AD2E1); path = collections;};
1E0285A26963CD0F6B738A34 = {isa = PBXFileReference; lastKnownFileType = sourcecode.c.h; sourceTree = "<group>"; fileEncoding = 4; path = "XArray.h";};
79B867C1A1BF497676B515F5 = {isa = PBXFileReference; lastKnownFileType = sourcecode.c.h; sourceTree = "<group>"; fileEncoding = 4; path = "XDoublet.h";};
85873ECE866B7D6FFD449AAA = {isa = PBXBuildFile; fileRef = B4CE3770E622DC3505865311; settings = {ATTRIBUTES = (Public);};};
C729FF66BD090963F8C51514 = {isa = PBXFileReference; lastKnownFileType = sourcecode.c.objc; sourceTree = "<group>"; fileEncoding = 4; path = "XFileTest.m";};
E81C83E1517A893AC7898D89 = {isa = PBXFileReference; lastKnownFileType = file; sourceTree = "<group>"; path = "NSObject+X.d";};
E77C97723095249D42EA8CA1 = {isa = PBXFileReference; lastKnownFileType = sourcecode.c.objc; sourceTree = "<group>"; fileEncoding = 4; path = "NSString+XTest.m";};
696B168D1D04C596CD353DF4 = {isa = PBXFileReference; lastKnownFileType = sourcecode.c.objc; sourceTree = "<group>"; fileEncoding = 4; path = "NSInvocation+X.m";};
DA3478CEA19779C1C0A6259A = {isa = PBXFileReference; lastKnownFileType = sourcecode.c.h; sourceTree = "<group>"; fileEncoding = 4; path = "XObject.h";};
B8EA36D46EAFCBD0C67135F3 = {name = UnitTests.octest; isa = PBXFileReference; explicitFileType = wrapper.cfbundle; includeInIndex = 0; sourceTree = BUILT_PRODUCTS_DIR; path = "UnitTests.octest";};
A20535CD765EB90FDD7CCA3E = {isa = PBXFileReference; lastKnownFileType = sourcecode.c.objc; sourceTree = "<group>"; fileEncoding = 4; path = "XTriplet.m";};
6EE6F5BE98D28C391D750401 = {name = Products; isa = PBXGroup; sourceTree = "<group>"; children = (513095C96B2AFC43EE5726C2, B8EA36D46EAFCBD0C67135F3);};
78492B756168E0076943E541 = {isa = PBXFileReference; lastKnownFileType = sourcecode.c.h; sourceTree = "<group>"; fileEncoding = 4; path = "StubbedMethodMementoCollection.h";};
E18159059C09DF7B50095E0E = {isa = PBXFileReference; lastKnownFileType = file; sourceTree = "<group>"; path = "XHash.d";};
9D8D7E3E38EB288A252A869C = {isa = PBXFileReference; lastKnownFileType = sourcecode.c.h; sourceTree = "<group>"; fileEncoding = 4; path = "XAsyncTestHelper.h";};
81AF463B11D31094B570083B = {isa = PBXBuildFile; fileRef = 07D77BD6CB9242BF126F736D; settings = {ATTRIBUTES = (Public);};};
BEE7D37EC5D890A2D5650E81 = {isa = PBXFileReference; lastKnownFileType = sourcecode.c.objc; sourceTree = "<group>"; fileEncoding = 4; path = "NSInvocation+Additions.m";};
B4174B71E228BD5F33871D32 = {isa = PBXFileReference; lastKnownFileType = file; sourceTree = "<group>"; path = "NSMutableArray+X.d";};
786E789D980881AB896F34B7 = {name = Release; isa = XCBuildConfiguration; buildSettings = {GCC_ENABLE_FIX_AND_CONTINUE = NO; OTHER_LDFLAGS = (-framework, Cocoa, -framework, SenTestingKit); ALWAYS_SEARCH_USER_PATHS = NO; WRAPPER_EXTENSION = octest; GCC_PREFIX_HEADER = "$(SYSTEM_LIBRARY_DIR)/Frameworks/Cocoa.framework/Headers/Cocoa.h"; COPY_PHASE_STRIP = YES; DEBUG_INFORMATION_FORMAT = dwarf-with-dsym; FRAMEWORK_SEARCH_PATHS = "$(DEVELOPER_LIBRARY_DIR)/Frameworks"; PREBINDING = NO; GCC_MODEL_TUNING = G5; GCC_PRECOMPILE_PREFIX_HEADER = YES; GCC_ENABLE_OBJC_EXCEPTIONS = YES; HEADER_SEARCH_PATHS = /usr/include/libxml2; INFOPLIST_FILE = "Untitled-Info.plist"; INSTALL_PATH = "$(USER_LIBRARY_DIR)/Bundles"; PRODUCT_NAME = UnitTests; ZERO_LINK = NO;};};
5A23C3F27071EB6B1F6AF8F6 = {isa = PBXBuildFile; fileRef = 405FA0A36A261BC00D184C80; settings = {ATTRIBUTES = (Public);};};
0EA7838E80D65CAAEEF6FDEA = {isa = PBXFileReference; lastKnownFileType = sourcecode.c.objc; sourceTree = "<group>"; fileEncoding = 4; path = "NSMutableDictionary+XTest.m";};
375883F0A7627C496C07B39B = {isa = PBXFileReference; lastKnownFileType = sourcecode.c.h; sourceTree = "<group>"; fileEncoding = 4; path = "StubbedMethodMemento.h";};
F832A10042BE6CE686E0BC75 = {isa = PBXFileReference; lastKnownFileType = sourcecode.c.h; sourceTree = "<group>"; fileEncoding = 4; path = "NSString+X.h";};
89C4DB45936DB27CD661633D = {isa = PBXFileReference; lastKnownFileType = file; sourceTree = "<group>"; path = "XQuadruplet.d";};
B47B40B445F4D13D31DFD2AA = {isa = PBXFileReference; lastKnownFileType = sourcecode.c.h; sourceTree = "<group>"; fileEncoding = 4; path = "NSObject+X.h";};
6353A8D07AC20DB05FD2A9EF = {isa = PBXFileReference; lastKnownFileType = file; sourceTree = "<group>"; path = "XArray.d";};
653C6DEDF5B335237E263325 = {isa = PBXFileReference; lastKnownFileType = file; sourceTree = "<group>"; path = "test_file.txt";};
09706FC482D373C548F67DE2 = {isa = PBXFileReference; lastKnownFileType = sourcecode.c.h; sourceTree = "<group>"; fileEncoding = 4; path = "NSFileManager+X.h";};
130B94BE6134CA6801220758 = {isa = PBXFileReference; lastKnownFileType = sourcecode.c.objc; sourceTree = "<group>"; fileEncoding = 4; path = "XMethodTest.m";};
284184D29F16965BBF323232 = {isa = PBXBuildFile; fileRef = C3C2DE210D08FC21EEF43F01; settings = {ATTRIBUTES = (Public);};};
D9DF888D41E149897B0E39B2 = {name = "Linked Frameworks"; isa = PBXGroup; sourceTree = "<group>"; children = (F736FDE51035C867E708632C, B84B2CC15D04146AD2143261, 73ED83B38AE7E97D89064F6B, CF11A15DF99415EE2677433A, C75DEFC1BF9A47ADA06C6F91);};
17D05DA33AFFD6EDF1317F4B = {isa = PBXFileReference; lastKnownFileType = file; sourceTree = "<group>"; path = "XTrampoline.d";};
DD8AD458B65D9E1EA30F9981 = {isa = PBXBuildFile; fileRef = CEB1724A044E378C3B190731; settings = {ATTRIBUTES = (Public);};};
7ACB91D5D2CA7386E06740C4 = {isa = PBXBuildFile; fileRef = 2FBD2632ABD112441405DF2B; settings = {ATTRIBUTES = (Public);};};
F6913E933E1CC6DFD60BE64E = {isa = PBXFileReference; lastKnownFileType = sourcecode.c.h; sourceTree = "<group>"; fileEncoding = 4; path = "NSMutableString+X.h";};
244389287269128F8E7FE505 = {isa = PBXBuildFile; fileRef = 28A65FEDA0168DC99915FED3; settings = {ATTRIBUTES = (Public);};};
578575BFB160F0F0BFC250BB = {isa = PBXFileReference; lastKnownFileType = sourcecode.c.h; sourceTree = "<group>"; fileEncoding = 4; path = "NSDateFormatter+X.h";};
58F665F658481377253C8393 = {isa = PBXBuildFile; fileRef = E0AF129B1B8ADF7E6821B0A2; settings = {ATTRIBUTES = (Public);};};
E5B708F5C16BD6C87DE042AE = {isa = PBXFileReference; lastKnownFileType = sourcecode.c.objc; sourceTree = "<group>"; fileEncoding = 4; path = "StubbedMethodMementoTest.m";};
07029AF6E94FE24C877EBB7C = {isa = PBXBuildFile; fileRef = 3D106FEF638730278515E957; settings = {ATTRIBUTES = (Public);};};
763AD89A23FACBA66D4F3537 = {isa = PBXBuildFile; fileRef = C03C35BF1E83EAC4A0AC4E9A; settings = {ATTRIBUTES = (Public);};};
F795ABB51E148DBD0F940847 = {isa = PBXBuildFile; fileRef = DE20B7BE4798B56BDF507F59; settings = {ATTRIBUTES = (Public);};};
FBF1DE15906EB0B4A1B0B777 = {isa = PBXBuildFile; fileRef = EF7C3DA9E069021D8D2BC39C; settings = {ATTRIBUTES = (Public);};};
2E25DAF2539E0841BBEC74B7 = {isa = PBXFileReference; lastKnownFileType = file; sourceTree = "<group>"; path = "XString.d";};
8CF53CC8FF77FF96E3E732C1 = {name = Frameworks; isa = PBXGroup; sourceTree = "<group>"; children = (D9DF888D41E149897B0E39B2);};
79F5D8C49D78B347CBAC1B44 = {isa = PBXBuildFile; fileRef = CF11A15DF99415EE2677433A; settings = {ATTRIBUTES = (Public);};};
0CF47A6745114A0176A8ED2F = {isa = PBXFileReference; lastKnownFileType = sourcecode.c.h; sourceTree = "<group>"; fileEncoding = 4; path = "RegexKitLite.h";};
A562281A39A57317982778A9 = {isa = PBXBuildFile; fileRef = 578575BFB160F0F0BFC250BB; settings = {ATTRIBUTES = (Public);};};
EFDBFB7C01C256305F2EE569 = {isa = PBXFileReference; lastKnownFileType = sourcecode.c.h; sourceTree = "<group>"; fileEncoding = 4; path = "NSXMLDocument+Test.h";};
129B480C85436E5B200A61C5 = {isa = PBXFileReference; lastKnownFileType = sourcecode.c.h; sourceTree = "<group>"; fileEncoding = 4; path = "NSException+X.h";};
CF11A15DF99415EE2677433A = {name = libxml2.2.dylib; isa = PBXFileReference; lastKnownFileType = wrapper.dylib; sourceTree = SDKROOT; path = "usr/lib/libxml2.2.dylib";};
933F48C183C38FF863921A12 = {isa = PBXFileReference; lastKnownFileType = file; sourceTree = "<group>"; path = "XObject.d";};
F736FDE51035C867E708632C = {name = Foundation.framework; isa = PBXFileReference; lastKnownFileType = wrapper.framework; sourceTree = SDKROOT; path = "System/Library/Frameworks/Foundation.framework";};
B8F537A6BBBF5D783F1A311B = {isa = PBXBuildFile; fileRef = 8A1A732A3F826AF8E6CEF73B; settings = {ATTRIBUTES = (Public);};};
2EF41519E6BE28BF58715C1B = {isa = PBXFileReference; lastKnownFileType = sourcecode.c.h; sourceTree = "<group>"; fileEncoding = 4; path = "XHash.h";};
551B5985548507CD8CFDE777 = {isa = PBXFileReference; lastKnownFileType = sourcecode.c.objc; sourceTree = "<group>"; fileEncoding = 4; path = "StubbedMethodMementoCollectionTest.m";};
5BFF09D4982B22765D1A1F44 = {isa = PBXGroup; sourceTree = "<group>"; children = (F7DBAC380329DF2DD7D22CA1, 551B5985548507CD8CFDE777, E5B708F5C16BD6C87DE042AE, C2235777809FFA41B5A45771, 38D8CB1B76B9472A25B8EFA8); path = test;};
E591EFA80BEEF8CB97552F39 = {isa = PBXFileReference; lastKnownFileType = sourcecode.c.h; sourceTree = "<group>"; fileEncoding = 4; path = "_XParameterSet.h";};
6B48CF84A191DBC617EBC110 = {isa = PBXBuildFile; fileRef = 95CABE856C0A982C588B3273; settings = {ATTRIBUTES = (Public);};};
5B7D6852490F852B54524C03 = {isa = PBXBuildFile; fileRef = E6FE4DBDE3415F7D5CC1248A; settings = {ATTRIBUTES = (Public);};};
C2235777809FFA41B5A45771 = {isa = PBXFileReference; lastKnownFileType = sourcecode.c.h; sourceTree = "<group>"; fileEncoding = 4; path = "TestMacros.h";};
D7153D3D2290632D7DE455B4 = {isa = PBXBuildFile; fileRef = 385428AB6DA92C97FC3196D5; settings = {ATTRIBUTES = (Public);};};
B4CE3770E622DC3505865311 = {isa = PBXFileReference; lastKnownFileType = sourcecode.c.h; sourceTree = "<group>"; fileEncoding = 4; path = "XFile.h";};
D0F7DA40C96275E66319A751 = {isa = PBXFileReference; lastKnownFileType = sourcecode.c.objc; sourceTree = "<group>"; fileEncoding = 4; path = "NSString+X.m";};
CAB6B7E96CE683D4FFD8C9BE = {isa = PBXBuildFile; fileRef = 09706FC482D373C548F67DE2; settings = {ATTRIBUTES = (Public);};};
3587E554D2E5890065041935 = {isa = PBXBuildFile; fileRef = AFA6C7872319DF50E58B0C0E; settings = {ATTRIBUTES = (Public);};};
0C7302BB29915B5E3B8E3E1B = {isa = PBXFileReference; lastKnownFileType = sourcecode.c.h; sourceTree = "<group>"; fileEncoding = 4; path = "XTestCase.h";};
28A65FEDA0168DC99915FED3 = {isa = PBXFileReference; lastKnownFileType = sourcecode.c.objc; sourceTree = "<group>"; fileEncoding = 4; path = "XStringTest.m";};
DE20B7BE4798B56BDF507F59 = {isa = PBXFileReference; lastKnownFileType = sourcecode.c.objc; sourceTree = "<group>"; fileEncoding = 4; path = "XCore.m";};
3ECE2C5FD129A4935A7ED778 = {isa = PBXBuildFile; fileRef = D0F7DA40C96275E66319A751; settings = {ATTRIBUTES = (Public);};};
56BB247E7EF160C4ECC2E78D = {isa = PBXGroup; sourceTree = "<group>"; children = (78B60CA19255B80D32275B26, 94DF929E192A2998DC3B1CDD, B4CE3770E622DC3505865311, 8F6C643F9CBA290F0D9C95DE); path = io;};
07D77BD6CB9242BF126F736D = {isa = PBXFileReference; lastKnownFileType = sourcecode.c.h; sourceTree = "<group>"; fileEncoding = 4; path = "Extensions.h";};
0E6FE21686F15F8D14FD8934 = {isa = PBXFileReference; lastKnownFileType = sourcecode.c.objc; sourceTree = "<group>"; fileEncoding = 4; path = "NSData+XTest.m";};
C966C402DF3EC7562E2D2453 = {isa = PBXFileReference; lastKnownFileType = sourcecode.c.objc; sourceTree = "<group>"; fileEncoding = 4; path = "NSMutableString+X.m";};
70CE12697B6752B9AFE1374D = {isa = PBXGroup; sourceTree = "<group>"; children = (E591EFA80BEEF8CB97552F39, 9D750FA82C6AC5641CC5B46F, 07D77BD6CB9242BF126F736D, AA7F7F619CE71E5C1A0636CF, 90A73E119A61AB979F08C405, E223DCA661B181AB5A95DDEB, F3E953220572BEB1E3ABD11C, 43069F11E26D36521A790EE7, 9BFAB17477BADE39551F371A, 736DD44D55593E8B23DA1C47, E6FE4DBDE3415F7D5CC1248A, B47491DEB946BCFFCBB4E0E2, D5A994AE7D56C320DC29D35F, 578575BFB160F0F0BFC250BB, FE19D07FD4CE1F489949CBA9, BA9D6FE7E81B99E2F6861F4F, 81EB3E7C1D853A15CBAF9E3F, 8A1A732A3F826AF8E6CEF73B, 62F5F1FD0DA06322B39EA97D, 129B480C85436E5B200A61C5, 1ACC8BB3167FAA07A77093A5, A3C53A25DAE7A628A520B1AF, 09706FC482D373C548F67DE2, EE9B26014B586EEE9B5A2B55, 3B5DBB30A2642EDB04206508, 1A7A993ACDDB84725ECAA4AE, 696B168D1D04C596CD353DF4, B4174B71E228BD5F33871D32, C9A28DCF6A30A923F3795757, 6FA4084CCA534C512CFEC3F4, FF200703C838D4DF6E011A83, 2174012FADF7FFBBB7EFF444, 2BE81892C0586DAC76E3BADD, 923C554B31A1E44E27D87E09, F6913E933E1CC6DFD60BE64E, C966C402DF3EC7562E2D2453, 86CFA4F59A79424044C62C5F, 46C3DEF06503D06C677911A6, 181659F132975ED7416AA37D, CFBFBC6F4D11C2D281CF09BD, E81C83E1517A893AC7898D89, B47B40B445F4D13D31DFD2AA, E0AF129B1B8ADF7E6821B0A2, 8FDEC447E56D29F5AEA5D19A, F832A10042BE6CE686E0BC75, D0F7DA40C96275E66319A751); path = extensions;};
9D750FA82C6AC5641CC5B46F = {isa = PBXFileReference; lastKnownFileType = sourcecode.c.objc; sourceTree = "<group>"; fileEncoding = 4; path = "_XParameterSet.m";};
15ABFC96FB765FB9497E1E49 = {isa = PBXFileReference; lastKnownFileType = sourcecode.c.objc; sourceTree = "<group>"; fileEncoding = 4; path = "NSFileManager+XTest.m";};
B47491DEB946BCFFCBB4E0E2 = {isa = PBXFileReference; lastKnownFileType = sourcecode.c.objc; sourceTree = "<group>"; fileEncoding = 4; path = "NSDate+X.m";};
FFDEE33B529D895DF00AD953 = {isa = PBXBuildFile; fileRef = 0EA7838E80D65CAAEEF6FDEA; settings = {ATTRIBUTES = (Public);};};
399A28825F34FB0D02CB6002 = {isa = PBXFileReference; lastKnownFileType = sourcecode.c.objc; sourceTree = "<group>"; fileEncoding = 4; path = "NSDictionary+XTest.m";};
754DCD176DAAE10C349D10AF = {isa = PBXFileReference; lastKnownFileType = sourcecode.c.objc; sourceTree = "<group>"; fileEncoding = 4; path = "NSNull+XTest.m";};
D464A6A7754E63410FA8D329 = {name = Debug; isa = XCBuildConfiguration; buildSettings = {GCC_WARN_ABOUT_RETURN_TYPE = YES; GCC_OPTIMIZATION_LEVEL = 0; SDKROOT = macosx10.5; PREBINDING = NO; ARCHS = "$(ARCHS_STANDARD_32_BIT)"; GCC_WARN_UNUSED_VARIABLE = YES; HEADER_SEARCH_PATHS = /usr/include/libxml2; GCC_C_LANGUAGE_STANDARD = c99; ONLY_ACTIVE_ARCH = YES;};};
3D106FEF638730278515E957 = {isa = PBXFileReference; lastKnownFileType = sourcecode.c.objc; sourceTree = "<group>"; fileEncoding = 4; path = "XArrayTest.m";};
594FFB9BE2C979A6C0A21316 = {isa = PBXFileReference; lastKnownFileType = sourcecode.c.objc; sourceTree = "<group>"; fileEncoding = 4; path = "NSDate+XTest.m";};
21833BD8CEFFE9579CF26763 = {isa = PBXBuildFile; fileRef = 1ACC8BB3167FAA07A77093A5; settings = {ATTRIBUTES = (Public);};};
6DF8E491DA49180B877A6315 = {isa = PBXBuildFile; fileRef = 399A28825F34FB0D02CB6002; settings = {ATTRIBUTES = (Public);};};
DB2EF928CAF69D02FFD89F50 = {isa = PBXGroup; sourceTree = "<group>"; children = (A6D8204D27757949503A01CD, 3C62B511565E3EA877DFF9D9, 405FA0A36A261BC00D184C80, 375883F0A7627C496C07B39B, 8983C1F1E24787E2993535EF, 78492B756168E0076943E541, DA1D4A5DEE31934E0EAA3220, 5BFF09D4982B22765D1A1F44, 57F3EF18EA12BF16AA8BE407, F4A77C8EC30A113BE68BD5ED, D0672650DEBFE7A63ECF0C41, 35949EDF3E683F83FF7428ED, 9D8D7E3E38EB288A252A869C, 207AF500A0A089933F14FBE0, 0C7302BB29915B5E3B8E3E1B, 22DE85F487512659CE42F350); path = shared;};
62F5F1FD0DA06322B39EA97D = {isa = PBXFileReference; lastKnownFileType = file; sourceTree = "<group>"; path = "NSException+X.d";};
C75DEFC1BF9A47ADA06C6F91 = {name = Foundation.framework; isa = PBXFileReference; lastKnownFileType = wrapper.framework; sourceTree = SDKROOT; path = "System/Library/Frameworks/Security.framework";};
E7AEC97CF2962940F8B71B49 = {isa = PBXFileReference; lastKnownFileType = sourcecode.c.objc; sourceTree = "<group>"; fileEncoding = 4; path = "NSMutableArray+XTest.m";};
92E9CA36C6F7637F303383F7 = {isa = PBXBuildFile; fileRef = 2F92AA3A5E44CFEBF159BE39; settings = {ATTRIBUTES = (Public);};};
12A11B2C65554769F88B5067 = {isa = PBXFileReference; lastKnownFileType = file; sourceTree = "<group>"; path = "XFileTest_test_file.txt";};
D0672650DEBFE7A63ECF0C41 = {isa = PBXFileReference; lastKnownFileType = sourcecode.c.h; sourceTree = "<group>"; fileEncoding = 4; path = "XAsynchronousTestCase.h";};
E6FE4DBDE3415F7D5CC1248A = {isa = PBXFileReference; lastKnownFileType = sourcecode.c.h; sourceTree = "<group>"; fileEncoding = 4; path = "NSDate+X.h";};
35949EDF3E683F83FF7428ED = {isa = PBXFileReference; lastKnownFileType = sourcecode.c.objc; sourceTree = "<group>"; fileEncoding = 4; path = "XAsynchronousTestCase.m";};};}