{archiveVersion = 1; rootObject = 89D90F1D4E3D3EBE9520241E; classes = {}; objectVersion = 45; objects = {7B78C551D91F9AE0AE314FF4 = {isa = PBXBuildFile; fileRef = E30F3997137D3CB6BFE71954;}; F79F8C6B9FA68F47597FAA94 = {isa = PBXFileReference; lastKnownFileType = file; sourceTree = "<group>"; path = "NSMutableArray+X.d";}; 9C4AFE82A0AF16FBD6FC2293 = {name = Debug; isa = XCBuildConfiguration; buildSettings = {GCC_WARN_ABOUT_RETURN_TYPE = YES; GCC_OPTIMIZATION_LEVEL = 0; SDKROOT = "macosx10.5"; PREBINDING = NO; ARCHS = "$(ARCHS_STANDARD_32_BIT)"; GCC_WARN_UNUSED_VARIABLE = YES; HEADER_SEARCH_PATHS = /usr/include/libxml2; GCC_C_LANGUAGE_STANDARD = c99; ONLY_ACTIVE_ARCH = YES;};}; 002B52BCA72FEC034A828E37 = {name = FrameworkXCore; isa = PBXNativeTarget; productType = "com.apple.product-type.framework"; productReference = E52213D77DD72C1AB8C6645A; buildConfigurationList = 4F4AB742125389357CB99D00; productName = FrameworkXCore; buildRules = (); dependencies = (); buildPhases = (44DDBD9CEB2524D66BC71D71, 197111D480A01CC4DF0FF868, 09757BA96B73D58C04560FEB);}; FEC86AFFFB6658A34096CB1B = {name = "AddressBookUI.framework"; isa = PBXFileReference; lastKnownFileType = "wrapper.framework"; sourceTree = SDKROOT; path = "System/Library/Frameworks/AddressBookUI.framework";}; 6C22973A3AA494A0183AD27E = {name = Debug; isa = XCBuildConfiguration; buildSettings = {OTHER_LDFLAGS = ("-framework", Cocoa, "-framework", SenTestingKit); GCC_ENABLE_FIX_AND_CONTINUE = NO; WRAPPER_EXTENSION = octest; ALWAYS_SEARCH_USER_PATHS = NO; GCC_PREFIX_HEADER = "$(SYSTEM_LIBRARY_DIR)/Frameworks/Cocoa.framework/Headers/Cocoa.h"; GCC_OPTIMIZATION_LEVEL = 0; COPY_PHASE_STRIP = NO; PREBINDING = NO; FRAMEWORK_SEARCH_PATHS = "$(DEVELOPER_LIBRARY_DIR)/Frameworks"; GCC_PRECOMPILE_PREFIX_HEADER = YES; GCC_MODEL_TUNING = G5; GCC_ENABLE_OBJC_EXCEPTIONS = YES; GCC_DYNAMIC_NO_PIC = NO; PRODUCT_NAME = UnitTests; INSTALL_PATH = "$(USER_LIBRARY_DIR)/Bundles"; INFOPLIST_FILE = "Info.plist"; HEADER_SEARCH_PATHS = /usr/include/libxml2;};}; DEB29620FF26CBCB65ABBADE = {isa = PBXBuildFile; fileRef = 536EA80F314BE271084CA407;}; AA6D17372B680A873FB0E719 = {isa = PBXBuildFile; fileRef = 3ACA1CF9D3C8F06235F80CFA;}; C464A2C8101D2AC36E91220C = {isa = PBXBuildFile; fileRef = FD20B50CD8FC0A138BF1C9A1;}; 197111D480A01CC4DF0FF868 = {runOnlyForDeploymentPostprocesssing = 0; isa = PBXHeadersBuildPhase; files = (76E694A4A40317BCFFE5EFB7, B31A23C0ED8DD148DEC0F783, EA128C7C02995F807797FC4E, 77646945BC6A9602C339C023, 399C5CE7921F06F2FEF35A53, 4496F99E1A97BE292DB803E6, B175ADDF3DD3A41E1E814FAF, 51AB2ADBB72720F4259E08D9, A3FFF303D862378E2E406F5A, 803FF676F1C33CEF00D06A85, 37E127A141E4724A8A13CE57, BA41B4B30EA1BA903ECA8905, 3705257FD626DC1D601158BD, 25A9E3056ABCD6A567F5A484, 3B1F84378ED44CAD6C9B1CD1, D84123B16D26E39107348E21, 891252F19E5FB1B59BDDAE05, B84802DA7A97663F6E9EDEB7, 05B2E21508F7766C99EC3F7C, 822BEE4597044C42D54A4049, 3DF0EA07DDF68B7CB06A65E3, 928D0D11BFEF7A3F6DCC7F1F, F0B5BDA2BF87B66A81D0C74B, DCFE921D76863BDB741A91F1, C255841CBA2AE4242BF36DBA, 9636571442BE1BA7810A95D6, 0EA48E1540BA1B9BCE3B130B, 098D7C3B43496043B7FE299B, 05F734EEC4BEC3883EFBCA01, 0C3F6D71C8EEF16939DF0B76, 7AD364C0DA48BAE3B0F6D5C2, 1922C54C3CEC24F32E58E938, 2A82C00ED789A120ECC613D2, B80F6280670923C2EE178F90); buildActionMask = 2147483647;}; 4CAEE6E934BCCF660056D35D = {isa = PBXBuildFile; fileRef = 417F28D783D58319CCAFED24;}; 041A715AD942F52E084F6227 = {isa = PBXFileReference; lastKnownFileType = "sourcecode.c.objc"; sourceTree = "<group>"; fileEncoding = 4; path = "StubbedMethodMemento.m";}; D12C88CA1F3FBF0690851DA0 = {isa = PBXFileReference; lastKnownFileType = file; sourceTree = "<group>"; path = "XFileTest_test_file.txt";}; DBBB058EA47F70E2BF7D8FD9 = {isa = PBXGroup; sourceTree = "<group>"; children = (DDBE0AB32684DB5E4988CDBE, E944001193DB4EFEFF4B5283, D12C88CA1F3FBF0690851DA0); path = io;}; 21B67FE55E977633E33AA08C = {isa = PBXBuildFile; fileRef = 9CC71C26D478615611C43EC9;}; 50FB9AF04A2F8CB33A8D9D9F = {name = "AudioToolbox.framework"; isa = PBXFileReference; lastKnownFileType = "wrapper.framework"; sourceTree = SDKROOT; path = "System/Library/Frameworks/AudioToolbox.framework";}; 6D9DCDDCFD9F2CCD00363051 = {isa = PBXFileReference; lastKnownFileType = "sourcecode.c.objc"; sourceTree = "<group>"; fileEncoding = 4; path = "NSDate+X.m";}; 5B82C8F8AE0EFC79387D6B3A = {name = Debug; isa = XCBuildConfiguration; buildSettings = {GCC_ENABLE_FIX_AND_CONTINUE = YES; WRAPPER_EXTENSION = framework; FRAMEWORK_VERSION = A; ALWAYS_SEARCH_USER_PATHS = NO; GCC_PREFIX_HEADER = "FxCore_Prefix.pch"; GCC_OPTIMIZATION_LEVEL = 0; COPY_PHASE_STRIP = NO; GCC_PRECOMPILE_PREFIX_HEADER = YES; GCC_MODEL_TUNING = G5; DYLIB_CURRENT_VERSION = 1; GCC_DYNAMIC_NO_PIC = NO; DYLIB_COMPATIBILITY_VERSION = 1; PRODUCT_NAME = FrameworkXCore; INFOPLIST_FILE = "Info.plist"; HEADER_SEARCH_PATHS = /usr/include/libxml2;};}; 0B9D736817FE01A5BA5C01E2 = {isa = PBXBuildFile; fileRef = 0CB0863B46B9C5812A0D894B;}; B147379E91EC3FFC3FCFB793 = {isa = PBXFileReference; lastKnownFileType = file; sourceTree = "<group>"; path = "XArray.d";}; FBF91EDABDBD9280928DF21F = {isa = PBXFileReference; lastKnownFileType = "sourcecode.c.objc"; sourceTree = "<group>"; fileEncoding = 4; path = "XObject.m";}; 37E127A141E4724A8A13CE57 = {isa = PBXBuildFile; fileRef = 2847468C51D959D83BCFEF2A;}; 81CE782147C4708AC3C15A7C = {isa = PBXFileReference; lastKnownFileType = file; sourceTree = "<group>"; path = "XTriplet.d";}; 744A82F7AEADC05D442FB75B = {isa = PBXFileReference; lastKnownFileType = file; sourceTree = "<group>"; path = "header_files.rake";}; 63D855A2F0658FCDDBA61387 = {isa = PBXFileReference; lastKnownFileType = "sourcecode.c.objc"; sourceTree = "<group>"; fileEncoding = 4; path = "NSMutableString+XTest.m";}; 141BBE40063888FEDB4CFCEE = {isa = PBXGroup; sourceTree = "<group>"; children = (F2805D0A59F97E516B0BA13F, A0C52CE923297776DFC0ABC2, AD4FF16545146B5F0842009C, 1223AA7EC646F1D7F4B58D0A, 7CC0A26A19E16AFE2EE5A4E5, F5AE6117059A1C0F07202530, EE9053A123DC94E50F78A41A); path = extensions;}; 803FF676F1C33CEF00D06A85 = {isa = PBXBuildFile; fileRef = DF5967BDF74A8308D8014D6A;}; F3F042358DDBE6D12E6D4F52 = {isa = PBXFileReference; lastKnownFileType = file; sourceTree = "<group>"; path = "XMethod.d";}; 3705257FD626DC1D601158BD = {isa = PBXBuildFile; fileRef = 40B88FBBDFF9A9BA57EF31BB;}; 6FEEDF95F3803AD880A81DDF = {isa = PBXFileReference; lastKnownFileType = "sourcecode.c.objc"; sourceTree = "<group>"; fileEncoding = 4; path = "SampleTest.m";}; 83870DBE490FD79CCA2A46AF = {isa = PBXFileReference; lastKnownFileType = file; sourceTree = "<group>"; path = "NSArray+X.d";}; 618DAC9B9C6DF080A7CE851E = {isa = PBXGroup; sourceTree = "<group>"; children = (B147379E91EC3FFC3FCFB793, 90A94A99E3E2D84A60C196FF, AE565F88127800692A5267B8, 31976B6D8953772637694E57, 84B14D9B64933DBE9FA3C3A0, DEFB4C1E33E651CDA7BCF025, 90785ED3F6BDD00918783F46); path = collections;}; A008FF283CC5CD02280100D8 = {isa = PBXFileReference; lastKnownFileType = file; sourceTree = "<group>"; path = "XDoublet.d";}; 1EA07ED519D217E9B7AD1624 = {name = Release; isa = XCBuildConfiguration; buildSettings = {GCC_WARN_ABOUT_RETURN_TYPE = YES; SDKROOT = "macosx10.5"; PREBINDING = NO; ARCHS = "$(ARCHS_STANDARD_32_BIT)"; GCC_WARN_UNUSED_VARIABLE = YES; HEADER_SEARCH_PATHS = /usr/include/libxml2; GCC_C_LANGUAGE_STANDARD = c99;};}; 0B6A4EFFE1E79CC6470FB841 = {isa = PBXBuildFile; fileRef = AE565F88127800692A5267B8;}; 77646945BC6A9602C339C023 = {isa = PBXBuildFile; fileRef = 10D7A8A09808BBFF5640BA8A;}; 3D71DD70CB858FE893025979 = {isa = PBXGroup; sourceTree = "<group>"; children = (48A54908C5FAB8D8578470A9); path = infrastructure;}; A3FFF303D862378E2E406F5A = {isa = PBXBuildFile; fileRef = A17D27B529609D61CF0429A7;}; C255841CBA2AE4242BF36DBA = {isa = PBXBuildFile; fileRef = B58AF23C249868986425CBC0;}; F0B5BDA2BF87B66A81D0C74B = {isa = PBXBuildFile; fileRef = 7F7C6B29CC1B1DD3655FA34C;}; 822BEE4597044C42D54A4049 = {isa = PBXBuildFile; fileRef = 952A945EFCFA725F678AD5A9;}; E00E9CDE389F1332943F4EBE = {buildConfigurations = (1EA07ED519D217E9B7AD1624, 9C4AFE82A0AF16FBD6FC2293); defaultConfigurationIsVisible = 0; isa = XCConfigurationList; defaultConfigurationName = Release;}; A87382057C50DC5D4DAC791D = {isa = PBXBuildFile; fileRef = C039605CD3E22911BC0ECEFC;}; A975629F8A3638C9E1BD8D07 = {isa = PBXBuildFile; fileRef = E59D68D07A38A08F96629628;}; B2AF145CF0CDBB13766C66DA = {isa = PBXFileReference; lastKnownFileType = "sourcecode.c.objc"; sourceTree = "<group>"; fileEncoding = 4; path = "XMethod.m";}; 21977D5E1F12CF4F949F028B = {name = "libicucore.dylib"; isa = PBXFileReference; lastKnownFileType = "wrapper.dylib"; sourceTree = SDKROOT; path = "usr/lib/libicucore.dylib";}; E3545B90E9686A32183B5F27 = {isa = PBXFileReference; lastKnownFileType = "sourcecode.c.h"; sourceTree = "<group>"; fileEncoding = 4; path = "TestHelper.h";}; 90A94A99E3E2D84A60C196FF = {isa = PBXFileReference; lastKnownFileType = "sourcecode.c.h"; sourceTree = "<group>"; fileEncoding = 4; path = "XArray.h";}; DF5967BDF74A8308D8014D6A = {isa = PBXFileReference; lastKnownFileType = "sourcecode.c.h"; sourceTree = "<group>"; fileEncoding = 4; path = "NSDictionary+X.h";}; B88A4CC698685CF1D2673E4C = {isa = PBXBuildFile; fileRef = A784FB1931CD4824F0B27878;}; D3391EA6D974B53A2AFB84A7 = {isa = PBXGroup; sourceTree = "<group>"; children = (AAF976E7BF274B90390E1A97, 46D50D52929AF42D0AB6E5D3, 29C1C20DD62A8E0474C546B1, 744A82F7AEADC05D442FB75B, AD92AC53447678D3E280B149, 52D35F07CECDF1F63B40C2B2); path = rake;}; F39F6DF402ED46AD4E3D6640 = {isa = PBXFileReference; lastKnownFileType = "sourcecode.c.h"; sourceTree = "<group>"; fileEncoding = 4; path = "FrameworkX.h";}; 7662326AC21DA3CBB7E62474 = {isa = PBXFileReference; lastKnownFileType = "sourcecode.c.h"; sourceTree = "<group>"; fileEncoding = 4; path = "NSData+X.h";}; 30F983472C61079A17BD6D2C = {isa = PBXFileReference; lastKnownFileType = file; sourceTree = "<group>"; path = "XTrampoline.d";}; 0CB0863B46B9C5812A0D894B = {isa = PBXFileReference; lastKnownFileType = "sourcecode.c.objc"; sourceTree = "<group>"; fileEncoding = 4; path = "NSDateFormatter+X.m";}; 48A54908C5FAB8D8578470A9 = {isa = PBXGroup; sourceTree = "<group>"; children = (141BBE40063888FEDB4CFCEE, 8809E01BB97AF7E7AA87E4F1, 6FEEDF95F3803AD880A81DDF, 397430BF31020AFD16AAD0DD, 041A715AD942F52E084F6227, C65F885D9C553110769E41E5, 536EA80F314BE271084CA407, 2A0DC0F1C02E00A781B943E6, E3545B90E9686A32183B5F27, 35F74E812E8B769715B4541D, 3231F86E85EF36DE0A50C86B, E30F3997137D3CB6BFE71954, 39CB74BECD9A468F6845DFC9, 30F77EBBE1D06F974846F477, 1C5CEFE159F6B453EA271182, FDF9937DAFD9E78174C05CF1); path = shared;}; FDF9937DAFD9E78174C05CF1 = {isa = PBXFileReference; lastKnownFileType = "sourcecode.c.objc"; sourceTree = "<group>"; fileEncoding = 4; path = "XTestCase.m";}; 52C3184320FE04EC56BDBF0D = {isa = PBXFileReference; lastKnownFileType = "sourcecode.c.objc"; sourceTree = "<group>"; fileEncoding = 4; path = "XImage.m";}; 46D50D52929AF42D0AB6E5D3 = {isa = PBXFileReference; lastKnownFileType = file; sourceTree = "<group>"; path = "commit.rake";}; 0DCEF42F93981001AD90F4A6 = {isa = PBXFileReference; lastKnownFileType = file; sourceTree = "<group>"; path = "NSDictionary+X.d";}; 895E1DC3475BF9D51DDF5258 = {isa = PBXBuildFile; fileRef = 35F74E812E8B769715B4541D;}; 29C1C20DD62A8E0474C546B1 = {isa = PBXFileReference; lastKnownFileType = file; sourceTree = "<group>"; path = "display_ocunit_failures_at_end.rb";}; F2AF2E11DE7440683ABE59DC = {isa = PBXBuildFile; fileRef = 598CE864B111CDD1651085E3;}; 9313E1910BF3DC7A94346C2B = {isa = PBXFileReference; lastKnownFileType = "sourcecode.c.h"; sourceTree = "<group>"; fileEncoding = 4; path = "TestMacros.h";}; 7CC0A26A19E16AFE2EE5A4E5 = {isa = PBXFileReference; lastKnownFileType = "sourcecode.c.objc"; sourceTree = "<group>"; fileEncoding = 4; path = "NSObject+Test.m";}; FD20B50CD8FC0A138BF1C9A1 = {isa = PBXFileReference; lastKnownFileType = "sourcecode.c.objc"; sourceTree = "<group>"; fileEncoding = 4; path = "NSDictionary+XTest.m";}; 9748258E769623AFE0FA2355 = {isa = PBXBuildFile; fileRef = FBF91EDABDBD9280928DF21F;}; EEFD2D842B2B7AF358CF9BC8 = {isa = PBXFileReference; lastKnownFileType = "sourcecode.c.h"; sourceTree = "<group>"; fileEncoding = 4; path = "XCore.h";}; E944001193DB4EFEFF4B5283 = {isa = PBXFileReference; lastKnownFileType = "sourcecode.c.objc"; sourceTree = "<group>"; fileEncoding = 4; path = "XFileTest.m";}; C65F885D9C553110769E41E5 = {isa = PBXFileReference; lastKnownFileType = "sourcecode.c.h"; sourceTree = "<group>"; fileEncoding = 4; path = "StubbedMethodMementoCollection.h";}; 6BD3EAB9EBA91097433AC3B2 = {isa = PBXBuildFile; fileRef = E52213D77DD72C1AB8C6645A;}; 7AD364C0DA48BAE3B0F6D5C2 = {isa = PBXBuildFile; fileRef = 0D68BE3A3B777B6190572734;}; 529CC8B6CADFCD8588BA2FB5 = {isa = PBXBuildFile; fileRef = 90785ED3F6BDD00918783F46;}; 536EA80F314BE271084CA407 = {isa = PBXFileReference; lastKnownFileType = "sourcecode.c.objc"; sourceTree = "<group>"; fileEncoding = 4; path = "StubbedMethodMementoCollection.m";}; D998FF9D2D6A7236FB9C7FFC = {isa = PBXGroup; sourceTree = "<group>"; children = (06B83D5B07BE7A10BCCB0F6D, 99A7F28C4326354FB3CC70FC); path = extensions;}; B175ADDF3DD3A41E1E814FAF = {isa = PBXBuildFile; fileRef = 7662326AC21DA3CBB7E62474;}; 30DF1A0E47EA5AAEF73413C5 = {isa = PBXBuildFile; fileRef = 86B182C64AE1E67479D1480E;}; A0FE3D720A6D263A5E0E7481 = {isa = PBXBuildFile; fileRef = B8A7B5C00B97AF2C55712FF6;}; 4F4AB742125389357CB99D00 = {buildConfigurations = (27764CFC73B0D562F1EE1A30, 5B82C8F8AE0EFC79387D6B3A); defaultConfigurationIsVisible = 0; isa = XCConfigurationList; defaultConfigurationName = Release;}; 665355FB01AFDDDBE5E75BA6 = {name = "Foundation.framework"; isa = PBXFileReference; lastKnownFileType = "wrapper.framework"; sourceTree = SDKROOT; path = "System/Library/Frameworks/Security.framework";}; 0D7415C37DF164D93F8B9791 = {isa = PBXFileReference; lastKnownFileType = "sourcecode.c.objc"; sourceTree = "<group>"; fileEncoding = 4; path = "XStringTest.m";}; D06848FCB2C152CC05102734 = {name = CustomTemplate; isa = PBXGroup; sourceTree = "<group>"; children = (9C914BB2FC21DF80E3A46C88, 1B89CA765901AE6B4A9FAECF, 30BE746BE7E4FC16CB2FB084, 668ACE6D95074B5423E7E14E, 53B6CAC52967430674CDA3B8, E0F3D6F062E51C3727F5BA20, 22ECF7A4430E20E1A8AA7205, 2E4F1BA1980364644A541BF1, 73E996C008E5AA51D2F0E638);}; 56B700AC9C3574FAFBDD4A0E = {buildConfigurations = (26C636F4E159898946FAC967, 6C22973A3AA494A0183AD27E); defaultConfigurationIsVisible = 0; isa = XCConfigurationList; defaultConfigurationName = Release;}; D72F0109C344A2DD96293CF6 = {isa = PBXFileReference; lastKnownFileType = file; sourceTree = "<group>"; path = "XQuadruplet.d";}; C039605CD3E22911BC0ECEFC = {isa = PBXFileReference; lastKnownFileType = "sourcecode.c.objc"; sourceTree = "<group>"; fileEncoding = 4; path = "XObjectTest.m";}; A6E42C8D38CE6EA3AF814A01 = {isa = PBXFileReference; lastKnownFileType = file; sourceTree = "<group>"; path = "NSFileManager+X.d";}; E92A82D490D987B1F42E957D = {isa = PBXFileReference; lastKnownFileType = "sourcecode.c.h"; sourceTree = "<group>"; fileEncoding = 4; path = "XTriplet.h";}; A26639AD48A5884E06CC6B62 = {isa = PBXFileReference; lastKnownFileType = file; sourceTree = "<group>"; path = "NSInvocation+X.d";}; EFB7EFC706133C6D136E0B98 = {isa = PBXFileReference; lastKnownFileType = "text.plist.xml"; sourceTree = "<group>"; fileEncoding = 4; path = "TestFile.plist";}; 4559DAF95A0821CC4612A454 = {isa = PBXFileReference; lastKnownFileType = "sourcecode.c.objc"; sourceTree = "<group>"; fileEncoding = 4; path = "XString.m";}; 2C49CCEAFD8577E43EE11CDE = {name = "SenTestingKit.framework"; isa = PBXFileReference; lastKnownFileType = "wrapper.framework"; sourceTree = "<absolute>"; path = "/Developer/Library/Frameworks/SenTestingKit.framework";}; 073833C1A6C4866E4617B784 = {isa = PBXFileReference; lastKnownFileType = file; sourceTree = "<group>"; path = "XObject.d";}; 71EE154203EB4403E8A5C3B7 = {isa = PBXBuildFile; fileRef = 26BE6F03AD0FB2438B983E98;}; 63C9B209D066E8531E0C4E3E = {isa = PBXFileReference; lastKnownFileType = "sourcecode.c.h"; sourceTree = "<group>"; fileEncoding = 4; path = "NSNull+X.h";}; B31A23C0ED8DD148DEC0F783 = {isa = PBXBuildFile; fileRef = 31976B6D8953772637694E57;}; 7307CFA646D227D5F0A6C231 = {isa = PBXBuildFile; fileRef = B879E51A4C91959B88BEC6D5;}; 09757BA96B73D58C04560FEB = {runOnlyForDeploymentPostprocesssing = 0; isa = PBXFrameworksBuildPhase; files = (0CB237F8C580EB5393654141, 4E296F5FD3BB0ECEBBE55068); buildActionMask = 2147483647;}; 64E4B085F7C71C2E45511985 = {isa = PBXBuildFile; fileRef = 4D9C40710DA14A04E939BA92;}; 2A0DC0F1C02E00A781B943E6 = {isa = PBXGroup; sourceTree = "<group>"; children = (D998FF9D2D6A7236FB9C7FFC, 86B182C64AE1E67479D1480E, B879E51A4C91959B88BEC6D5, 9313E1910BF3DC7A94346C2B, 1086672CD59EEAC3896EAB0A); path = test;}; 098D7C3B43496043B7FE299B = {isa = PBXBuildFile; fileRef = 0A1BAB978D1F4674C062040B;}; D2EF7A434B2E4415803B1B2D = {isa = PBXBuildFile; fileRef = 774F7A273764419293F13931;}; 12E2A783751CB88F710AD1FB = {isa = PBXFileReference; lastKnownFileType = file; sourceTree = "<group>"; path = "XImage.d";}; 30BE746BE7E4FC16CB2FB084 = {isa = PBXFileReference; lastKnownFileType = file; sourceTree = "<group>"; path = Rakefile;}; E63C047AC0FC74FB3B29D43B = {isa = PBXBuildFile; fileRef = 4559DAF95A0821CC4612A454;}; 68E98B22D68D53EAD954241B = {isa = PBXFileReference; lastKnownFileType = "sourcecode.c.h"; sourceTree = "<group>"; fileEncoding = 4; path = "NSFileManager+X.h";}; 713939C644A6BBDB538689DF = {isa = PBXBuildFile; fileRef = 450F725E6358926916D95AC6;}; F2805D0A59F97E516B0BA13F = {isa = PBXGroup; sourceTree = "<group>"; children = (59BC7C080177E64426524906); path = frameworks;}; 70E0B8E1DC5C3D8CFBA880FA = {runOnlyForDeploymentPostprocesssing = 0; isa = PBXFrameworksBuildPhase; files = (6BD3EAB9EBA91097433AC3B2); buildActionMask = 2147483647;}; 1C2017C637BCCD5E1B991049 = {runOnlyForDeploymentPostprocesssing = 0; isa = PBXSourcesBuildPhase; files = (48154CEBB3E567DBC913DC39, A0FE3D720A6D263A5E0E7481, 027E0176EA4D3A4A7A464E2C, 01ED35F5DF186D1597704227, D2EF7A434B2E4415803B1B2D, C464A2C8101D2AC36E91220C, 014A727CFC113A1311B51BCB, 9DF87B351402B19291A8BA61, B88A4CC698685CF1D2673E4C, AA6D17372B680A873FB0E719, 110FB5AF87E0CC1640288EE3, 71EE154203EB4403E8A5C3B7, DFB6FABE01CE11FFFD047829, A975629F8A3638C9E1BD8D07, EA654653A2B34B585F55665E, 187D621B42F2DF6D8E82F01B, 040F5C11FCD59ADA945524A6, 3AD29250156384E480138201, FFA02ECE2A90E36D48FCAD32, 0AF0D8A37FEDA5B701697A57, DEB29620FF26CBCB65ABBADE, 6E5AFAA67BD6D96D890AAE2B, 08EF606B43EBF81F1B508851, 30DF1A0E47EA5AAEF73413C5, 7307CFA646D227D5F0A6C231, C033CD4DE083F243E0FBA63A, 895E1DC3475BF9D51DDF5258, 7B78C551D91F9AE0AE314FF4, DA7899EB515DA40E738453CE, 743A722B81434D72FF7D7E79, 69977E8C0FCBBB97D7EB7C91, 35583C3B82C9CA213A3A4AEE, A87382057C50DC5D4DAC791D, 42B0CBE47B6DD723FFCA291E); buildActionMask = 2147483647;}; 22ECF7A4430E20E1A8AA7205 = {isa = PBXFileReference; lastKnownFileType = file; sourceTree = "<group>"; path = "xcodeproj.yml";}; 95A0F7A3C87430A7C69CD70A = {isa = PBXFileReference; lastKnownFileType = "sourcecode.c.h"; sourceTree = "<group>"; fileEncoding = 4; path = "XTrampoline.h";}; 676394E1B0DADDB316573D57 = {isa = PBXFileReference; lastKnownFileType = file; sourceTree = "<group>"; path = "NSMutableString+X.d";}; B8A7B5C00B97AF2C55712FF6 = {isa = PBXFileReference; lastKnownFileType = "sourcecode.c.objc"; sourceTree = "<group>"; fileEncoding = 4; path = "XHashTest.m";}; 6A99E961BD04EFB4D9FD4CC3 = {isa = PBXFileReference; lastKnownFileType = file; sourceTree = "<group>"; path = "test_file.txt";}; E0F3D6F062E51C3727F5BA20 = {isa = PBXGroup; sourceTree = "<group>"; children = (5000BFCC5BC183724B8763CB, A391E6E03C75CF1D7C9DFFD1, 3D71DD70CB858FE893025979, DBBB058EA47F70E2BF7D8FD9, 6A99E961BD04EFB4D9FD4CC3, 0D48EB8934F334792C43D7CC, C039605CD3E22911BC0ECEFC, 0D7415C37DF164D93F8B9791); path = test;}; 26C636F4E159898946FAC967 = {name = Release; isa = XCBuildConfiguration; buildSettings = {OTHER_LDFLAGS = ("-framework", Cocoa, "-framework", SenTestingKit); GCC_ENABLE_FIX_AND_CONTINUE = NO; WRAPPER_EXTENSION = octest; ALWAYS_SEARCH_USER_PATHS = NO; GCC_PREFIX_HEADER = "$(SYSTEM_LIBRARY_DIR)/Frameworks/Cocoa.framework/Headers/Cocoa.h"; COPY_PHASE_STRIP = YES; DEBUG_INFORMATION_FORMAT = "dwarf-with-dsym"; PREBINDING = NO; FRAMEWORK_SEARCH_PATHS = "$(DEVELOPER_LIBRARY_DIR)/Frameworks"; GCC_PRECOMPILE_PREFIX_HEADER = YES; GCC_MODEL_TUNING = G5; GCC_ENABLE_OBJC_EXCEPTIONS = YES; PRODUCT_NAME = UnitTests; INSTALL_PATH = "$(USER_LIBRARY_DIR)/Bundles"; INFOPLIST_FILE = "Info.plist"; HEADER_SEARCH_PATHS = /usr/include/libxml2; ZERO_LINK = NO;};}; 68DF03A5BA70933638CA7740 = {isa = PBXFileReference; lastKnownFileType = "sourcecode.c.objc"; sourceTree = "<group>"; fileEncoding = 4; path = "XFile.m";}; 0D68BE3A3B777B6190572734 = {isa = PBXFileReference; lastKnownFileType = "sourcecode.c.h"; sourceTree = "<group>"; fileEncoding = 4; path = "XQuadruplet.h";}; AD92AC53447678D3E280B149 = {isa = PBXFileReference; lastKnownFileType = file; sourceTree = "<group>"; path = "pc.rake";}; 27764CFC73B0D562F1EE1A30 = {name = Release; isa = XCBuildConfiguration; buildSettings = {WRAPPER_EXTENSION = framework; FRAMEWORK_VERSION = A; ALWAYS_SEARCH_USER_PATHS = NO; GCC_PREFIX_HEADER = "FxCore_Prefix.pch"; DEBUG_INFORMATION_FORMAT = "dwarf-with-dsym"; GCC_PRECOMPILE_PREFIX_HEADER = YES; GCC_MODEL_TUNING = G5; DYLIB_CURRENT_VERSION = 1; DYLIB_COMPATIBILITY_VERSION = 1; PRODUCT_NAME = FrameworkXCore; INFOPLIST_FILE = "Info.plist"; HEADER_SEARCH_PATHS = /usr/include/libxml2;};}; BA41B4B30EA1BA903ECA8905 = {isa = PBXBuildFile; fileRef = 68E98B22D68D53EAD954241B;}; 5B86A3AFB6086E6466A1FD44 = {name = "FrameworkX.framework"; isa = PBXFileReference; lastKnownFileType = "wrapper.framework"; sourceTree = "<group>"; path = "frameworks/FrameworkX.framework";}; 0A1BAB978D1F4674C062040B = {isa = PBXFileReference; lastKnownFileType = "sourcecode.c.h"; sourceTree = "<group>"; fileEncoding = 4; path = "XDoublet.h";}; 743A722B81434D72FF7D7E79 = {isa = PBXBuildFile; fileRef = FDF9937DAFD9E78174C05CF1;}; 1922C54C3CEC24F32E58E938 = {isa = PBXBuildFile; fileRef = 8585047AEC82E95FDF42C824;}; 68F3AB56F337F564EF3F3C39 = {isa = PBXBuildFile; fileRef = 3B5B000950E443E0637FBA58;}; B58AF23C249868986425CBC0 = {isa = PBXFileReference; lastKnownFileType = "sourcecode.c.h"; sourceTree = "<group>"; fileEncoding = 4; path = "Macros.h";}; B879E51A4C91959B88BEC6D5 = {isa = PBXFileReference; lastKnownFileType = "sourcecode.c.objc"; sourceTree = "<group>"; fileEncoding = 4; path = "StubbedMethodMementoTest.m";}; A6F30CA1CD24F584D077E656 = {name = "libsqlite3.0.dylib"; isa = PBXFileReference; lastKnownFileType = "wrapper.dylib"; sourceTree = SDKROOT; path = "/usr/lib/libsqlite3.0.dylib";}; 41A7B51F6BC11C2A2AE64996 = {name = "FrameworkXCore.framework"; isa = PBXFileReference; lastKnownFileType = "wrapper.framework"; sourceTree = "<group>"; path = "frameworks/FrameworkXCore.framework";}; 9329ACF02FF700BB54C3A3F6 = {isa = PBXFileReference; lastKnownFileType = "sourcecode.c.objc"; sourceTree = "<group>"; fileEncoding = 4; path = "NSString+X.m";}; 8D23D099A3D85CC007DCBA30 = {isa = PBXFileReference; lastKnownFileType = "sourcecode.c.h"; sourceTree = "<group>"; fileEncoding = 4; path = "RegexKitLite.h";}; 9DF87B351402B19291A8BA61 = {isa = PBXBuildFile; fileRef = 732C8D48D697D3EDFFBF379A;}; 0CB237F8C580EB5393654141 = {isa = PBXBuildFile; fileRef = EC7D01311215FF8BB0AB37CB;}; A784FB1931CD4824F0B27878 = {isa = PBXFileReference; lastKnownFileType = "sourcecode.c.objc"; sourceTree = "<group>"; fileEncoding = 4; path = "NSMutableArray+XTest.m";}; 35F74E812E8B769715B4541D = {isa = PBXFileReference; lastKnownFileType = "sourcecode.c.objc"; sourceTree = "<group>"; fileEncoding = 4; path = "TestHelper.m";}; 3231F86E85EF36DE0A50C86B = {isa = PBXFileReference; lastKnownFileType = "sourcecode.c.h"; sourceTree = "<group>"; fileEncoding = 4; path = "XAsynchronousTestCase.h";}; 39CB74BECD9A468F6845DFC9 = {isa = PBXFileReference; lastKnownFileType = "sourcecode.c.h"; sourceTree = "<group>"; fileEncoding = 4; path = "XAsyncTestHelper.h";}; 7F7C6B29CC1B1DD3655FA34C = {isa = PBXFileReference; lastKnownFileType = "sourcecode.c.h"; sourceTree = "<group>"; fileEncoding = 4; path = "XFile.h";}; FFA02ECE2A90E36D48FCAD32 = {isa = PBXBuildFile; fileRef = 6FEEDF95F3803AD880A81DDF;}; C5872E7F2C80467F8BC631C3 = {isa = PBXFileReference; lastKnownFileType = "sourcecode.c.objc"; sourceTree = "<group>"; fileEncoding = 4; path = "NSException+X.m";}; A391E6E03C75CF1D7C9DFFD1 = {isa = PBXGroup; sourceTree = "<group>"; children = (560C52E341009512AC07A2B7, 568DCB8F681ACCFF7C1F0B9A, 774F7A273764419293F13931, FD20B50CD8FC0A138BF1C9A1, E9F1464C1F2720760156A384, 732C8D48D697D3EDFFBF379A, A784FB1931CD4824F0B27878, 3ACA1CF9D3C8F06235F80CFA, 63D855A2F0658FCDDBA61387, 26BE6F03AD0FB2438B983E98, C6679E089B9D3F0B99F19088, E59D68D07A38A08F96629628, 4C37DB081DABB38466EA4AD1, EFB7EFC706133C6D136E0B98); path = extensions;}; 0B48A6168324FD4BBAB5A547 = {isa = PBXFileReference; lastKnownFileType = file; sourceTree = "<group>"; path = "NSDateFormatter+X.d";}; E30F3997137D3CB6BFE71954 = {isa = PBXFileReference; lastKnownFileType = "sourcecode.c.objc"; sourceTree = "<group>"; fileEncoding = 4; path = "XAsynchronousTestCase.m";}; 05B2E21508F7766C99EC3F7C = {isa = PBXBuildFile; fileRef = A8F88463D6C4B86AB7C95477;}; D84123B16D26E39107348E21 = {isa = PBXBuildFile; fileRef = D66AE4572381862BDFDF4F23;}; 187D621B42F2DF6D8E82F01B = {isa = PBXBuildFile; fileRef = AD4FF16545146B5F0842009C;}; C1D159AE0E49306FE8348F20 = {isa = PBXFileReference; lastKnownFileType = "sourcecode.c.h"; sourceTree = "<group>"; fileEncoding = 4; path = "NSDate+X.h";}; 89D90F1D4E3D3EBE9520241E = {isa = PBXProject; buildConfigurationList = E00E9CDE389F1332943F4EBE; targets = (002B52BCA72FEC034A828E37, E96E7BB7753B64A8E937970C); projectDirPath = ""; compatibilityVersion = "Xcode 3.1"; projectRoot = ""; mainGroup = D06848FCB2C152CC05102734;}; 2E4F1BA1980364644A541BF1 = {name = Products; isa = PBXGroup; sourceTree = "<group>"; children = (23853698CCCE74D074468864, E52213D77DD72C1AB8C6645A);}; DCFE921D76863BDB741A91F1 = {isa = PBXBuildFile; fileRef = BEE80FCE409EF49D6A42B7A2;}; 5894CD73647D3E907CE21552 = {isa = PBXFileReference; lastKnownFileType = "sourcecode.c.h"; sourceTree = "<group>"; fileEncoding = 4; path = "NSNumber+X.h";}; FE2EC34209CE2B83ADC261AF = {isa = PBXBuildFile; fileRef = C66086B78AE1EBD412FE44EC;}; 038B6D7376025A27A58B760B = {isa = PBXFileReference; lastKnownFileType = "sourcecode.c.objc"; sourceTree = "<group>"; fileEncoding = 4; path = "XTriplet.m";}; C66086B78AE1EBD412FE44EC = {isa = PBXFileReference; lastKnownFileType = "sourcecode.c.objc"; sourceTree = "<group>"; fileEncoding = 4; path = "NSObject+X.m";}; 3B1F84378ED44CAD6C9B1CD1 = {isa = PBXBuildFile; fileRef = AE8E272433BD910D04A82A59;}; 6987042BF30EF6B344E4378D = {isa = PBXFileReference; lastKnownFileType = "sourcecode.c.objc"; sourceTree = "<group>"; fileEncoding = 4; path = "XArrayTest.m";}; 59BC7C080177E64426524906 = {isa = PBXFileReference; lastKnownFileType = "sourcecode.c.h"; sourceTree = "<group>"; fileEncoding = 4; path = "OCMock+Extension.h";}; D66AE4572381862BDFDF4F23 = {isa = PBXFileReference; lastKnownFileType = "sourcecode.c.h"; sourceTree = "<group>"; fileEncoding = 4; path = "NSMutableString+X.h";}; A8F88463D6C4B86AB7C95477 = {isa = PBXFileReference; lastKnownFileType = "sourcecode.c.h"; sourceTree = "<group>"; fileEncoding = 4; path = "NSObject+X.h";}; 6E5AFAA67BD6D96D890AAE2B = {isa = PBXBuildFile; fileRef = 06B83D5B07BE7A10BCCB0F6D;}; 41E304E1D2DA87DE4D5F9529 = {isa = PBXBuildFile; fileRef = 68DF03A5BA70933638CA7740;}; 0F215C2E780900258323D56B = {isa = PBXBuildFile; fileRef = 52C3184320FE04EC56BDBF0D;}; DA7899EB515DA40E738453CE = {isa = PBXBuildFile; fileRef = 30F77EBBE1D06F974846F477;}; 48154CEBB3E567DBC913DC39 = {isa = PBXBuildFile; fileRef = 6987042BF30EF6B344E4378D;}; 4E296F5FD3BB0ECEBBE55068 = {isa = PBXBuildFile; fileRef = 21977D5E1F12CF4F949F028B;}; 2847468C51D959D83BCFEF2A = {isa = PBXFileReference; lastKnownFileType = "sourcecode.c.h"; sourceTree = "<group>"; fileEncoding = 4; path = "NSException+X.h";}; A17D27B529609D61CF0429A7 = {isa = PBXFileReference; lastKnownFileType = "sourcecode.c.h"; sourceTree = "<group>"; fileEncoding = 4; path = "NSDateFormatter+X.h";}; A2A88B102BB9AAAA43F0D2F0 = {isa = PBXFileReference; lastKnownFileType = file; sourceTree = "<group>"; path = "NSObject+X.d";}; 51AB2ADBB72720F4259E08D9 = {isa = PBXBuildFile; fileRef = C1D159AE0E49306FE8348F20;}; 3B5B000950E443E0637FBA58 = {isa = PBXFileReference; lastKnownFileType = "sourcecode.c.objc"; sourceTree = "<group>"; fileEncoding = 4; path = "NSFileManager+X.m";}; 62F60CED494991C9519E744E = {isa = PBXFileReference; lastKnownFileType = file; sourceTree = "<group>"; path = "XString.d";}; 0EA48E1540BA1B9BCE3B130B = {isa = PBXBuildFile; fileRef = EEFD2D842B2B7AF358CF9BC8;}; 397430BF31020AFD16AAD0DD = {isa = PBXFileReference; lastKnownFileType = "sourcecode.c.h"; sourceTree = "<group>"; fileEncoding = 4; path = "StubbedMethodMemento.h";}; 2068C9677C54495604D21C68 = {isa = PBXBuildFile; fileRef = 6D9DCDDCFD9F2CCD00363051;}; A0C52CE923297776DFC0ABC2 = {isa = PBXFileReference; lastKnownFileType = "sourcecode.c.h"; sourceTree = "<group>"; fileEncoding = 4; path = "NSInvocation+Additions.h";}; 69977E8C0FCBBB97D7EB7C91 = {isa = PBXBuildFile; fileRef = E944001193DB4EFEFF4B5283;}; 3AD29250156384E480138201 = {isa = PBXBuildFile; fileRef = EE9053A123DC94E50F78A41A;}; 756509DC472C4E3A19A16952 = {isa = PBXFileReference; lastKnownFileType = "sourcecode.c.objc"; sourceTree = "<group>"; fileEncoding = 4; path = "RegexKitLite.m";}; D38748620063B2DF3B73BC0A = {isa = PBXFileReference; lastKnownFileType = file; sourceTree = "<group>"; path = "XFile.d";}; 23853698CCCE74D074468864 = {isa = PBXFileReference; explicitFileType = "wrapper.cfbundle"; includeInIndex = 0; sourceTree = BUILT_PRODUCTS_DIR; path = "UnitTests.octest";}; EA654653A2B34B585F55665E = {isa = PBXBuildFile; fileRef = 4C37DB081DABB38466EA4AD1;}; B80F6280670923C2EE178F90 = {isa = PBXBuildFile; fileRef = E92A82D490D987B1F42E957D;}; 2848A3145A154D725BD5C53C = {isa = PBXFileReference; lastKnownFileType = "sourcecode.c.objc"; sourceTree = "<group>"; fileEncoding = 4; path = "NSInvocation+X.m";}; B377FA888B153CEC027163B9 = {isa = PBXFileReference; lastKnownFileType = "sourcecode.c.h"; sourceTree = "<group>"; fileEncoding = 4; path = "Extensions.h";}; 450F725E6358926916D95AC6 = {isa = PBXFileReference; lastKnownFileType = "sourcecode.c.objc"; sourceTree = "<group>"; fileEncoding = 4; path = "XDoublet.m";}; 2AA9E55A8E0C816418E11D93 = {isa = PBXFileReference; lastKnownFileType = "sourcecode.c.h"; sourceTree = "<group>"; fileEncoding = 4; path = "XImage.h";}; 01ED35F5DF186D1597704227 = {isa = PBXBuildFile; fileRef = 568DCB8F681ACCFF7C1F0B9A;}; DEFB4C1E33E651CDA7BCF025 = {isa = PBXFileReference; lastKnownFileType = "sourcecode.c.h"; sourceTree = "<group>"; fileEncoding = 4; path = "XHash.h";}; BD379BFAD4AF3E77865DCA8B = {isa = PBXBuildFile; fileRef = C27659C581CC9EEDD1274B53;}; AAF976E7BF274B90390E1A97 = {isa = PBXFileReference; lastKnownFileType = file; sourceTree = "<group>"; path = "build.rake";}; 4EA034015B955DBE8A8F9BCF = {isa = PBXFileReference; lastKnownFileType = "sourcecode.c.objc"; sourceTree = "<group>"; fileEncoding = 4; path = "XQuadruplet.m";}; 891252F19E5FB1B59BDDAE05 = {isa = PBXBuildFile; fileRef = 63C9B209D066E8531E0C4E3E;}; 014A727CFC113A1311B51BCB = {isa = PBXBuildFile; fileRef = E9F1464C1F2720760156A384;}; 90785ED3F6BDD00918783F46 = {isa = PBXFileReference; lastKnownFileType = "sourcecode.c.objc"; sourceTree = "<group>"; fileEncoding = 4; path = "XHash.m";}; 3778F0B671A79903E1D8B6D3 = {isa = PBXFileReference; lastKnownFileType = "sourcecode.c.h"; sourceTree = "<group>"; fileEncoding = 4; path = "NSArray+X.h";}; A014B45B0916452E86FA31CD = {isa = PBXFileReference; lastKnownFileType = "sourcecode.c.objc"; sourceTree = "<group>"; fileEncoding = 4; path = "NSNumber+X.m";}; 568DCB8F681ACCFF7C1F0B9A = {isa = PBXFileReference; lastKnownFileType = "sourcecode.c.objc"; sourceTree = "<group>"; fileEncoding = 4; path = "NSData+XTest.m";}; AE565F88127800692A5267B8 = {isa = PBXFileReference; lastKnownFileType = "sourcecode.c.objc"; sourceTree = "<group>"; fileEncoding = 4; path = "XArray.m";}; 774F7A273764419293F13931 = {isa = PBXFileReference; lastKnownFileType = "sourcecode.c.objc"; sourceTree = "<group>"; fileEncoding = 4; path = "NSDate+XTest.m";}; 6BA945D930EEAE0E5064DA6B = {isa = PBXFileReference; lastKnownFileType = file; sourceTree = "<group>"; path = "NSDate+X.d";}; DD8AC0C77A2CFC3978AF533F = {isa = PBXGroup; sourceTree = "<group>"; children = (12E2A783751CB88F710AD1FB, 2AA9E55A8E0C816418E11D93, 52C3184320FE04EC56BDBF0D); path = images;}; 9636571442BE1BA7810A95D6 = {isa = PBXBuildFile; fileRef = 8D23D099A3D85CC007DCBA30;}; EA128C7C02995F807797FC4E = {isa = PBXBuildFile; fileRef = DEFB4C1E33E651CDA7BCF025;}; 73E996C008E5AA51D2F0E638 = {name = Frameworks; isa = PBXGroup; sourceTree = "<group>"; children = (EC7D01311215FF8BB0AB37CB, 21977D5E1F12CF4F949F028B);}; 459E88377D858E656F0B50EB = {isa = PBXGroup; sourceTree = "<group>"; children = (10D7A8A09808BBFF5640BA8A, 9CC71C26D478615611C43EC9, B377FA888B153CEC027163B9, 83870DBE490FD79CCA2A46AF, 3778F0B671A79903E1D8B6D3, CDDA3E9B87EAF3CA6B18FDED, 3843E9F6CAB5A8332308E410, 7662326AC21DA3CBB7E62474, 9163DF55D6824FB9A45A2D5E, 6BA945D930EEAE0E5064DA6B, C1D159AE0E49306FE8348F20, 6D9DCDDCFD9F2CCD00363051, 0B48A6168324FD4BBAB5A547, A17D27B529609D61CF0429A7, 0CB0863B46B9C5812A0D894B, 0DCEF42F93981001AD90F4A6, DF5967BDF74A8308D8014D6A, E5F7C3B22DFAD0A0024901D7, 011074AD41C6DF2659A04412, 2847468C51D959D83BCFEF2A, C5872E7F2C80467F8BC631C3, A6E42C8D38CE6EA3AF814A01, 68E98B22D68D53EAD954241B, 3B5B000950E443E0637FBA58, A26639AD48A5884E06CC6B62, 40B88FBBDFF9A9BA57EF31BB, 2848A3145A154D725BD5C53C, F79F8C6B9FA68F47597FAA94, 00835C7E2DC1219CDE18A039, C27659C581CC9EEDD1274B53, 389F2A07C1380AC1E2A85578, AE8E272433BD910D04A82A59, 4D9C40710DA14A04E939BA92, 676394E1B0DADDB316573D57, D66AE4572381862BDFDF4F23, 3C6C1ED64DD1A5FADBF1A42E, 63C9B209D066E8531E0C4E3E, C57DB88C48558B5AF619B0D9, 5894CD73647D3E907CE21552, A014B45B0916452E86FA31CD, A2A88B102BB9AAAA43F0D2F0, A8F88463D6C4B86AB7C95477, C66086B78AE1EBD412FE44EC, 81B9C2C07F79B266564926F2, 952A945EFCFA725F678AD5A9, 9329ACF02FF700BB54C3A3F6); path = extensions;}; 6D2B233A8C273BCF09385B44 = {isa = PBXFileReference; lastKnownFileType = "text.plist.xml"; sourceTree = "<group>"; fileEncoding = 4; path = "TestFile.plist";}; F214DAE2C84D38812111C879 = {isa = PBXBuildFile; fileRef = B2AF145CF0CDBB13766C66DA;}; 06B83D5B07BE7A10BCCB0F6D = {isa = PBXFileReference; lastKnownFileType = "sourcecode.c.objc"; sourceTree = "<group>"; fileEncoding = 4; path = "NSObject+TestTest.m";}; 44DDBD9CEB2524D66BC71D71 = {runOnlyForDeploymentPostprocesssing = 0; isa = PBXSourcesBuildPhase; files = (0B6A4EFFE1E79CC6470FB841, 529CC8B6CADFCD8588BA2FB5, 21B67FE55E977633E33AA08C, 53EE6CC93EB241B479E161C3, D6B75D9F0ED82FAF6CF2ADE1, 2068C9677C54495604D21C68, 0B9D736817FE01A5BA5C01E2, 7F0D2AB21364BB92C8D8A1B9, 45259685E3B735B891139A6E, 68F3AB56F337F564EF3F3C39, C400CACD1B0350FC4312F88D, BD379BFAD4AF3E77865DCA8B, 64E4B085F7C71C2E45511985, CB909FDDD2B9E98AFE095682, 93C7E4F227E79C2B452DC0B4, FE2EC34209CE2B83ADC261AF, 1A1BC5D886196440D0F20CDD, 0F215C2E780900258323D56B, 41E304E1D2DA87DE4D5F9529, 1A31C9E3A9C08F5A3DC17B80, F2AF2E11DE7440683ABE59DC, 713939C644A6BBDB538689DF, F214DAE2C84D38812111C879, 9748258E769623AFE0FA2355, C6E05F13561EF8E15C962B0C, E63C047AC0FC74FB3B29D43B, 4CAEE6E934BCCF660056D35D, 355192B8A3798D5E4CAE3FEA); buildActionMask = 2147483647;}; CB909FDDD2B9E98AFE095682 = {isa = PBXBuildFile; fileRef = 3C6C1ED64DD1A5FADBF1A42E;}; 81B9C2C07F79B266564926F2 = {isa = PBXFileReference; lastKnownFileType = file; sourceTree = "<group>"; path = "NSString+X.d";}; 86B182C64AE1E67479D1480E = {isa = PBXFileReference; lastKnownFileType = "sourcecode.c.objc"; sourceTree = "<group>"; fileEncoding = 4; path = "StubbedMethodMementoCollectionTest.m";}; 3843E9F6CAB5A8332308E410 = {isa = PBXFileReference; lastKnownFileType = file; sourceTree = "<group>"; path = "NSData+X.d";}; CC79E25378544AAF736CEFA5 = {name = "libxml2.2.dylib"; isa = PBXFileReference; lastKnownFileType = "wrapper.dylib"; sourceTree = SDKROOT; path = "usr/lib/libxml2.2.dylib";}; 53B6CAC52967430674CDA3B8 = {isa = PBXGroup; sourceTree = "<group>"; children = (D3391EA6D974B53A2AFB84A7); path = support;}; 1A1BC5D886196440D0F20CDD = {isa = PBXBuildFile; fileRef = 9329ACF02FF700BB54C3A3F6;}; 76E694A4A40317BCFFE5EFB7 = {isa = PBXBuildFile; fileRef = 90A94A99E3E2D84A60C196FF;}; 1B89CA765901AE6B4A9FAECF = {isa = PBXFileReference; lastKnownFileType = "text.plist.xml"; sourceTree = "<group>"; fileEncoding = 4; path = "Info.plist";}; 9163DF55D6824FB9A45A2D5E = {isa = PBXFileReference; lastKnownFileType = "sourcecode.c.objc"; sourceTree = "<group>"; fileEncoding = 4; path = "NSData+X.m";}; E9F1464C1F2720760156A384 = {isa = PBXFileReference; lastKnownFileType = "sourcecode.c.objc"; sourceTree = "<group>"; fileEncoding = 4; path = "NSException+XTest.m";}; 2608408FA9EBDCF471B30670 = {isa = PBXGroup; sourceTree = "<group>"; children = (D38748620063B2DF3B73BC0A, 7F7C6B29CC1B1DD3655FA34C, 68DF03A5BA70933638CA7740, BEE80FCE409EF49D6A42B7A2); path = io;}; 53EE6CC93EB241B479E161C3 = {isa = PBXBuildFile; fileRef = CDDA3E9B87EAF3CA6B18FDED;}; 52D35F07CECDF1F63B40C2B2 = {isa = PBXFileReference; lastKnownFileType = file; sourceTree = "<group>"; path = "test.rake";}; 2A82C00ED789A120ECC613D2 = {isa = PBXBuildFile; fileRef = 95A0F7A3C87430A7C69CD70A;}; 0C3F6D71C8EEF16939DF0B76 = {isa = PBXBuildFile; fileRef = B82FDF6BBD666AB268CB9351;}; 26BE6F03AD0FB2438B983E98 = {isa = PBXFileReference; lastKnownFileType = "sourcecode.c.objc"; sourceTree = "<group>"; fileEncoding = 4; path = "NSNull+XTest.m";}; 7F0D2AB21364BB92C8D8A1B9 = {isa = PBXBuildFile; fileRef = E5F7C3B22DFAD0A0024901D7;}; C27659C581CC9EEDD1274B53 = {isa = PBXFileReference; lastKnownFileType = "sourcecode.c.objc"; sourceTree = "<group>"; fileEncoding = 4; path = "NSMutableArray+X.m";}; EC7D01311215FF8BB0AB37CB = {name = "Foundation.framework"; isa = PBXFileReference; lastKnownFileType = "wrapper.framework"; sourceTree = SDKROOT; path = "System/Library/Frameworks/Foundation.framework";}; E96E7BB7753B64A8E937970C = {name = UnitTests; isa = PBXNativeTarget; productType = "com.apple.product-type.bundle"; productReference = 23853698CCCE74D074468864; buildConfigurationList = 56B700AC9C3574FAFBDD4A0E; productName = UnitTests; buildRules = (); dependencies = (); buildPhases = (1C2017C637BCCD5E1B991049, 70E0B8E1DC5C3D8CFBA880FA);}; C6679E089B9D3F0B99F19088 = {isa = PBXFileReference; lastKnownFileType = "sourcecode.c.objc"; sourceTree = "<group>"; fileEncoding = 4; path = "NSNumber+XTest.m";}; 668288ECBFB6F16393826E7A = {name = "XCoreGraphics.framework"; isa = PBXFileReference; lastKnownFileType = "wrapper.framework"; sourceTree = SDKROOT; path = "System/Library/Frameworks/CoreGraphics.framework";}; 4496F99E1A97BE292DB803E6 = {isa = PBXBuildFile; fileRef = 3778F0B671A79903E1D8B6D3;}; 3C6C1ED64DD1A5FADBF1A42E = {isa = PBXFileReference; lastKnownFileType = "sourcecode.c.objc"; sourceTree = "<group>"; fileEncoding = 4; path = "NSMutableString+X.m";}; 1C5CEFE159F6B453EA271182 = {isa = PBXFileReference; lastKnownFileType = "sourcecode.c.h"; sourceTree = "<group>"; fileEncoding = 4; path = "XTestCase.h";}; 560C52E341009512AC07A2B7 = {isa = PBXFileReference; lastKnownFileType = "sourcecode.c.objc"; sourceTree = "<group>"; fileEncoding = 4; path = "NSArray+XTest.m";}; F71A10CD43471A606E8251C4 = {name = "CoreLocation.framework"; isa = PBXFileReference; lastKnownFileType = "wrapper.framework"; sourceTree = SDKROOT; path = "System/Library/Frameworks/CoreLocation.framework";}; 1086672CD59EEAC3896EAB0A = {isa = PBXFileReference; lastKnownFileType = "sourcecode.c.objc"; sourceTree = "<group>"; fileEncoding = 4; path = "XTestCaseTest.m";}; 110FB5AF87E0CC1640288EE3 = {isa = PBXBuildFile; fileRef = 63D855A2F0658FCDDBA61387;}; C57DB88C48558B5AF619B0D9 = {isa = PBXFileReference; lastKnownFileType = file; sourceTree = "<group>"; path = "NSNumber+X.d";}; 3ACA1CF9D3C8F06235F80CFA = {isa = PBXFileReference; lastKnownFileType = "sourcecode.c.objc"; sourceTree = "<group>"; fileEncoding = 4; path = "NSMutableDictionary+XTest.m";}; 31976B6D8953772637694E57 = {isa = PBXFileReference; lastKnownFileType = "sourcecode.c.h"; sourceTree = "<group>"; fileEncoding = 4; path = "XCollections.h";}; 027E0176EA4D3A4A7A464E2C = {isa = PBXBuildFile; fileRef = 560C52E341009512AC07A2B7;}; B82FDF6BBD666AB268CB9351 = {isa = PBXFileReference; lastKnownFileType = "sourcecode.c.h"; sourceTree = "<group>"; fileEncoding = 4; path = "XObject.h";}; 84B14D9B64933DBE9FA3C3A0 = {isa = PBXFileReference; lastKnownFileType = file; sourceTree = "<group>"; path = "XHash.d";}; 45259685E3B735B891139A6E = {isa = PBXBuildFile; fileRef = C5872E7F2C80467F8BC631C3;}; 1223AA7EC646F1D7F4B58D0A = {isa = PBXFileReference; lastKnownFileType = "sourcecode.c.h"; sourceTree = "<group>"; fileEncoding = 4; path = "NSObject+Test.h";}; 8585047AEC82E95FDF42C824 = {isa = PBXFileReference; lastKnownFileType = "sourcecode.c.h"; sourceTree = "<group>"; fileEncoding = 4; path = "XString.h";}; 732C8D48D697D3EDFFBF379A = {isa = PBXFileReference; lastKnownFileType = "sourcecode.c.objc"; sourceTree = "<group>"; fileEncoding = 4; path = "NSFileManager+XTest.m";}; C033CD4DE083F243E0FBA63A = {isa = PBXBuildFile; fileRef = 1086672CD59EEAC3896EAB0A;}; 9C914BB2FC21DF80E3A46C88 = {isa = PBXFileReference; lastKnownFileType = file; sourceTree = "<group>"; path = "FxCore_Prefix.pch";}; 00835C7E2DC1219CDE18A039 = {isa = PBXFileReference; lastKnownFileType = "sourcecode.c.h"; sourceTree = "<group>"; fileEncoding = 4; path = "NSMutableArray+X.h";}; 40B88FBBDFF9A9BA57EF31BB = {isa = PBXFileReference; lastKnownFileType = "sourcecode.c.h"; sourceTree = "<group>"; fileEncoding = 4; path = "NSInvocation+X.h";}; 35583C3B82C9CA213A3A4AEE = {isa = PBXBuildFile; fileRef = 0D48EB8934F334792C43D7CC;}; 25A9E3056ABCD6A567F5A484 = {isa = PBXBuildFile; fileRef = 00835C7E2DC1219CDE18A039;}; EE9053A123DC94E50F78A41A = {isa = PBXFileReference; lastKnownFileType = "sourcecode.c.objc"; sourceTree = "<group>"; fileEncoding = 4; path = "NSXMLDocument+Test.m";}; 08EF606B43EBF81F1B508851 = {isa = PBXBuildFile; fileRef = 99A7F28C4326354FB3CC70FC;}; 30F77EBBE1D06F974846F477 = {isa = PBXFileReference; lastKnownFileType = "sourcecode.c.objc"; sourceTree = "<group>"; fileEncoding = 4; path = "XAsyncTestHelper.m";}; 0D48EB8934F334792C43D7CC = {isa = PBXFileReference; lastKnownFileType = "sourcecode.c.objc"; sourceTree = "<group>"; fileEncoding = 4; path = "XMethodTest.m";}; 42B0CBE47B6DD723FFCA291E = {isa = PBXBuildFile; fileRef = 0D7415C37DF164D93F8B9791;}; F5AE6117059A1C0F07202530 = {isa = PBXFileReference; lastKnownFileType = "sourcecode.c.h"; sourceTree = "<group>"; fileEncoding = 4; path = "NSXMLDocument+Test.h";}; 8809E01BB97AF7E7AA87E4F1 = {isa = PBXFileReference; lastKnownFileType = "sourcecode.c.h"; sourceTree = "<group>"; fileEncoding = 4; path = "Infrastructure.h";}; DDF6B58D49669ED847F8153F = {isa = PBXFileReference; lastKnownFileType = "sourcecode.c.h"; sourceTree = "<group>"; fileEncoding = 4; path = "XMethod.h";}; D6B75D9F0ED82FAF6CF2ADE1 = {isa = PBXBuildFile; fileRef = 9163DF55D6824FB9A45A2D5E;}; C400CACD1B0350FC4312F88D = {isa = PBXBuildFile; fileRef = 2848A3145A154D725BD5C53C;}; 579D7CA55327B49B4A84BDC2 = {name = "OpenGLES.framework"; isa = PBXFileReference; lastKnownFileType = "wrapper.framework"; sourceTree = SDKROOT; path = "System/Library/Frameworks/OpenGLES.framework";}; BEE80FCE409EF49D6A42B7A2 = {isa = PBXFileReference; lastKnownFileType = "sourcecode.c.h"; sourceTree = "<group>"; fileEncoding = 4; path = "XIo.h";}; 3DF0EA07DDF68B7CB06A65E3 = {isa = PBXBuildFile; fileRef = F39F6DF402ED46AD4E3D6640;}; B84802DA7A97663F6E9EDEB7 = {isa = PBXBuildFile; fileRef = 5894CD73647D3E907CE21552;}; E59D68D07A38A08F96629628 = {isa = PBXFileReference; lastKnownFileType = "sourcecode.c.objc"; sourceTree = "<group>"; fileEncoding = 4; path = "NSObject+XTest.m";}; A2C69425EABE7702AE84AE4E = {isa = PBXGroup; sourceTree = "<group>"; children = (8D23D099A3D85CC007DCBA30, 756509DC472C4E3A19A16952); path = reg_ex;}; 93C7E4F227E79C2B452DC0B4 = {isa = PBXBuildFile; fileRef = A014B45B0916452E86FA31CD;}; DDBE0AB32684DB5E4988CDBE = {isa = PBXFileReference; lastKnownFileType = file; sourceTree = "<group>"; path = "test_file.txt";}; DFB6FABE01CE11FFFD047829 = {isa = PBXBuildFile; fileRef = C6679E089B9D3F0B99F19088;}; E52213D77DD72C1AB8C6645A = {isa = PBXFileReference; explicitFileType = "wrapper.framework"; includeInIndex = 0; sourceTree = BUILT_PRODUCTS_DIR; path = "FrameworkXCore.framework";}; AD4FF16545146B5F0842009C = {isa = PBXFileReference; lastKnownFileType = "sourcecode.c.objc"; sourceTree = "<group>"; fileEncoding = 4; path = "NSInvocation+Additions.m";}; 9CC71C26D478615611C43EC9 = {isa = PBXFileReference; lastKnownFileType = "sourcecode.c.objc"; sourceTree = "<group>"; fileEncoding = 4; path = "_XParameterSet.m";}; 99A7F28C4326354FB3CC70FC = {isa = PBXFileReference; lastKnownFileType = "sourcecode.c.objc"; sourceTree = "<group>"; fileEncoding = 4; path = "NSXMLDocument+TestTest.m";}; 5000BFCC5BC183724B8763CB = {isa = PBXGroup; sourceTree = "<group>"; children = (6D2B233A8C273BCF09385B44, 6987042BF30EF6B344E4378D, B8A7B5C00B97AF2C55712FF6); path = collections;}; 399C5CE7921F06F2FEF35A53 = {isa = PBXBuildFile; fileRef = B377FA888B153CEC027163B9;}; 4C37DB081DABB38466EA4AD1 = {isa = PBXFileReference; lastKnownFileType = "sourcecode.c.objc"; sourceTree = "<group>"; fileEncoding = 4; path = "NSString+XTest.m";}; 928D0D11BFEF7A3F6DCC7F1F = {isa = PBXBuildFile; fileRef = 2AA9E55A8E0C816418E11D93;}; 598CE864B111CDD1651085E3 = {isa = PBXFileReference; lastKnownFileType = "sourcecode.c.objc"; sourceTree = "<group>"; fileEncoding = 4; path = "XCore.m";}; 389F2A07C1380AC1E2A85578 = {isa = PBXFileReference; lastKnownFileType = file; sourceTree = "<group>"; path = "NSMutableDictionary+X.d";}; 1F314684AB9FF8F600161671 = {name = "AddressBook.framework"; isa = PBXFileReference; lastKnownFileType = "wrapper.framework"; sourceTree = SDKROOT; path = "System/Library/Frameworks/AddressBook.framework";}; D47362175CED76D48C97EDDD = {name = "UIKit.framework"; isa = PBXFileReference; lastKnownFileType = "wrapper.framework"; sourceTree = SDKROOT; path = "System/Library/Frameworks/UIKit.framework";}; B55303141B07E9FDE98A3CAD = {name = "QuartzCore.framework"; isa = PBXFileReference; lastKnownFileType = "wrapper.framework"; sourceTree = SDKROOT; path = "System/Library/Frameworks/QuartzCore.framework";}; 10D7A8A09808BBFF5640BA8A = {isa = PBXFileReference; lastKnownFileType = "sourcecode.c.h"; sourceTree = "<group>"; fileEncoding = 4; path = "_XParameterSet.h";}; CDDA3E9B87EAF3CA6B18FDED = {isa = PBXFileReference; lastKnownFileType = "sourcecode.c.objc"; sourceTree = "<group>"; fileEncoding = 4; path = "NSArray+X.m";}; 0AF0D8A37FEDA5B701697A57 = {isa = PBXBuildFile; fileRef = 041A715AD942F52E084F6227;}; 040F5C11FCD59ADA945524A6 = {isa = PBXBuildFile; fileRef = 7CC0A26A19E16AFE2EE5A4E5;}; 05F734EEC4BEC3883EFBCA01 = {isa = PBXBuildFile; fileRef = DDF6B58D49669ED847F8153F;}; AE8E272433BD910D04A82A59 = {isa = PBXFileReference; lastKnownFileType = "sourcecode.c.h"; sourceTree = "<group>"; fileEncoding = 4; path = "NSMutableDictionary+X.h";}; 4D9C40710DA14A04E939BA92 = {isa = PBXFileReference; lastKnownFileType = "sourcecode.c.objc"; sourceTree = "<group>"; fileEncoding = 4; path = "NSMutableDictionary+X.m";}; 011074AD41C6DF2659A04412 = {isa = PBXFileReference; lastKnownFileType = file; sourceTree = "<group>"; path = "NSException+X.d";}; 417F28D783D58319CCAFED24 = {isa = PBXFileReference; lastKnownFileType = "sourcecode.c.objc"; sourceTree = "<group>"; fileEncoding = 4; path = "XTrampoline.m";}; C6E05F13561EF8E15C962B0C = {isa = PBXBuildFile; fileRef = 4EA034015B955DBE8A8F9BCF;}; 952A945EFCFA725F678AD5A9 = {isa = PBXFileReference; lastKnownFileType = "sourcecode.c.h"; sourceTree = "<group>"; fileEncoding = 4; path = "NSString+X.h";}; E5F7C3B22DFAD0A0024901D7 = {isa = PBXFileReference; lastKnownFileType = "sourcecode.c.objc"; sourceTree = "<group>"; fileEncoding = 4; path = "NSDictionary+X.m";}; 355192B8A3798D5E4CAE3FEA = {isa = PBXBuildFile; fileRef = 038B6D7376025A27A58B760B;}; 1A31C9E3A9C08F5A3DC17B80 = {isa = PBXBuildFile; fileRef = 756509DC472C4E3A19A16952;}; 668ACE6D95074B5423E7E14E = {isa = PBXGroup; sourceTree = "<group>"; children = (618DAC9B9C6DF080A7CE851E, 459E88377D858E656F0B50EB, F39F6DF402ED46AD4E3D6640, DD8AC0C77A2CFC3978AF533F, 2608408FA9EBDCF471B30670, B58AF23C249868986425CBC0, A2C69425EABE7702AE84AE4E, EEFD2D842B2B7AF358CF9BC8, 598CE864B111CDD1651085E3, A008FF283CC5CD02280100D8, 0A1BAB978D1F4674C062040B, 450F725E6358926916D95AC6, F3F042358DDBE6D12E6D4F52, DDF6B58D49669ED847F8153F, B2AF145CF0CDBB13766C66DA, 073833C1A6C4866E4617B784, B82FDF6BBD666AB268CB9351, FBF91EDABDBD9280928DF21F, D72F0109C344A2DD96293CF6, 0D68BE3A3B777B6190572734, 4EA034015B955DBE8A8F9BCF, 62F60CED494991C9519E744E, 8585047AEC82E95FDF42C824, 4559DAF95A0821CC4612A454, 30F983472C61079A17BD6D2C, 95A0F7A3C87430A7C69CD70A, 417F28D783D58319CCAFED24, 81CE782147C4708AC3C15A7C, E92A82D490D987B1F42E957D, 038B6D7376025A27A58B760B); path = source;};};}