{archiveVersion = 1; rootObject = 6CD3C244C48A17C36D3DB532; classes = {}; objectVersion = 45; objects = {2F1F0A329231705DAFAF79C8 = {isa = PBXFileReference; lastKnownFileType = "sourcecode.c.h"; sourceTree = "<group>"; fileEncoding = 4; path = "XDoublet.h";}; 71368539F8235D4AD4FF0373 = {name = "XCoreGraphics.framework"; isa = PBXFileReference; lastKnownFileType = "wrapper.framework"; sourceTree = SDKROOT; path = "System/Library/Frameworks/CoreGraphics.framework";}; 3B141434C8B5D40ACB36C252 = {isa = PBXFileReference; lastKnownFileType = "sourcecode.c.h"; sourceTree = "<group>"; fileEncoding = 4; path = "TestMacros.h";}; 7E377F71CCF46BAD1207E11C = {isa = PBXBuildFile; fileRef = B3C2C37DBB394B90AEFAB91D;}; 862010AD7539D5F5D393B3D8 = {isa = PBXBuildFile; fileRef = 78E4672631EA15520C3358E9;}; D42A5DBA01225426F6F58C7E = {isa = PBXFileReference; lastKnownFileType = "sourcecode.c.objc"; sourceTree = "<group>"; fileEncoding = 4; path = "NSObject+X.m";}; 36F63491FA49B8EA2B773437 = {runOnlyForDeploymentPostprocesssing = 0; isa = PBXSourcesBuildPhase; files = (63289CDBDD0E007AF38D5E49, DDBD09C47FC1F2E12FBAF5F0, 70D26A3C0750600E267E8696, C00E42887587DB5DB5A4160B, E6DCDBBA9A6FF3C34723B60B, C92134BD9BFA588EB62CD6DF, C3BB53361465D092376B652F, B8368B2D0F2E476005599422, 862010AD7539D5F5D393B3D8, 196D722F5F956FB8181B80D7, 2B015B2F161C1D58A43FB4A6, 8289F904C84CCAD0A6AD5A95, E223886A845D100D2969B7A2, 9F856D86E6C5EB7B47A1E78E, 05D513532C75787ED6DCAAB9, AF77D08929485F4475170F7D, 2DD3AC97E7E7A13A775206C2, E075EFD381298F33D8EB21EE, 25AA5C7405BA0D00EC5D153F, EC35503D94D13D64D351DABB, AA9CD024F622BE70B78BDC11, 72DC4ADD27F4AD48A8097C38, 9DE8B1396BB7A761057AA934, D11C53B74FE26A79648687A8, D8564A1AF92B1383EDC961C9, 5241FF743B6CAAFB85878275, 9B9AC4220DAD338F0ABFA578, 659CEEA916C02A609A7B6065); buildActionMask = 2147483647;}; C06D7D8D695E5E370C1E08B8 = {isa = PBXFileReference; lastKnownFileType = "sourcecode.c.h"; sourceTree = "<group>"; fileEncoding = 4; path = "NSNull+X.h";}; 82A38563673F7A7A5F8BD0D4 = {isa = PBXFileReference; lastKnownFileType = "sourcecode.c.objc"; sourceTree = "<group>"; fileEncoding = 4; path = "NSArray+X.m";}; 678A467CCC341BA65D96338A = {isa = PBXBuildFile; fileRef = 515521B9934785B8C1A9DEF4;}; A63530A468C7C4DA8FBC8769 = {isa = PBXFileReference; lastKnownFileType = file; sourceTree = "<group>"; path = "XHash.d";}; 260FB8736BC965BBAEDDFDBE = {isa = PBXFileReference; lastKnownFileType = "text.plist.xml"; sourceTree = "<group>"; fileEncoding = 4; path = "Info.plist";}; EA139F3DD687D396696C2BCE = {isa = PBXFileReference; lastKnownFileType = "sourcecode.c.objc"; sourceTree = "<group>"; fileEncoding = 4; path = "XFile.m";}; 3EF866D190DD7391EE50B8D1 = {buildConfigurations = (70B5C333865CB8A10927A223, 2005574AA0A7DF9CE84AF2A8); defaultConfigurationIsVisible = 0; isa = XCConfigurationList; defaultConfigurationName = Release;}; B551DF3612AC1AB4517AB0E0 = {isa = PBXBuildFile; fileRef = B0ADEF300EFFB159BEF37267;}; D4EB574FEB41176F1C986944 = {isa = PBXFileReference; lastKnownFileType = "sourcecode.c.objc"; sourceTree = "<group>"; fileEncoding = 4; path = "XImage.m";}; 624252E8E0571A532D87243A = {isa = PBXFileReference; lastKnownFileType = "sourcecode.c.h"; sourceTree = "<group>"; fileEncoding = 4; path = "NSXMLDocument+Test.h";}; F8C7D5DB97A2F2AC34086398 = {isa = PBXFileReference; lastKnownFileType = "sourcecode.c.h"; sourceTree = "<group>"; fileEncoding = 4; path = "Infrastructure.h";}; DE043EA7279E9CCA3CCD2159 = {isa = PBXFileReference; lastKnownFileType = "sourcecode.c.objc"; sourceTree = "<group>"; fileEncoding = 4; path = "XAsyncTestHelper.m";}; 6A6DB717D71F136B7B7DAFB9 = {isa = PBXFileReference; lastKnownFileType = "sourcecode.c.objc"; sourceTree = "<group>"; fileEncoding = 4; path = "NSFileManager+X.m";}; 5B89BDEB3160351A27DF367B = {name = Release; isa = XCBuildConfiguration; buildSettings = {GCC_WARN_ABOUT_RETURN_TYPE = YES; SDKROOT = "macosx10.5"; PREBINDING = NO; ARCHS = "$(ARCHS_STANDARD_32_BIT)"; GCC_WARN_UNUSED_VARIABLE = YES; HEADER_SEARCH_PATHS = /usr/include/libxml2; GCC_C_LANGUAGE_STANDARD = c99;};}; 77390567DBD32D258A27A589 = {isa = PBXBuildFile; fileRef = CE18B730013F7104C4328720;}; 61A476AF822EA4067489D1A1 = {isa = PBXBuildFile; fileRef = 85DDD0BC8FC9EDBF6DD7058F;}; 3B1A39F71A1FF7249DC063A9 = {isa = PBXFileReference; lastKnownFileType = "sourcecode.c.h"; sourceTree = "<group>"; fileEncoding = 4; path = "StubbedMethodMemento.h";}; 2B015B2F161C1D58A43FB4A6 = {isa = PBXBuildFile; fileRef = F27991F22E4BBD2B39C1F6FA;}; ECEE5FCFEAD3A220250F560D = {isa = PBXGroup; sourceTree = "<group>"; children = (4A393E7079F29051FC5C0262, E13C6F8D2E6BC59AEEEAC901, EC63D1D867C559701F0FADB8, 6EF16999D2455D0B1F32D63F, E82A0DFEFE31DB68934CB882, A7FBF1CF4A776EF8FB932109); path = rake;}; FB786BCFAFFA46CDF901A066 = {isa = PBXFileReference; lastKnownFileType = "sourcecode.c.objc"; sourceTree = "<group>"; fileEncoding = 4; path = "NSObject+TestTest.m";}; 73291C9525D3D6AEC70B6025 = {isa = PBXFileReference; lastKnownFileType = "sourcecode.c.objc"; sourceTree = "<group>"; fileEncoding = 4; path = "NSNumber+X.m";}; A3AD51CB72AE92DDD1B07965 = {isa = PBXFileReference; lastKnownFileType = "sourcecode.c.objc"; sourceTree = "<group>"; fileEncoding = 4; path = "NSDate+X.m";}; 88BB1F0A992966A03F983C1E = {isa = PBXFileReference; lastKnownFileType = "sourcecode.c.h"; sourceTree = "<group>"; fileEncoding = 4; path = "NSString+X.h";}; 495DCEEA4341B48A6D95BCA4 = {isa = PBXBuildFile; fileRef = EF253C997E270E8E03584609;}; CE18B730013F7104C4328720 = {isa = PBXFileReference; lastKnownFileType = "sourcecode.c.objc"; sourceTree = "<group>"; fileEncoding = 4; path = "XTestCaseTest.m";}; 9F8B3256312E0B3E14AAF806 = {isa = PBXGroup; sourceTree = "<group>"; children = (46F2DB084D2A1051770D36AA); path = infrastructure;}; 4591D3BC73F6787327FB6F2F = {isa = PBXFileReference; lastKnownFileType = file; sourceTree = "<group>"; path = "oc.tmproj";}; 25AA5C7405BA0D00EC5D153F = {isa = PBXBuildFile; fileRef = EA139F3DD687D396696C2BCE;}; 9DE8B1396BB7A761057AA934 = {isa = PBXBuildFile; fileRef = BF06E2FA17F7766318F9325B;}; 94B3B70DB918FAAB9FE4CC4D = {name = "SenTestingKit.framework"; isa = PBXFileReference; lastKnownFileType = "wrapper.framework"; sourceTree = "<absolute>"; path = "/Developer/Library/Frameworks/SenTestingKit.framework";}; 05D513532C75787ED6DCAAB9 = {isa = PBXBuildFile; fileRef = 73291C9525D3D6AEC70B6025;}; 72DC4ADD27F4AD48A8097C38 = {isa = PBXBuildFile; fileRef = 9E58AB0509C588AB555D6210;}; 5AB0F890CB14974155C492FB = {name = "AddressBookUI.framework"; isa = PBXFileReference; lastKnownFileType = "wrapper.framework"; sourceTree = SDKROOT; path = "System/Library/Frameworks/AddressBookUI.framework";}; D34037F4198DEA16941504DA = {isa = PBXFileReference; lastKnownFileType = "sourcecode.c.h"; sourceTree = "<group>"; fileEncoding = 4; path = "NSObject+X.h";}; 5241FF743B6CAAFB85878275 = {isa = PBXBuildFile; fileRef = 171F68BAD471EFDC395622DF;}; 8D003268C438760C05E94347 = {isa = PBXFileReference; lastKnownFileType = "sourcecode.c.h"; sourceTree = "<group>"; fileEncoding = 4; path = "OCMock+Extension.h";}; 0DCAB3E8A6644E775F0DBA6A = {isa = PBXFileReference; lastKnownFileType = "sourcecode.c.h"; sourceTree = "<group>"; fileEncoding = 4; path = "XCollections.h";}; 1EA17D35703F57AD9E974A56 = {isa = PBXFileReference; lastKnownFileType = file; sourceTree = "<group>"; path = "NSFileManager+X.d";}; 25217EF2A5F2A7273B6DFE6E = {isa = PBXFileReference; lastKnownFileType = "sourcecode.c.objc"; sourceTree = "<group>"; fileEncoding = 4; path = "SampleTest.m";}; BB4AA2CE37FCA936BAD0BD29 = {isa = PBXGroup; sourceTree = "<group>"; children = (); path = unit;}; 13E83ABC5C278F699A974788 = {isa = PBXBuildFile; fileRef = C878C8DBEAA878FDA190F9D8;}; 26D2B79BDE16874B87FFCA60 = {isa = PBXBuildFile; fileRef = 7B842B83D455E02902B6AB42;}; 40350670F910195F75292980 = {name = FrameworkXCore; isa = PBXNativeTarget; productType = "com.apple.product-type.framework"; productReference = C53CD0C47024544E92289299; buildConfigurationList = 3EF866D190DD7391EE50B8D1; productName = FrameworkXCore; buildRules = (); dependencies = (); buildPhases = (36F63491FA49B8EA2B773437, FA8657FF35B03B5D9BFBCAC0);}; 6EF16999D2455D0B1F32D63F = {isa = PBXFileReference; lastKnownFileType = file; sourceTree = "<group>"; path = "header_files.rake";}; B155B1F4CBA700CD5FE3ABF6 = {isa = PBXFileReference; lastKnownFileType = "sourcecode.c.h"; sourceTree = "<group>"; fileEncoding = 4; path = "XAsyncTestHelper.h";}; 54BE6B2B9E8F31BF816E9E22 = {isa = PBXFileReference; lastKnownFileType = "sourcecode.c.h"; sourceTree = "<group>"; fileEncoding = 4; path = "Extensions.h";}; 3E917FF46004BC1EB1161BBD = {name = "Linked Frameworks"; isa = PBXGroup; sourceTree = "<group>"; children = (64B6B1B52D30AE50EC5D893A, BC70856ED9B5909DBEA6E3C2);}; A6E9615E094CE6A890E22291 = {isa = PBXFileReference; lastKnownFileType = "sourcecode.c.h"; sourceTree = "<group>"; fileEncoding = 4; path = "NSNumber+X.h";}; 9BACE1CA1B273CE75F2EE69E = {isa = PBXBuildFile; fileRef = ADF3B3D9BB9935196AD8B849;}; AC973DA8A66D854AED0195AF = {isa = PBXFileReference; lastKnownFileType = "sourcecode.c.objc"; sourceTree = "<group>"; fileEncoding = 4; path = "XQuadruplet.m";}; A7FBF1CF4A776EF8FB932109 = {isa = PBXFileReference; lastKnownFileType = file; sourceTree = "<group>"; path = "test.rake";}; EF253C997E270E8E03584609 = {isa = PBXFileReference; lastKnownFileType = "sourcecode.c.objc"; sourceTree = "<group>"; fileEncoding = 4; path = "NSXMLDocument+Test.m";}; 5AB57913053F134BC47E4E3F = {isa = PBXFileReference; lastKnownFileType = "sourcecode.c.objc"; sourceTree = "<group>"; fileEncoding = 4; path = "NSArray+XTest.m";}; 171F68BAD471EFDC395622DF = {isa = PBXFileReference; lastKnownFileType = "sourcecode.c.objc"; sourceTree = "<group>"; fileEncoding = 4; path = "XString.m";}; F3B5230A55B258D0BA4A9F01 = {isa = PBXBuildFile; fileRef = C53CD0C47024544E92289299;}; 1EFAF1219AAF1C96EE7963C8 = {isa = PBXBuildFile; fileRef = 251AD2FE00B6CB7B9942792A;}; D6DA76ED0E5A60DE7E2378F5 = {isa = PBXFileReference; lastKnownFileType = "sourcecode.c.objc"; sourceTree = "<group>"; fileEncoding = 4; path = "XArray.m";}; E6142F59F13A38DD0C4C2D5A = {isa = PBXFileReference; lastKnownFileType = "sourcecode.c.h"; sourceTree = "<group>"; fileEncoding = 4; path = "XIo.h";}; 45F041B644B45E18D8B57FFE = {isa = PBXBuildFile; fileRef = E62C32824C990786373A4982;}; 515521B9934785B8C1A9DEF4 = {isa = PBXFileReference; lastKnownFileType = "sourcecode.c.objc"; sourceTree = "<group>"; fileEncoding = 4; path = "NSObject+XTest.m";}; FA8657FF35B03B5D9BFBCAC0 = {runOnlyForDeploymentPostprocesssing = 0; isa = PBXFrameworksBuildPhase; files = (D50946A34EC631B9CE36BC41, A8F73B6D493994211767103F); buildActionMask = 2147483647;}; E44A71B5ADE9CE4B8DAF9AA3 = {isa = PBXFileReference; lastKnownFileType = "sourcecode.c.h"; sourceTree = "<group>"; fileEncoding = 4; path = "XTriplet.h";}; 4C8952254746702E23F86F70 = {isa = PBXGroup; sourceTree = "<group>"; children = (D2D35A74E0A827B049A517C0, 4FEBBEC63B8F2C32058CA9B9, B3C2C37DBB394B90AEFAB91D, 3B141434C8B5D40ACB36C252, CE18B730013F7104C4328720); path = test;}; B3C2C37DBB394B90AEFAB91D = {isa = PBXFileReference; lastKnownFileType = "sourcecode.c.objc"; sourceTree = "<group>"; fileEncoding = 4; path = "StubbedMethodMementoTest.m";}; 7C459189CD86CA89BAED68E2 = {isa = PBXFileReference; lastKnownFileType = file; sourceTree = "<group>"; path = "xcodeproj.yml";}; 39BB0DA2014B7BB0E0216CBA = {isa = PBXFileReference; lastKnownFileType = "sourcecode.c.objc"; sourceTree = "<group>"; fileEncoding = 4; path = "NSException+XTest.m";}; 13CF6EB76D21A066885AE161 = {buildConfigurations = (8D3FD185025933FFBB38900E, B2D4FE86E03ED5D2CA457D97); defaultConfigurationIsVisible = 0; isa = XCConfigurationList; defaultConfigurationName = Release;}; 6EED747E90AB6ED9539FD3EA = {isa = PBXBuildFile; fileRef = ABD1E180D11FAAC47A1C644B;}; B78D1F20C795115A897646F4 = {name = "UIKit.framework"; isa = PBXFileReference; lastKnownFileType = "wrapper.framework"; sourceTree = SDKROOT; path = "System/Library/Frameworks/UIKit.framework";}; 0BDC46D66A154E70453B1718 = {isa = PBXGroup; sourceTree = "<group>"; children = (31D4FD8CF175570FF1ADC617, ABD1E180D11FAAC47A1C644B, 89EA37DF0804AEFB1D10DCB1); path = collections;}; 32DABA4CC2E0DC3A97E9FE25 = {isa = PBXFileReference; lastKnownFileType = "sourcecode.c.h"; sourceTree = "<group>"; fileEncoding = 4; path = "XString.h";}; C3BB53361465D092376B652F = {isa = PBXBuildFile; fileRef = FD47EDFF5AB62836F130B8C1;}; 84216AAB45D313A67B43C60C = {isa = PBXFileReference; lastKnownFileType = file; sourceTree = "<group>"; path = "NSArray+X.d";}; 31D4FD8CF175570FF1ADC617 = {isa = PBXFileReference; lastKnownFileType = "text.plist.xml"; sourceTree = "<group>"; fileEncoding = 4; path = "TestFile.plist";}; A1925A1C40903254DA87C646 = {isa = PBXFileReference; lastKnownFileType = file; sourceTree = "<group>"; path = "NSMutableDictionary+X.d";}; B194B93C8029D1D614A947E1 = {name = Debug; isa = XCBuildConfiguration; buildSettings = {GCC_WARN_ABOUT_RETURN_TYPE = YES; GCC_OPTIMIZATION_LEVEL = 0; SDKROOT = "macosx10.5"; PREBINDING = NO; ARCHS = "$(ARCHS_STANDARD_32_BIT)"; GCC_WARN_UNUSED_VARIABLE = YES; HEADER_SEARCH_PATHS = /usr/include/libxml2; GCC_C_LANGUAGE_STANDARD = c99; ONLY_ACTIVE_ARCH = YES;};}; C5C76354A37F9AA3C202FD71 = {isa = PBXBuildFile; fileRef = 7F61C01ECECFCCFF9128D609;}; A434B51E172BB085B28D2971 = {isa = PBXGroup; sourceTree = "<group>"; children = (E66555BE2DD48CD0D202A2EC, 6F67D07047822B3B0D3B3BA7, 54BE6B2B9E8F31BF816E9E22, 84216AAB45D313A67B43C60C, 89FCEF46CB6DC41E6340895A, 82A38563673F7A7A5F8BD0D4, EC587278A442F5031822A827, 14B1C8F024FEF440DA5C856B, 62C8C281D169E56A4C8F1847, 6A2E983A1E21F6D2A6A32219, 9F4617287A94A6F502CCBA71, A3AD51CB72AE92DDD1B07965, C1333ECA5BF8BE178261F06F, 19792DB4A1CCB14406B33672, FD47EDFF5AB62836F130B8C1, 69C66DD3AA6A05BA044CAC4D, 478435010AB0468FCDCE6F53, 914E14DD6C7EA52887AA8DEF, 71108352E88AC6BF088594CF, 45C9704E2F1117BD8BA7788E, 78E4672631EA15520C3358E9, 1EA17D35703F57AD9E974A56, 42FFFCF16DFFC4A4065AF8F7, 6A6DB717D71F136B7B7DAFB9, CFC9F12F764B4F900A20D6C9, 09683D40548DC0DD70B94EF6, F27991F22E4BBD2B39C1F6FA, 8B362673D77FF6E4E58F14A9, 12D4F65FFDA0B9A243BA36FB, 6CE8FEA648670B006A87EB18, A1925A1C40903254DA87C646, 9AF2090C46576DD417136E39, 253CEC5436A5C40404403717, 29BFE484858DC3E39E6AA304, 7A0F932B880B3931004BC995, 943817D94707EE8EE68EC316, C06D7D8D695E5E370C1E08B8, 4288B234D860E3CB7DAB0309, A6E9615E094CE6A890E22291, 73291C9525D3D6AEC70B6025, A166E8BCCB0E0EA057331546, D34037F4198DEA16941504DA, D42A5DBA01225426F6F58C7E, D15F6D996C1D250493811BCE, 88BB1F0A992966A03F983C1E, 867C1ED03F3C47F08A67E763); path = extensions;}; 19792DB4A1CCB14406B33672 = {isa = PBXFileReference; lastKnownFileType = "sourcecode.c.h"; sourceTree = "<group>"; fileEncoding = 4; path = "NSDateFormatter+X.h";}; 29BFE484858DC3E39E6AA304 = {isa = PBXFileReference; lastKnownFileType = file; sourceTree = "<group>"; path = "NSMutableString+X.d";}; E223886A845D100D2969B7A2 = {isa = PBXBuildFile; fileRef = 253CEC5436A5C40404403717;}; D925BAA54BB065F049F2ECB8 = {isa = PBXFileReference; lastKnownFileType = "sourcecode.c.objc"; sourceTree = "<group>"; fileEncoding = 4; path = "XTriplet.m";}; ABF0F61619EFFB9F57925B77 = {name = Products; isa = PBXGroup; sourceTree = "<group>"; children = (93CEEFA195A1C11E4438EFA7, C53CD0C47024544E92289299);}; DDBD09C47FC1F2E12FBAF5F0 = {isa = PBXBuildFile; fileRef = 86B96AB0F3DCEE950DC8421A;}; B9C92CA40062EB82ECC8DCB0 = {name = "AddressBook.framework"; isa = PBXFileReference; lastKnownFileType = "wrapper.framework"; sourceTree = SDKROOT; path = "System/Library/Frameworks/AddressBook.framework";}; 9BB24C003C923AD7C1D51C90 = {isa = PBXFileReference; lastKnownFileType = "sourcecode.c.h"; sourceTree = "<group>"; fileEncoding = 4; path = "XMethod.h";}; F20CDD24E9D139973478ADB3 = {name = "FrameworkX.framework"; isa = PBXFileReference; lastKnownFileType = "wrapper.framework"; sourceTree = "<group>"; path = "frameworks/FrameworkX.framework";}; D42DE0A8DCBF74B37CF87301 = {isa = PBXGroup; sourceTree = "<group>"; children = (); path = integration;}; BBDEBEC69DA60493F92D9D0F = {isa = PBXFileReference; lastKnownFileType = "sourcecode.c.objc"; sourceTree = "<group>"; fileEncoding = 4; path = "XObjectTest.m";}; B8368B2D0F2E476005599422 = {isa = PBXBuildFile; fileRef = 914E14DD6C7EA52887AA8DEF;}; C53CD0C47024544E92289299 = {isa = PBXFileReference; explicitFileType = "wrapper.framework"; includeInIndex = 0; sourceTree = BUILT_PRODUCTS_DIR; path = "FrameworkXCore.framework";}; 15E4AA1365BF7B7D355ADFD5 = {isa = PBXFileReference; lastKnownFileType = "sourcecode.c.objc"; sourceTree = "<group>"; fileEncoding = 4; path = "StubbedMethodMemento.m";}; 70D26A3C0750600E267E8696 = {isa = PBXBuildFile; fileRef = 6F67D07047822B3B0D3B3BA7;}; 867C1ED03F3C47F08A67E763 = {isa = PBXFileReference; lastKnownFileType = "sourcecode.c.objc"; sourceTree = "<group>"; fileEncoding = 4; path = "NSString+X.m";}; 42FFFCF16DFFC4A4065AF8F7 = {isa = PBXFileReference; lastKnownFileType = "sourcecode.c.h"; sourceTree = "<group>"; fileEncoding = 4; path = "NSFileManager+X.h";}; BF86A39096750C96E53932C9 = {isa = PBXFileReference; lastKnownFileType = "sourcecode.c.objc"; sourceTree = "<group>"; fileEncoding = 4; path = "XObject.m";}; F590B70AEABD78B51011F99C = {isa = PBXFileReference; lastKnownFileType = "sourcecode.c.h"; sourceTree = "<group>"; fileEncoding = 4; path = "RegexKitLite.h";}; 7F61C01ECECFCCFF9128D609 = {isa = PBXFileReference; lastKnownFileType = "sourcecode.c.objc"; sourceTree = "<group>"; fileEncoding = 4; path = "NSObject+Test.m";}; 48D5691A08965DEC11F68752 = {isa = PBXBuildFile; fileRef = 3DA24136E76B7700D4D36A3C;}; 478435010AB0468FCDCE6F53 = {isa = PBXFileReference; lastKnownFileType = "sourcecode.c.h"; sourceTree = "<group>"; fileEncoding = 4; path = "NSDictionary+X.h";}; 94A98D87692E3AF8CFF3C4CD = {isa = PBXFileReference; lastKnownFileType = "sourcecode.c.h"; sourceTree = "<group>"; fileEncoding = 4; path = "XCore.h";}; FF4298DA760E22F75A63E37D = {isa = PBXFileReference; lastKnownFileType = "sourcecode.c.h"; sourceTree = "<group>"; fileEncoding = 4; path = "NSInvocation+Additions.h";}; 86B96AB0F3DCEE950DC8421A = {isa = PBXFileReference; lastKnownFileType = "sourcecode.c.objc"; sourceTree = "<group>"; fileEncoding = 4; path = "XHash.m";}; EC35503D94D13D64D351DABB = {isa = PBXBuildFile; fileRef = 70527DA5C51CA03D3CB49124;}; D50946A34EC631B9CE36BC41 = {isa = PBXBuildFile; fileRef = 64B6B1B52D30AE50EC5D893A;}; 10043A1F52EAD7121701CEA2 = {isa = PBXBuildFile; fileRef = FB786BCFAFFA46CDF901A066;}; 64B6B1B52D30AE50EC5D893A = {name = "Foundation.framework"; isa = PBXFileReference; lastKnownFileType = "wrapper.framework"; sourceTree = SDKROOT; path = "System/Library/Frameworks/Foundation.framework";}; 970DACD1ED8154BFABDDEA58 = {isa = PBXFileReference; lastKnownFileType = "sourcecode.c.h"; sourceTree = "<group>"; fileEncoding = 4; path = "StubbedMethodMementoCollection.h";}; 6CD3C244C48A17C36D3DB532 = {isa = PBXProject; buildConfigurationList = B2CF63720FA8BEFF93B7665E; targets = (40350670F910195F75292980, D3BA4C58DE0237CD25CCEE82); projectDirPath = ""; compatibilityVersion = "Xcode 3.1"; projectRoot = ""; mainGroup = C454942CA4F47DAC792AADD8;}; D11C53B74FE26A79648687A8 = {isa = PBXBuildFile; fileRef = BF86A39096750C96E53932C9;}; FFF40C12A03A5206E119E0BF = {isa = PBXFileReference; lastKnownFileType = "sourcecode.c.h"; sourceTree = "<group>"; fileEncoding = 4; path = "FrameworkX.h";}; BC70856ED9B5909DBEA6E3C2 = {name = "libicucore.dylib"; isa = PBXFileReference; lastKnownFileType = "wrapper.dylib"; sourceTree = SDKROOT; path = "usr/lib/libicucore.dylib";}; BC48BCEC5A29558543ED0C43 = {isa = PBXBuildFile; fileRef = DE043EA7279E9CCA3CCD2159;}; BAFDFBB8647778035FA7F678 = {isa = PBXFileReference; lastKnownFileType = "sourcecode.c.h"; sourceTree = "<group>"; fileEncoding = 4; path = "Macros.h";}; EC587278A442F5031822A827 = {isa = PBXFileReference; lastKnownFileType = file; sourceTree = "<group>"; path = "NSData+X.d";}; 9FDB2DCBC9122A0FC5D7EC22 = {isa = PBXGroup; sourceTree = "<group>"; children = (C900F38B0718981A41AEE798, FF4298DA760E22F75A63E37D, 57682BB372812B0A37882215, C59A0AE1809673061E77F0A6, 7F61C01ECECFCCFF9128D609, 624252E8E0571A532D87243A, EF253C997E270E8E03584609); path = extensions;}; 62C8C281D169E56A4C8F1847 = {isa = PBXFileReference; lastKnownFileType = "sourcecode.c.objc"; sourceTree = "<group>"; fileEncoding = 4; path = "NSData+X.m";}; 488E791759F4EBDEF67FEE7B = {isa = PBXBuildFile; fileRef = 83AAC33583F02015E369C986;}; FD47EDFF5AB62836F130B8C1 = {isa = PBXFileReference; lastKnownFileType = "sourcecode.c.objc"; sourceTree = "<group>"; fileEncoding = 4; path = "NSDateFormatter+X.m";}; 9B732CB0536F4FDC947606F4 = {isa = PBXFileReference; lastKnownFileType = "sourcecode.c.h"; sourceTree = "<group>"; fileEncoding = 4; path = "XTrampoline.h";}; 57682BB372812B0A37882215 = {isa = PBXFileReference; lastKnownFileType = "sourcecode.c.objc"; sourceTree = "<group>"; fileEncoding = 4; path = "NSInvocation+Additions.m";}; B6BE7A09D118B5425C38D26C = {isa = PBXGroup; sourceTree = "<group>"; children = (0BDC46D66A154E70453B1718, 4CB35A15EDD9074D70448D67, 9F8B3256312E0B3E14AAF806, D42DE0A8DCBF74B37CF87301, 243ADAEE8796D3FFC3FC07F7, AB6EF36A14046D8419156116, BB4AA2CE37FCA936BAD0BD29, 25268C9030D669863B727A01, BBDEBEC69DA60493F92D9D0F, C878C8DBEAA878FDA190F9D8); path = test;}; 3DA24136E76B7700D4D36A3C = {isa = PBXFileReference; lastKnownFileType = "sourcecode.c.objc"; sourceTree = "<group>"; fileEncoding = 4; path = "NSMutableArray+XTest.m";}; 77DEB07EE95C053F33EF282A = {isa = PBXFileReference; lastKnownFileType = file; sourceTree = "<group>"; path = "XDoublet.d";}; 93CEEFA195A1C11E4438EFA7 = {isa = PBXFileReference; explicitFileType = "wrapper.cfbundle"; includeInIndex = 0; sourceTree = BUILT_PRODUCTS_DIR; path = "UnitTests.octest";}; 3B8E23B0102D37B2E3D6DE96 = {isa = PBXBuildFile; fileRef = CCFE4AA6F8D2804D84219269;}; F27991F22E4BBD2B39C1F6FA = {isa = PBXFileReference; lastKnownFileType = "sourcecode.c.objc"; sourceTree = "<group>"; fileEncoding = 4; path = "NSInvocation+X.m";}; 378645C4605094319E4F9BA8 = {isa = PBXFileReference; lastKnownFileType = "sourcecode.c.objc"; sourceTree = "<group>"; fileEncoding = 4; path = "NSXMLDocument+TestTest.m";}; ADF3B3D9BB9935196AD8B849 = {isa = PBXFileReference; lastKnownFileType = "sourcecode.c.objc"; sourceTree = "<group>"; fileEncoding = 4; path = "NSNumber+XTest.m";}; C454942CA4F47DAC792AADD8 = {name = CustomTemplate; isa = PBXGroup; sourceTree = "<group>"; children = (260FB8736BC965BBAEDDFDBE, 4591D3BC73F6787327FB6F2F, A29CE5C6753045A64F3A7818, 23DAD17DFB7B12FCC27E1083, 6349D6F000004BD6722EF643, B6BE7A09D118B5425C38D26C, 7C459189CD86CA89BAED68E2, ABF0F61619EFFB9F57925B77, 0C8E8C3F2ACE72519B2891D6);}; 83AAC33583F02015E369C986 = {isa = PBXFileReference; lastKnownFileType = "sourcecode.c.objc"; sourceTree = "<group>"; fileEncoding = 4; path = "NSData+XTest.m";}; 46F2DB084D2A1051770D36AA = {isa = PBXGroup; sourceTree = "<group>"; children = (9FDB2DCBC9122A0FC5D7EC22, F8C7D5DB97A2F2AC34086398, 25217EF2A5F2A7273B6DFE6E, 3B1A39F71A1FF7249DC063A9, 15E4AA1365BF7B7D355ADFD5, 970DACD1ED8154BFABDDEA58, 251AD2FE00B6CB7B9942792A, 4C8952254746702E23F86F70, 2101860EE6D4A2362335F66A, E62C32824C990786373A4982, 568F2B00F3D4B078838737C0, 4684B7A5F428657074EE1B75, B155B1F4CBA700CD5FE3ABF6, DE043EA7279E9CCA3CCD2159, AA4B1A558CCF32F0A8E243B3, 3B66DC0C1C7264C235EE0C76); path = shared;}; 0C8E8C3F2ACE72519B2891D6 = {name = Frameworks; isa = PBXGroup; sourceTree = "<group>"; children = (3E917FF46004BC1EB1161BBD);}; 0E62A273234F12ABB5AC36AA = {isa = PBXFileReference; lastKnownFileType = file; sourceTree = "<group>"; path = "XArray.d";}; E6DCDBBA9A6FF3C34723B60B = {isa = PBXBuildFile; fileRef = 62C8C281D169E56A4C8F1847;}; 70B5C333865CB8A10927A223 = {name = Release; isa = XCBuildConfiguration; buildSettings = {WRAPPER_EXTENSION = framework; FRAMEWORK_VERSION = A; ALWAYS_SEARCH_USER_PATHS = NO; GCC_PREFIX_HEADER = "source/FrameworkXCore_Prefix.pch"; DEBUG_INFORMATION_FORMAT = "dwarf-with-dsym"; GCC_PRECOMPILE_PREFIX_HEADER = YES; GCC_MODEL_TUNING = G5; DYLIB_CURRENT_VERSION = 1; DYLIB_COMPATIBILITY_VERSION = 1; PRODUCT_NAME = FrameworkXCore; INFOPLIST_FILE = "Info.plist"; HEADER_SEARCH_PATHS = /usr/include/libxml2;};}; C92134BD9BFA588EB62CD6DF = {isa = PBXBuildFile; fileRef = A3AD51CB72AE92DDD1B07965;}; 669C2556E7878941737A7227 = {isa = PBXFileReference; lastKnownFileType = "sourcecode.c.h"; sourceTree = "<group>"; fileEncoding = 4; path = "XFile.h";}; B0ADEF300EFFB159BEF37267 = {isa = PBXFileReference; lastKnownFileType = "sourcecode.c.objc"; sourceTree = "<group>"; fileEncoding = 4; path = "NSMutableDictionary+XTest.m";}; C1333ECA5BF8BE178261F06F = {isa = PBXFileReference; lastKnownFileType = file; sourceTree = "<group>"; path = "NSDateFormatter+X.d";}; CCFE4AA6F8D2804D84219269 = {isa = PBXFileReference; lastKnownFileType = "sourcecode.c.objc"; sourceTree = "<group>"; fileEncoding = 4; path = "NSDate+XTest.m";}; D15F6D996C1D250493811BCE = {isa = PBXFileReference; lastKnownFileType = file; sourceTree = "<group>"; path = "NSString+X.d";}; A48D4D94FEAC8E1834D5673C = {isa = PBXFileReference; lastKnownFileType = file; sourceTree = "<group>"; path = "test_file.txt";}; 47D359A128B5580C93B67AB6 = {isa = PBXFileReference; lastKnownFileType = "sourcecode.c.objc"; sourceTree = "<group>"; fileEncoding = 4; path = "XCore.m";}; 3B66DC0C1C7264C235EE0C76 = {isa = PBXFileReference; lastKnownFileType = "sourcecode.c.objc"; sourceTree = "<group>"; fileEncoding = 4; path = "XTestCase.m";}; 69C66DD3AA6A05BA044CAC4D = {isa = PBXFileReference; lastKnownFileType = file; sourceTree = "<group>"; path = "NSDictionary+X.d";}; 68F0F81631603023D9557A5A = {isa = PBXFileReference; lastKnownFileType = "sourcecode.c.h"; sourceTree = "<group>"; fileEncoding = 4; path = "XHash.h";}; 9AF2090C46576DD417136E39 = {isa = PBXFileReference; lastKnownFileType = "sourcecode.c.h"; sourceTree = "<group>"; fileEncoding = 4; path = "NSMutableDictionary+X.h";}; 4FEBBEC63B8F2C32058CA9B9 = {isa = PBXFileReference; lastKnownFileType = "sourcecode.c.objc"; sourceTree = "<group>"; fileEncoding = 4; path = "StubbedMethodMementoCollectionTest.m";}; C878C8DBEAA878FDA190F9D8 = {isa = PBXFileReference; lastKnownFileType = "sourcecode.c.objc"; sourceTree = "<group>"; fileEncoding = 4; path = "XStringTest.m";}; C74430C3A6219187D330F3FB = {isa = PBXFileReference; lastKnownFileType = "sourcecode.c.objc"; sourceTree = "<group>"; fileEncoding = 4; path = "NSMutableString+XTest.m";}; 943817D94707EE8EE68EC316 = {isa = PBXFileReference; lastKnownFileType = "sourcecode.c.objc"; sourceTree = "<group>"; fileEncoding = 4; path = "NSMutableString+X.m";}; 9F4617287A94A6F502CCBA71 = {isa = PBXFileReference; lastKnownFileType = "sourcecode.c.h"; sourceTree = "<group>"; fileEncoding = 4; path = "NSDate+X.h";}; 85DDD0BC8FC9EDBF6DD7058F = {isa = PBXFileReference; lastKnownFileType = "sourcecode.c.objc"; sourceTree = "<group>"; fileEncoding = 4; path = "NSNull+XTest.m";}; AA4B1A558CCF32F0A8E243B3 = {isa = PBXFileReference; lastKnownFileType = "sourcecode.c.h"; sourceTree = "<group>"; fileEncoding = 4; path = "XTestCase.h";}; C48603BECF8D06FBAAD30B04 = {name = "AudioToolbox.framework"; isa = PBXFileReference; lastKnownFileType = "wrapper.framework"; sourceTree = SDKROOT; path = "System/Library/Frameworks/AudioToolbox.framework";}; 89FCEF46CB6DC41E6340895A = {isa = PBXFileReference; lastKnownFileType = "sourcecode.c.h"; sourceTree = "<group>"; fileEncoding = 4; path = "NSArray+X.h";}; B2CF63720FA8BEFF93B7665E = {buildConfigurations = (5B89BDEB3160351A27DF367B, B194B93C8029D1D614A947E1); defaultConfigurationIsVisible = 0; isa = XCConfigurationList; defaultConfigurationName = Release;}; AB321839C5F665E9F45D0DDE = {isa = PBXBuildFile; fileRef = 39BB0DA2014B7BB0E0216CBA;}; D8564A1AF92B1383EDC961C9 = {isa = PBXBuildFile; fileRef = AC973DA8A66D854AED0195AF;}; 914E14DD6C7EA52887AA8DEF = {isa = PBXFileReference; lastKnownFileType = "sourcecode.c.objc"; sourceTree = "<group>"; fileEncoding = 4; path = "NSDictionary+X.m";}; 0472F6060264BFE6510B4A42 = {isa = PBXFileReference; lastKnownFileType = "sourcecode.c.objc"; sourceTree = "<group>"; fileEncoding = 4; path = "XFileTest.m";}; EC63D1D867C559701F0FADB8 = {isa = PBXFileReference; lastKnownFileType = file; sourceTree = "<group>"; path = "display_ocunit_failures_at_end.rb";}; 78E4672631EA15520C3358E9 = {isa = PBXFileReference; lastKnownFileType = "sourcecode.c.objc"; sourceTree = "<group>"; fileEncoding = 4; path = "NSException+X.m";}; 196D722F5F956FB8181B80D7 = {isa = PBXBuildFile; fileRef = 6A6DB717D71F136B7B7DAFB9;}; 6A7F86FD1DF0A3B6AA6307F2 = {runOnlyForDeploymentPostprocesssing = 0; isa = PBXFrameworksBuildPhase; files = (F3B5230A55B258D0BA4A9F01); buildActionMask = 2147483647;}; C48513CB0103BD41FD747CE4 = {isa = PBXBuildFile; fileRef = 25268C9030D669863B727A01;}; C3F3E3BA5B15201592C652CC = {isa = PBXBuildFile; fileRef = 57682BB372812B0A37882215;}; 016E1A65CAAAEF73072AD14F = {isa = PBXBuildFile; fileRef = A5073819D23458645A5B8DFD;}; E62C32824C990786373A4982 = {isa = PBXFileReference; lastKnownFileType = "sourcecode.c.objc"; sourceTree = "<group>"; fileEncoding = 4; path = "TestHelper.m";}; 2101860EE6D4A2362335F66A = {isa = PBXFileReference; lastKnownFileType = "sourcecode.c.h"; sourceTree = "<group>"; fileEncoding = 4; path = "TestHelper.h";}; 53F2EC1D47E5D7FAFA1753D2 = {isa = PBXFileReference; lastKnownFileType = file; sourceTree = "<group>"; path = "XObject.d";}; 89EA37DF0804AEFB1D10DCB1 = {isa = PBXFileReference; lastKnownFileType = "sourcecode.c.objc"; sourceTree = "<group>"; fileEncoding = 4; path = "XHashTest.m";}; 14B1C8F024FEF440DA5C856B = {isa = PBXFileReference; lastKnownFileType = "sourcecode.c.h"; sourceTree = "<group>"; fileEncoding = 4; path = "NSData+X.h";}; 807155E97455A11A2ACD8F02 = {isa = PBXBuildFile; fileRef = 25217EF2A5F2A7273B6DFE6E;}; 095B6BD363B25BFA483F23E1 = {isa = PBXFileReference; lastKnownFileType = file; sourceTree = "<group>"; path = "XFileTest_test_file.txt";}; 251AD2FE00B6CB7B9942792A = {isa = PBXFileReference; lastKnownFileType = "sourcecode.c.objc"; sourceTree = "<group>"; fileEncoding = 4; path = "StubbedMethodMementoCollection.m";}; A166E8BCCB0E0EA057331546 = {isa = PBXFileReference; lastKnownFileType = file; sourceTree = "<group>"; path = "NSObject+X.d";}; D4AC18EC5FFA902F93552358 = {isa = PBXBuildFile; fileRef = 3B66DC0C1C7264C235EE0C76;}; BF06E2FA17F7766318F9325B = {isa = PBXFileReference; lastKnownFileType = "sourcecode.c.objc"; sourceTree = "<group>"; fileEncoding = 4; path = "XMethod.m";}; E82A0DFEFE31DB68934CB882 = {isa = PBXFileReference; lastKnownFileType = file; sourceTree = "<group>"; path = "pc.rake";}; 4288B234D860E3CB7DAB0309 = {isa = PBXFileReference; lastKnownFileType = file; sourceTree = "<group>"; path = "NSNumber+X.d";}; AA9CD024F622BE70B78BDC11 = {isa = PBXBuildFile; fileRef = 47D359A128B5580C93B67AB6;}; 6349D6F000004BD6722EF643 = {isa = PBXGroup; sourceTree = "<group>"; children = (ECEE5FCFEAD3A220250F560D); path = support;}; 9E58AB0509C588AB555D6210 = {isa = PBXFileReference; lastKnownFileType = "sourcecode.c.objc"; sourceTree = "<group>"; fileEncoding = 4; path = "XDoublet.m";}; 6A2E983A1E21F6D2A6A32219 = {isa = PBXFileReference; lastKnownFileType = file; sourceTree = "<group>"; path = "NSDate+X.d";}; B23E55B617BC7372351FEF47 = {isa = PBXFileReference; lastKnownFileType = "sourcecode.c.objc"; sourceTree = "<group>"; fileEncoding = 4; path = "XTrampoline.m";}; 71108352E88AC6BF088594CF = {isa = PBXFileReference; lastKnownFileType = file; sourceTree = "<group>"; path = "NSException+X.d";}; 6984E1219F6E63804F8CB031 = {isa = PBXFileReference; lastKnownFileType = "sourcecode.c.h"; sourceTree = "<group>"; fileEncoding = 4; path = "XImage.h";}; A5073819D23458645A5B8DFD = {isa = PBXFileReference; lastKnownFileType = "sourcecode.c.objc"; sourceTree = "<group>"; fileEncoding = 4; path = "NSDictionary+XTest.m";}; 8D3FD185025933FFBB38900E = {name = Release; isa = XCBuildConfiguration; buildSettings = {OTHER_LDFLAGS = ("-framework", Cocoa, "-framework", SenTestingKit); GCC_ENABLE_FIX_AND_CONTINUE = NO; WRAPPER_EXTENSION = octest; ALWAYS_SEARCH_USER_PATHS = NO; GCC_PREFIX_HEADER = "$(SYSTEM_LIBRARY_DIR)/Frameworks/Cocoa.framework/Headers/Cocoa.h"; COPY_PHASE_STRIP = YES; DEBUG_INFORMATION_FORMAT = "dwarf-with-dsym"; PREBINDING = NO; FRAMEWORK_SEARCH_PATHS = "$(DEVELOPER_LIBRARY_DIR)/Frameworks"; GCC_PRECOMPILE_PREFIX_HEADER = YES; GCC_MODEL_TUNING = G5; GCC_ENABLE_OBJC_EXCEPTIONS = YES; PRODUCT_NAME = UnitTests; INSTALL_PATH = "$(USER_LIBRARY_DIR)/Bundles"; INFOPLIST_FILE = "Info.plist"; HEADER_SEARCH_PATHS = /usr/include/libxml2; ZERO_LINK = NO;};}; 885AB01B73BA4513B274162D = {name = "libsqlite3.0.dylib"; isa = PBXFileReference; lastKnownFileType = "wrapper.dylib"; sourceTree = SDKROOT; path = "/usr/lib/libsqlite3.0.dylib";}; E075EFD381298F33D8EB21EE = {isa = PBXBuildFile; fileRef = D4EB574FEB41176F1C986944;}; 9B9AC4220DAD338F0ABFA578 = {isa = PBXBuildFile; fileRef = B23E55B617BC7372351FEF47;}; E66555BE2DD48CD0D202A2EC = {isa = PBXFileReference; lastKnownFileType = "sourcecode.c.h"; sourceTree = "<group>"; fileEncoding = 4; path = "_XParameterSet.h";}; 2C72445F67B35A0F4EAACCDD = {isa = PBXFileReference; lastKnownFileType = file; sourceTree = "<group>"; path = "XMethod.d";}; 47277B67F672C17AEC078F37 = {isa = PBXBuildFile; fileRef = 15E4AA1365BF7B7D355ADFD5;}; 39459B6776B955B4813E6422 = {isa = PBXBuildFile; fileRef = C74430C3A6219187D330F3FB;}; E13C6F8D2E6BC59AEEEAC901 = {isa = PBXFileReference; lastKnownFileType = file; sourceTree = "<group>"; path = "commit.rake";}; 8289F904C84CCAD0A6AD5A95 = {isa = PBXBuildFile; fileRef = 6CE8FEA648670B006A87EB18;}; 8270E55CF910E79F0D8BF264 = {isa = PBXFileReference; lastKnownFileType = file; sourceTree = "<group>"; path = "XTrampoline.d";}; 2005574AA0A7DF9CE84AF2A8 = {name = Debug; isa = XCBuildConfiguration; buildSettings = {GCC_ENABLE_FIX_AND_CONTINUE = YES; WRAPPER_EXTENSION = framework; FRAMEWORK_VERSION = A; ALWAYS_SEARCH_USER_PATHS = NO; GCC_PREFIX_HEADER = "source/FrameworkXCore_Prefix.pch"; GCC_OPTIMIZATION_LEVEL = 0; COPY_PHASE_STRIP = NO; GCC_PRECOMPILE_PREFIX_HEADER = YES; GCC_MODEL_TUNING = G5; DYLIB_CURRENT_VERSION = 1; GCC_DYNAMIC_NO_PIC = NO; DYLIB_COMPATIBILITY_VERSION = 1; PRODUCT_NAME = FrameworkXCore; INFOPLIST_FILE = "Info.plist"; HEADER_SEARCH_PATHS = /usr/include/libxml2;};}; 4A393E7079F29051FC5C0262 = {isa = PBXFileReference; lastKnownFileType = file; sourceTree = "<group>"; path = "build.rake";}; 383CA089B80546C50EE578A8 = {isa = PBXFileReference; lastKnownFileType = file; sourceTree = "<group>"; path = "FrameworkXCore_prefix.pch";}; 23DAD17DFB7B12FCC27E1083 = {isa = PBXGroup; sourceTree = "<group>"; children = (B42611984470D334093CFE46, A434B51E172BB085B28D2971, FFF40C12A03A5206E119E0BF, 383CA089B80546C50EE578A8, 827779DA818BF305565991D3, 84A06EF0D60A78FE0DFB26E4, BAFDFBB8647778035FA7F678, FFA0ACF07364751B674B1B22, 94A98D87692E3AF8CFF3C4CD, 47D359A128B5580C93B67AB6, 77DEB07EE95C053F33EF282A, 2F1F0A329231705DAFAF79C8, 9E58AB0509C588AB555D6210, 2C72445F67B35A0F4EAACCDD, 9BB24C003C923AD7C1D51C90, BF06E2FA17F7766318F9325B, 53F2EC1D47E5D7FAFA1753D2, 9C3DDECDB70B112498A3E6D1, BF86A39096750C96E53932C9, 3665D6D2D6913EB2B2C2BEF2, 537AD800B836E4396BD52749, AC973DA8A66D854AED0195AF, BE4119D6C7AA6A96BFA72ADA, 32DABA4CC2E0DC3A97E9FE25, 171F68BAD471EFDC395622DF, 8270E55CF910E79F0D8BF264, 9B732CB0536F4FDC947606F4, B23E55B617BC7372351FEF47, EBDD753F69114C4B56311846, E44A71B5ADE9CE4B8DAF9AA3, D925BAA54BB065F049F2ECB8); path = source;}; B65B92F71804D4129B465221 = {isa = PBXFileReference; lastKnownFileType = "text.plist.xml"; sourceTree = "<group>"; fileEncoding = 4; path = "TestFile.plist";}; A8F73B6D493994211767103F = {isa = PBXBuildFile; fileRef = BC70856ED9B5909DBEA6E3C2;}; 60650333C4B53C3C9137491D = {isa = PBXBuildFile; fileRef = 378645C4605094319E4F9BA8;}; C59A0AE1809673061E77F0A6 = {isa = PBXFileReference; lastKnownFileType = "sourcecode.c.h"; sourceTree = "<group>"; fileEncoding = 4; path = "NSObject+Test.h";}; CFC9F12F764B4F900A20D6C9 = {isa = PBXFileReference; lastKnownFileType = file; sourceTree = "<group>"; path = "NSInvocation+X.d";}; 9C3DDECDB70B112498A3E6D1 = {isa = PBXFileReference; lastKnownFileType = "sourcecode.c.h"; sourceTree = "<group>"; fileEncoding = 4; path = "XObject.h";}; FFA0ACF07364751B674B1B22 = {isa = PBXGroup; sourceTree = "<group>"; children = (F590B70AEABD78B51011F99C, 70527DA5C51CA03D3CB49124); path = reg_ex;}; AB6EF36A14046D8419156116 = {isa = PBXFileReference; lastKnownFileType = file; sourceTree = "<group>"; path = "test_file.txt";}; 659CEEA916C02A609A7B6065 = {isa = PBXBuildFile; fileRef = D925BAA54BB065F049F2ECB8;}; B42611984470D334093CFE46 = {isa = PBXGroup; sourceTree = "<group>"; children = (0E62A273234F12ABB5AC36AA, 6DA3BEA266AD9FEC83F0865E, D6DA76ED0E5A60DE7E2378F5, 0DCAB3E8A6644E775F0DBA6A, A63530A468C7C4DA8FBC8769, 68F0F81631603023D9557A5A, 86B96AB0F3DCEE950DC8421A); path = collections;}; 45B0ADF2228915A334B3C27B = {isa = PBXBuildFile; fileRef = 0472F6060264BFE6510B4A42;}; 588CAD72EB6FA1BE02A0DFDF = {isa = PBXBuildFile; fileRef = 4684B7A5F428657074EE1B75;}; EBDD753F69114C4B56311846 = {isa = PBXFileReference; lastKnownFileType = file; sourceTree = "<group>"; path = "XTriplet.d";}; D2D35A74E0A827B049A517C0 = {isa = PBXGroup; sourceTree = "<group>"; children = (FB786BCFAFFA46CDF901A066, 378645C4605094319E4F9BA8); path = extensions;}; C00E42887587DB5DB5A4160B = {isa = PBXBuildFile; fileRef = 82A38563673F7A7A5F8BD0D4;}; 45C9704E2F1117BD8BA7788E = {isa = PBXFileReference; lastKnownFileType = "sourcecode.c.h"; sourceTree = "<group>"; fileEncoding = 4; path = "NSException+X.h";}; 568F2B00F3D4B078838737C0 = {isa = PBXFileReference; lastKnownFileType = "sourcecode.c.h"; sourceTree = "<group>"; fileEncoding = 4; path = "XAsynchronousTestCase.h";}; 5F3404F515B4C7091BCD3942 = {name = "CoreLocation.framework"; isa = PBXFileReference; lastKnownFileType = "wrapper.framework"; sourceTree = SDKROOT; path = "System/Library/Frameworks/CoreLocation.framework";}; 8B362673D77FF6E4E58F14A9 = {isa = PBXFileReference; lastKnownFileType = file; sourceTree = "<group>"; path = "NSMutableArray+X.d";}; EFF46290D4C6DF11B611B0C9 = {isa = PBXFileReference; lastKnownFileType = file; sourceTree = "<group>"; path = "XFile.d";}; DE5DC0464C40C618E20CF719 = {isa = PBXBuildFile; fileRef = 89EA37DF0804AEFB1D10DCB1;}; 9F856D86E6C5EB7B47A1E78E = {isa = PBXBuildFile; fileRef = 943817D94707EE8EE68EC316;}; 4684B7A5F428657074EE1B75 = {isa = PBXFileReference; lastKnownFileType = "sourcecode.c.objc"; sourceTree = "<group>"; fileEncoding = 4; path = "XAsynchronousTestCase.m";}; A2ED7F6B0493AB57E5534BCE = {isa = PBXFileReference; lastKnownFileType = file; sourceTree = "<group>"; path = "XImage.d";}; 163E80F6B0FBE40371B166FD = {isa = PBXBuildFile; fileRef = BBDEBEC69DA60493F92D9D0F;}; C8221C7D7B36A90005D7C8C9 = {isa = PBXBuildFile; fileRef = 5AB57913053F134BC47E4E3F;}; AF77D08929485F4475170F7D = {isa = PBXBuildFile; fileRef = D42A5DBA01225426F6F58C7E;}; 253CEC5436A5C40404403717 = {isa = PBXFileReference; lastKnownFileType = "sourcecode.c.objc"; sourceTree = "<group>"; fileEncoding = 4; path = "NSMutableDictionary+X.m";}; A29CE5C6753045A64F3A7818 = {isa = PBXFileReference; lastKnownFileType = file; sourceTree = "<group>"; path = Rakefile;}; BE4119D6C7AA6A96BFA72ADA = {isa = PBXFileReference; lastKnownFileType = file; sourceTree = "<group>"; path = "XString.d";}; 7A0F932B880B3931004BC995 = {isa = PBXFileReference; lastKnownFileType = "sourcecode.c.h"; sourceTree = "<group>"; fileEncoding = 4; path = "NSMutableString+X.h";}; 537AD800B836E4396BD52749 = {isa = PBXFileReference; lastKnownFileType = "sourcecode.c.h"; sourceTree = "<group>"; fileEncoding = 4; path = "XQuadruplet.h";}; 6DA3BEA266AD9FEC83F0865E = {isa = PBXFileReference; lastKnownFileType = "sourcecode.c.h"; sourceTree = "<group>"; fileEncoding = 4; path = "XArray.h";}; 243ADAEE8796D3FFC3FC07F7 = {isa = PBXGroup; sourceTree = "<group>"; children = (A48D4D94FEAC8E1834D5673C, 0472F6060264BFE6510B4A42, 095B6BD363B25BFA483F23E1); path = io;}; 38166E34E6047E4CD8A2C089 = {isa = PBXBuildFile; fileRef = 81982D7E2B9C0D3FF72FC7F4;}; 81982D7E2B9C0D3FF72FC7F4 = {isa = PBXFileReference; lastKnownFileType = "sourcecode.c.objc"; sourceTree = "<group>"; fileEncoding = 4; path = "NSString+XTest.m";}; 3665D6D2D6913EB2B2C2BEF2 = {isa = PBXFileReference; lastKnownFileType = file; sourceTree = "<group>"; path = "XQuadruplet.d";}; C6AA7A5BDB837DDF4E79D36D = {name = "QuartzCore.framework"; isa = PBXFileReference; lastKnownFileType = "wrapper.framework"; sourceTree = SDKROOT; path = "System/Library/Frameworks/QuartzCore.framework";}; 6CE8FEA648670B006A87EB18 = {isa = PBXFileReference; lastKnownFileType = "sourcecode.c.objc"; sourceTree = "<group>"; fileEncoding = 4; path = "NSMutableArray+X.m";}; 1614A0E9EA1B2F4935D44CAA = {name = "Foundation.framework"; isa = PBXFileReference; lastKnownFileType = "wrapper.framework"; sourceTree = SDKROOT; path = "System/Library/Frameworks/Security.framework";}; D3BA4C58DE0237CD25CCEE82 = {name = UnitTests; isa = PBXNativeTarget; productType = "com.apple.product-type.bundle"; productReference = 93CEEFA195A1C11E4438EFA7; buildConfigurationList = 13CF6EB76D21A066885AE161; productName = UnitTests; buildRules = (); dependencies = (); buildPhases = (FA78BC9310C70328D891FD31, 6A7F86FD1DF0A3B6AA6307F2);}; 2DD3AC97E7E7A13A775206C2 = {isa = PBXBuildFile; fileRef = 867C1ED03F3C47F08A67E763;}; 8242E174BA855BF6DFD00812 = {name = "OpenGLES.framework"; isa = PBXFileReference; lastKnownFileType = "wrapper.framework"; sourceTree = SDKROOT; path = "System/Library/Frameworks/OpenGLES.framework";}; B2D4FE86E03ED5D2CA457D97 = {name = Debug; isa = XCBuildConfiguration; buildSettings = {OTHER_LDFLAGS = ("-framework", Cocoa, "-framework", SenTestingKit); GCC_ENABLE_FIX_AND_CONTINUE = NO; WRAPPER_EXTENSION = octest; ALWAYS_SEARCH_USER_PATHS = NO; GCC_PREFIX_HEADER = "$(SYSTEM_LIBRARY_DIR)/Frameworks/Cocoa.framework/Headers/Cocoa.h"; GCC_OPTIMIZATION_LEVEL = 0; COPY_PHASE_STRIP = NO; PREBINDING = NO; FRAMEWORK_SEARCH_PATHS = "$(DEVELOPER_LIBRARY_DIR)/Frameworks"; GCC_PRECOMPILE_PREFIX_HEADER = YES; GCC_MODEL_TUNING = G5; GCC_ENABLE_OBJC_EXCEPTIONS = YES; GCC_DYNAMIC_NO_PIC = NO; PRODUCT_NAME = UnitTests; INSTALL_PATH = "$(USER_LIBRARY_DIR)/Bundles"; INFOPLIST_FILE = "Info.plist"; HEADER_SEARCH_PATHS = /usr/include/libxml2;};}; FA78BC9310C70328D891FD31 = {runOnlyForDeploymentPostprocesssing = 0; isa = PBXSourcesBuildPhase; files = (6EED747E90AB6ED9539FD3EA, DE5DC0464C40C618E20CF719, C8221C7D7B36A90005D7C8C9, 488E791759F4EBDEF67FEE7B, 3B8E23B0102D37B2E3D6DE96, 016E1A65CAAAEF73072AD14F, AB321839C5F665E9F45D0DDE, 26D2B79BDE16874B87FFCA60, 48D5691A08965DEC11F68752, B551DF3612AC1AB4517AB0E0, 39459B6776B955B4813E6422, 61A476AF822EA4067489D1A1, 9BACE1CA1B273CE75F2EE69E, 678A467CCC341BA65D96338A, 38166E34E6047E4CD8A2C089, C3F3E3BA5B15201592C652CC, C5C76354A37F9AA3C202FD71, 495DCEEA4341B48A6D95BCA4, 807155E97455A11A2ACD8F02, 47277B67F672C17AEC078F37, 1EFAF1219AAF1C96EE7963C8, 10043A1F52EAD7121701CEA2, 60650333C4B53C3C9137491D, 2DC6C723362B247CBCBC8629, 7E377F71CCF46BAD1207E11C, 77390567DBD32D258A27A589, 45F041B644B45E18D8B57FFE, 588CAD72EB6FA1BE02A0DFDF, BC48BCEC5A29558543ED0C43, D4AC18EC5FFA902F93552358, 45B0ADF2228915A334B3C27B, C48513CB0103BD41FD747CE4, 163E80F6B0FBE40371B166FD, 13E83ABC5C278F699A974788); buildActionMask = 2147483647;}; 12D4F65FFDA0B9A243BA36FB = {isa = PBXFileReference; lastKnownFileType = "sourcecode.c.h"; sourceTree = "<group>"; fileEncoding = 4; path = "NSMutableArray+X.h";}; 09683D40548DC0DD70B94EF6 = {isa = PBXFileReference; lastKnownFileType = "sourcecode.c.h"; sourceTree = "<group>"; fileEncoding = 4; path = "NSInvocation+X.h";}; 25268C9030D669863B727A01 = {isa = PBXFileReference; lastKnownFileType = "sourcecode.c.objc"; sourceTree = "<group>"; fileEncoding = 4; path = "XMethodTest.m";}; 7B842B83D455E02902B6AB42 = {isa = PBXFileReference; lastKnownFileType = "sourcecode.c.objc"; sourceTree = "<group>"; fileEncoding = 4; path = "NSFileManager+XTest.m";}; 63289CDBDD0E007AF38D5E49 = {isa = PBXBuildFile; fileRef = D6DA76ED0E5A60DE7E2378F5;}; 2DC6C723362B247CBCBC8629 = {isa = PBXBuildFile; fileRef = 4FEBBEC63B8F2C32058CA9B9;}; 827779DA818BF305565991D3 = {isa = PBXGroup; sourceTree = "<group>"; children = (A2ED7F6B0493AB57E5534BCE, 6984E1219F6E63804F8CB031, D4EB574FEB41176F1C986944); path = images;}; 84A06EF0D60A78FE0DFB26E4 = {isa = PBXGroup; sourceTree = "<group>"; children = (EFF46290D4C6DF11B611B0C9, 669C2556E7878941737A7227, EA139F3DD687D396696C2BCE, E6142F59F13A38DD0C4C2D5A); path = io;}; 6F67D07047822B3B0D3B3BA7 = {isa = PBXFileReference; lastKnownFileType = "sourcecode.c.objc"; sourceTree = "<group>"; fileEncoding = 4; path = "_XParameterSet.m";}; 5746DB5034B3981D08878A32 = {name = "libxml2.2.dylib"; isa = PBXFileReference; lastKnownFileType = "wrapper.dylib"; sourceTree = SDKROOT; path = "usr/lib/libxml2.2.dylib";}; 70527DA5C51CA03D3CB49124 = {isa = PBXFileReference; lastKnownFileType = "sourcecode.c.objc"; sourceTree = "<group>"; fileEncoding = 4; path = "RegexKitLite.m";}; 4CB35A15EDD9074D70448D67 = {isa = PBXGroup; sourceTree = "<group>"; children = (5AB57913053F134BC47E4E3F, 83AAC33583F02015E369C986, CCFE4AA6F8D2804D84219269, A5073819D23458645A5B8DFD, 39BB0DA2014B7BB0E0216CBA, 7B842B83D455E02902B6AB42, 3DA24136E76B7700D4D36A3C, B0ADEF300EFFB159BEF37267, C74430C3A6219187D330F3FB, 85DDD0BC8FC9EDBF6DD7058F, ADF3B3D9BB9935196AD8B849, 515521B9934785B8C1A9DEF4, 81982D7E2B9C0D3FF72FC7F4, B65B92F71804D4129B465221); path = extensions;}; C900F38B0718981A41AEE798 = {isa = PBXGroup; sourceTree = "<group>"; children = (8D003268C438760C05E94347); path = frameworks;}; CB4AB78127D64F5AFE963C26 = {name = "FrameworkXCore.framework"; isa = PBXFileReference; lastKnownFileType = "wrapper.framework"; sourceTree = "<group>"; path = "frameworks/FrameworkXCore.framework";}; ABD1E180D11FAAC47A1C644B = {isa = PBXFileReference; lastKnownFileType = "sourcecode.c.objc"; sourceTree = "<group>"; fileEncoding = 4; path = "XArrayTest.m";};};}